// !$*UTF8*$!
{
	archiveVersion = 1;
	classes = {
	};
	objectVersion = 42;
	objects = {

/* Begin PBXBuildFile section */
		B028CAFE13B2373B00CE6535 /* ofxXmlSettings.cpp in Sources */ = {isa = PBXBuildFile; fileRef = B028CAFC13B2373B00CE6535 /* ofxXmlSettings.cpp */; };
		B028CB0913B2375500CE6535 /* tinyxml.cpp in Sources */ = {isa = PBXBuildFile; fileRef = B028CB0513B2375500CE6535 /* tinyxml.cpp */; };
		B028CB0A13B2375500CE6535 /* tinyxmlerror.cpp in Sources */ = {isa = PBXBuildFile; fileRef = B028CB0713B2375500CE6535 /* tinyxmlerror.cpp */; };
		B028CB0B13B2375500CE6535 /* tinyxmlparser.cpp in Sources */ = {isa = PBXBuildFile; fileRef = B028CB0813B2375500CE6535 /* tinyxmlparser.cpp */; };
		B02C649113F6A3F0004E9C2F /* AudioHeader.cpp in Sources */ = {isa = PBXBuildFile; fileRef = B02C644F13F6A3F0004E9C2F /* AudioHeader.cpp */; };
		B02C649213F6A3F0004E9C2F /* VideoHeader.cpp in Sources */ = {isa = PBXBuildFile; fileRef = B02C645113F6A3F0004E9C2F /* VideoHeader.cpp */; };
		B02C649313F6A3F0004E9C2F /* AudioBuffer.cpp in Sources */ = {isa = PBXBuildFile; fileRef = B02C645413F6A3F0004E9C2F /* AudioBuffer.cpp */; };
		B02C649413F6A3F0004E9C2F /* Buffer.cpp in Sources */ = {isa = PBXBuildFile; fileRef = B02C645613F6A3F0004E9C2F /* Buffer.cpp */; };
		B02C649513F6A3F0004E9C2F /* VideoBuffer.cpp in Sources */ = {isa = PBXBuildFile; fileRef = B02C645813F6A3F0004E9C2F /* VideoBuffer.cpp */; };
		B02C649613F6A3F0004E9C2F /* BaseFilter.cpp in Sources */ = {isa = PBXBuildFile; fileRef = B02C645B13F6A3F0004E9C2F /* BaseFilter.cpp */; };
		B02C649813F6A3F0004E9C2F /* VideoFilter.cpp in Sources */ = {isa = PBXBuildFile; fileRef = B02C645F13F6A3F0004E9C2F /* VideoFilter.cpp */; };
		B02C649913F6A3F0004E9C2F /* AudioFrame.cpp in Sources */ = {isa = PBXBuildFile; fileRef = B02C646213F6A3F0004E9C2F /* AudioFrame.cpp */; };
		B02C649A13F6A3F0004E9C2F /* Frame.cpp in Sources */ = {isa = PBXBuildFile; fileRef = B02C646713F6A3F0004E9C2F /* Frame.cpp */; };
		B02C649B13F6A3F0004E9C2F /* VideoFrame.cpp in Sources */ = {isa = PBXBuildFile; fileRef = B02C646913F6A3F0004E9C2F /* VideoFrame.cpp */; };
		B02C649C13F6A3F0004E9C2F /* AudioGrabber.cpp in Sources */ = {isa = PBXBuildFile; fileRef = B02C646C13F6A3F0004E9C2F /* AudioGrabber.cpp */; };
		B02C649D13F6A3F0004E9C2F /* FileGrabber.cpp in Sources */ = {isa = PBXBuildFile; fileRef = B02C646E13F6A3F0004E9C2F /* FileGrabber.cpp */; };
		B02C649E13F6A3F0004E9C2F /* VideoGrabber.cpp in Sources */ = {isa = PBXBuildFile; fileRef = B02C647013F6A3F0004E9C2F /* VideoGrabber.cpp */; };
		B02C649F13F6A3F0004E9C2F /* AudioSink.cpp in Sources */ = {isa = PBXBuildFile; fileRef = B02C647413F6A3F0004E9C2F /* AudioSink.cpp */; };
		B02C64A013F6A3F0004E9C2F /* AudioSource.cpp in Sources */ = {isa = PBXBuildFile; fileRef = B02C647613F6A3F0004E9C2F /* AudioSource.cpp */; };
		B02C64A113F6A3F0004E9C2F /* NewFrameListener.cpp in Sources */ = {isa = PBXBuildFile; fileRef = B02C647A13F6A3F0004E9C2F /* NewFrameListener.cpp */; };
		B02C64A213F6A3F0004E9C2F /* Sink.cpp in Sources */ = {isa = PBXBuildFile; fileRef = B02C647D13F6A3F0004E9C2F /* Sink.cpp */; };
		B02C64A313F6A3F0004E9C2F /* Source.cpp in Sources */ = {isa = PBXBuildFile; fileRef = B02C647F13F6A3F0004E9C2F /* Source.cpp */; };
		B02C64A413F6A3F0004E9C2F /* VideoSink.cpp in Sources */ = {isa = PBXBuildFile; fileRef = B02C648213F6A3F0004E9C2F /* VideoSink.cpp */; };
		B02C64A513F6A3F0004E9C2F /* VideoSource.cpp in Sources */ = {isa = PBXBuildFile; fileRef = B02C648413F6A3F0004E9C2F /* VideoSource.cpp */; };
		B02C64A613F6A3F0004E9C2F /* AudioRenderer.cpp in Sources */ = {isa = PBXBuildFile; fileRef = B02C648713F6A3F0004E9C2F /* AudioRenderer.cpp */; };
		B02C64A713F6A3F0004E9C2F /* MultixRenderer.cpp in Sources */ = {isa = PBXBuildFile; fileRef = B02C648913F6A3F0004E9C2F /* MultixRenderer.cpp */; };
		B02C64A813F6A3F0004E9C2F /* RecLoopRender.cpp in Sources */ = {isa = PBXBuildFile; fileRef = B02C648B13F6A3F0004E9C2F /* RecLoopRender.cpp */; };
		B02C64A913F6A3F0004E9C2F /* Renderer.cpp in Sources */ = {isa = PBXBuildFile; fileRef = B02C648D13F6A3F0004E9C2F /* Renderer.cpp */; };
		B02C64AA13F6A3F0004E9C2F /* VideoRenderer.cpp in Sources */ = {isa = PBXBuildFile; fileRef = B02C648F13F6A3F0004E9C2F /* VideoRenderer.cpp */; };
		B02C64B413F6A428004E9C2F /* ofShader.cpp in Sources */ = {isa = PBXBuildFile; fileRef = B02C64AF13F6A428004E9C2F /* ofShader.cpp */; };
		B02C64B513F6A428004E9C2F /* ofxObjCPointer.cpp in Sources */ = {isa = PBXBuildFile; fileRef = B02C64B113F6A428004E9C2F /* ofxObjCPointer.cpp */; };
		B02C64EC13F6A588004E9C2F /* OscInterface.cpp in Sources */ = {isa = PBXBuildFile; fileRef = B02C64EA13F6A588004E9C2F /* OscInterface.cpp */; };
		B02C64F513F6A59F004E9C2F /* ofxOscEventsReceiver.cpp in Sources */ = {isa = PBXBuildFile; fileRef = B02C64F313F6A59F004E9C2F /* ofxOscEventsReceiver.cpp */; };
		B0D6014713F6F2C900A51ADB /* osc.a in Frameworks */ = {isa = PBXBuildFile; fileRef = B0D6013B13F6F2C900A51ADB /* osc.a */; };
		B0D6014813F6F2C900A51ADB /* ofxOscBundle.cpp in Sources */ = {isa = PBXBuildFile; fileRef = B0D6013F13F6F2C900A51ADB /* ofxOscBundle.cpp */; };
		B0D6014913F6F2C900A51ADB /* ofxOscMessage.cpp in Sources */ = {isa = PBXBuildFile; fileRef = B0D6014113F6F2C900A51ADB /* ofxOscMessage.cpp */; };
		B0D6014A13F6F2C900A51ADB /* ofxOscReceiver.cpp in Sources */ = {isa = PBXBuildFile; fileRef = B0D6014313F6F2C900A51ADB /* ofxOscReceiver.cpp */; };
		B0D6014B13F6F2C900A51ADB /* ofxOscSender.cpp in Sources */ = {isa = PBXBuildFile; fileRef = B0D6014513F6F2C900A51ADB /* ofxOscSender.cpp */; };
		E45BE0AA0E8CC67C009D7055 /* GLee.a in Frameworks */ = {isa = PBXBuildFile; fileRef = E45BE0A90E8CC67C009D7055 /* GLee.a */; };
		E45BE2E40E8CC69C009D7055 /* rtAudio.a in Frameworks */ = {isa = PBXBuildFile; fileRef = E45BE2E30E8CC69C009D7055 /* rtAudio.a */; };
		E45BE97B0E8CC7DD009D7055 /* AGL.framework in Frameworks */ = {isa = PBXBuildFile; fileRef = E45BE9710E8CC7DD009D7055 /* AGL.framework */; };
		E45BE97C0E8CC7DD009D7055 /* ApplicationServices.framework in Frameworks */ = {isa = PBXBuildFile; fileRef = E45BE9720E8CC7DD009D7055 /* ApplicationServices.framework */; };
		E45BE97D0E8CC7DD009D7055 /* AudioToolbox.framework in Frameworks */ = {isa = PBXBuildFile; fileRef = E45BE9730E8CC7DD009D7055 /* AudioToolbox.framework */; };
		E45BE97E0E8CC7DD009D7055 /* Carbon.framework in Frameworks */ = {isa = PBXBuildFile; fileRef = E45BE9740E8CC7DD009D7055 /* Carbon.framework */; };
		E45BE97F0E8CC7DD009D7055 /* CoreAudio.framework in Frameworks */ = {isa = PBXBuildFile; fileRef = E45BE9750E8CC7DD009D7055 /* CoreAudio.framework */; };
		E45BE9800E8CC7DD009D7055 /* CoreFoundation.framework in Frameworks */ = {isa = PBXBuildFile; fileRef = E45BE9760E8CC7DD009D7055 /* CoreFoundation.framework */; };
		E45BE9810E8CC7DD009D7055 /* CoreServices.framework in Frameworks */ = {isa = PBXBuildFile; fileRef = E45BE9770E8CC7DD009D7055 /* CoreServices.framework */; };
		E45BE9830E8CC7DD009D7055 /* OpenGL.framework in Frameworks */ = {isa = PBXBuildFile; fileRef = E45BE9790E8CC7DD009D7055 /* OpenGL.framework */; };
		E45BE9840E8CC7DD009D7055 /* QuickTime.framework in Frameworks */ = {isa = PBXBuildFile; fileRef = E45BE97A0E8CC7DD009D7055 /* QuickTime.framework */; };
		E49DA7E310CD40AD0006B5A8 /* freeimage.a in Frameworks */ = {isa = PBXBuildFile; fileRef = E49DA7E210CD40AD0006B5A8 /* freeimage.a */; };
		E4B69E200A3A1BDC003C02F2 /* main.cpp in Sources */ = {isa = PBXBuildFile; fileRef = E4B69E1D0A3A1BDC003C02F2 /* main.cpp */; };
		E4B69E210A3A1BDC003C02F2 /* testApp.cpp in Sources */ = {isa = PBXBuildFile; fileRef = E4B69E1E0A3A1BDC003C02F2 /* testApp.cpp */; };
		E4C2422B10CC554B004149E2 /* openFrameworks.a in Frameworks */ = {isa = PBXBuildFile; fileRef = E4C2421E10CC549C004149E2 /* openFrameworks.a */; };
		E4C2424710CC5A17004149E2 /* AppKit.framework in Frameworks */ = {isa = PBXBuildFile; fileRef = E4C2424410CC5A17004149E2 /* AppKit.framework */; };
		E4C2424810CC5A17004149E2 /* Cocoa.framework in Frameworks */ = {isa = PBXBuildFile; fileRef = E4C2424510CC5A17004149E2 /* Cocoa.framework */; };
		E4C2424910CC5A17004149E2 /* IOKit.framework in Frameworks */ = {isa = PBXBuildFile; fileRef = E4C2424610CC5A17004149E2 /* IOKit.framework */; };
		E4C2426610CC5A78004149E2 /* GLUT.framework in Frameworks */ = {isa = PBXBuildFile; fileRef = E4C2425F10CC5A78004149E2 /* GLUT.framework */; };
		E4C2426B10CC5AA6004149E2 /* GLUT.framework in CopyFiles */ = {isa = PBXBuildFile; fileRef = E4C2425F10CC5A78004149E2 /* GLUT.framework */; };
		E4C2427F10CC5B66004149E2 /* CppUnit.a in Frameworks */ = {isa = PBXBuildFile; fileRef = E4C2427A10CC5B66004149E2 /* CppUnit.a */; };
		E4C2428010CC5B66004149E2 /* PocoFoundation.a in Frameworks */ = {isa = PBXBuildFile; fileRef = E4C2427B10CC5B66004149E2 /* PocoFoundation.a */; };
		E4C2428110CC5B66004149E2 /* PocoNet.a in Frameworks */ = {isa = PBXBuildFile; fileRef = E4C2427C10CC5B66004149E2 /* PocoNet.a */; };
		E4C2428210CC5B66004149E2 /* PocoUtil.a in Frameworks */ = {isa = PBXBuildFile; fileRef = E4C2427D10CC5B66004149E2 /* PocoUtil.a */; };
		E4C2428310CC5B66004149E2 /* PocoXML.a in Frameworks */ = {isa = PBXBuildFile; fileRef = E4C2427E10CC5B66004149E2 /* PocoXML.a */; };
		E4C2429410CC5C38004149E2 /* freetype.a in Frameworks */ = {isa = PBXBuildFile; fileRef = E4C2429310CC5C38004149E2 /* freetype.a */; };
		E4C242CD10CC650E004149E2 /* libfmodex.dylib in Frameworks */ = {isa = PBXBuildFile; fileRef = E4C242CC10CC650E004149E2 /* libfmodex.dylib */; };
		E4C2443910CC7693004149E2 /* openFrameworks-Info.plist in CopyFiles */ = {isa = PBXBuildFile; fileRef = E4B6FCAD0C3E899E008CF71C /* openFrameworks-Info.plist */; };
/* End PBXBuildFile section */

/* Begin PBXContainerItemProxy section */
		E4C2421D10CC549C004149E2 /* PBXContainerItemProxy */ = {
			isa = PBXContainerItemProxy;
			containerPortal = E4C2421610CC549C004149E2 /* openFrameworksLib.xcodeproj */;
			proxyType = 2;
			remoteGlobalIDString = E4B27C1510CBEB8E00536013;
			remoteInfo = openFrameworks;
		};
		E4C2422710CC54DA004149E2 /* PBXContainerItemProxy */ = {
			isa = PBXContainerItemProxy;
			containerPortal = E4C2421610CC549C004149E2 /* openFrameworksLib.xcodeproj */;
			proxyType = 1;
			remoteGlobalIDString = E4B27C1410CBEB8E00536013;
			remoteInfo = openFrameworks;
		};
/* End PBXContainerItemProxy section */

/* Begin PBXCopyFilesBuildPhase section */
		E4C2427710CC5ABF004149E2 /* CopyFiles */ = {
			isa = PBXCopyFilesBuildPhase;
			buildActionMask = 2147483647;
			dstPath = "";
			dstSubfolderSpec = 10;
			files = (
				E4C2426B10CC5AA6004149E2 /* GLUT.framework in CopyFiles */,
			);
			runOnlyForDeploymentPostprocessing = 0;
		};
		E4C2444710CC769B004149E2 /* CopyFiles */ = {
			isa = PBXCopyFilesBuildPhase;
			buildActionMask = 2147483647;
			dstPath = "";
			dstSubfolderSpec = 7;
			files = (
				E4C2443910CC7693004149E2 /* openFrameworks-Info.plist in CopyFiles */,
			);
			runOnlyForDeploymentPostprocessing = 0;
		};
/* End PBXCopyFilesBuildPhase section */

/* Begin PBXFileReference section */
		B028CAFC13B2373B00CE6535 /* ofxXmlSettings.cpp */ = {isa = PBXFileReference; fileEncoding = 4; lastKnownFileType = sourcecode.cpp.cpp; name = ofxXmlSettings.cpp; path = ofxXmlSettings/src/ofxXmlSettings.cpp; sourceTree = "<group>"; };
		B028CAFD13B2373B00CE6535 /* ofxXmlSettings.h */ = {isa = PBXFileReference; fileEncoding = 4; lastKnownFileType = sourcecode.c.h; name = ofxXmlSettings.h; path = ofxXmlSettings/src/ofxXmlSettings.h; sourceTree = "<group>"; };
		B028CB0513B2375500CE6535 /* tinyxml.cpp */ = {isa = PBXFileReference; fileEncoding = 4; lastKnownFileType = sourcecode.cpp.cpp; name = tinyxml.cpp; path = ofxXmlSettings/libs/tinyxml.cpp; sourceTree = "<group>"; };
		B028CB0613B2375500CE6535 /* tinyxml.h */ = {isa = PBXFileReference; fileEncoding = 4; lastKnownFileType = sourcecode.c.h; name = tinyxml.h; path = ofxXmlSettings/libs/tinyxml.h; sourceTree = "<group>"; };
		B028CB0713B2375500CE6535 /* tinyxmlerror.cpp */ = {isa = PBXFileReference; fileEncoding = 4; lastKnownFileType = sourcecode.cpp.cpp; name = tinyxmlerror.cpp; path = ofxXmlSettings/libs/tinyxmlerror.cpp; sourceTree = "<group>"; };
		B028CB0813B2375500CE6535 /* tinyxmlparser.cpp */ = {isa = PBXFileReference; fileEncoding = 4; lastKnownFileType = sourcecode.cpp.cpp; name = tinyxmlparser.cpp; path = ofxXmlSettings/libs/tinyxmlparser.cpp; sourceTree = "<group>"; };
		B02C644F13F6A3F0004E9C2F /* AudioHeader.cpp */ = {isa = PBXFileReference; fileEncoding = 4; lastKnownFileType = sourcecode.cpp.cpp; path = AudioHeader.cpp; sourceTree = "<group>"; };
		B02C645013F6A3F0004E9C2F /* AudioHeader.h */ = {isa = PBXFileReference; fileEncoding = 4; lastKnownFileType = sourcecode.c.h; path = AudioHeader.h; sourceTree = "<group>"; };
		B02C645113F6A3F0004E9C2F /* VideoHeader.cpp */ = {isa = PBXFileReference; fileEncoding = 4; lastKnownFileType = sourcecode.cpp.cpp; path = VideoHeader.cpp; sourceTree = "<group>"; };
		B02C645213F6A3F0004E9C2F /* VideoHeader.h */ = {isa = PBXFileReference; fileEncoding = 4; lastKnownFileType = sourcecode.c.h; path = VideoHeader.h; sourceTree = "<group>"; };
		B02C645413F6A3F0004E9C2F /* AudioBuffer.cpp */ = {isa = PBXFileReference; fileEncoding = 4; lastKnownFileType = sourcecode.cpp.cpp; path = AudioBuffer.cpp; sourceTree = "<group>"; };
		B02C645513F6A3F0004E9C2F /* AudioBuffer.h */ = {isa = PBXFileReference; fileEncoding = 4; lastKnownFileType = sourcecode.c.h; path = AudioBuffer.h; sourceTree = "<group>"; };
		B02C645613F6A3F0004E9C2F /* Buffer.cpp */ = {isa = PBXFileReference; fileEncoding = 4; lastKnownFileType = sourcecode.cpp.cpp; path = Buffer.cpp; sourceTree = "<group>"; };
		B02C645713F6A3F0004E9C2F /* Buffer.h */ = {isa = PBXFileReference; fileEncoding = 4; lastKnownFileType = sourcecode.c.h; path = Buffer.h; sourceTree = "<group>"; };
		B02C645813F6A3F0004E9C2F /* VideoBuffer.cpp */ = {isa = PBXFileReference; fileEncoding = 4; lastKnownFileType = sourcecode.cpp.cpp; path = VideoBuffer.cpp; sourceTree = "<group>"; };
		B02C645913F6A3F0004E9C2F /* VideoBuffer.h */ = {isa = PBXFileReference; fileEncoding = 4; lastKnownFileType = sourcecode.c.h; path = VideoBuffer.h; sourceTree = "<group>"; };
		B02C645B13F6A3F0004E9C2F /* BaseFilter.cpp */ = {isa = PBXFileReference; fileEncoding = 4; lastKnownFileType = sourcecode.cpp.cpp; path = BaseFilter.cpp; sourceTree = "<group>"; };
		B02C645C13F6A3F0004E9C2F /* BaseFilter.h */ = {isa = PBXFileReference; fileEncoding = 4; lastKnownFileType = sourcecode.c.h; path = BaseFilter.h; sourceTree = "<group>"; };
		B02C645F13F6A3F0004E9C2F /* VideoFilter.cpp */ = {isa = PBXFileReference; fileEncoding = 4; lastKnownFileType = sourcecode.cpp.cpp; path = VideoFilter.cpp; sourceTree = "<group>"; };
		B02C646013F6A3F0004E9C2F /* VideoFilter.h */ = {isa = PBXFileReference; fileEncoding = 4; lastKnownFileType = sourcecode.c.h; path = VideoFilter.h; sourceTree = "<group>"; };
		B02C646213F6A3F0004E9C2F /* AudioFrame.cpp */ = {isa = PBXFileReference; fileEncoding = 4; lastKnownFileType = sourcecode.cpp.cpp; path = AudioFrame.cpp; sourceTree = "<group>"; };
		B02C646313F6A3F0004E9C2F /* AudioFrame.h */ = {isa = PBXFileReference; fileEncoding = 4; lastKnownFileType = sourcecode.c.h; path = AudioFrame.h; sourceTree = "<group>"; };
		B02C646513F6A3F0004E9C2F /* BaseEnvelope.h */ = {isa = PBXFileReference; fileEncoding = 4; lastKnownFileType = sourcecode.c.h; path = BaseEnvelope.h; sourceTree = "<group>"; };
		B02C646613F6A3F0004E9C2F /* RaisedCosineBellEnvelope.h */ = {isa = PBXFileReference; fileEncoding = 4; lastKnownFileType = sourcecode.c.h; path = RaisedCosineBellEnvelope.h; sourceTree = "<group>"; };
		B02C646713F6A3F0004E9C2F /* Frame.cpp */ = {isa = PBXFileReference; fileEncoding = 4; lastKnownFileType = sourcecode.cpp.cpp; path = Frame.cpp; sourceTree = "<group>"; };
		B02C646813F6A3F0004E9C2F /* Frame.h */ = {isa = PBXFileReference; fileEncoding = 4; lastKnownFileType = sourcecode.c.h; path = Frame.h; sourceTree = "<group>"; };
		B02C646913F6A3F0004E9C2F /* VideoFrame.cpp */ = {isa = PBXFileReference; fileEncoding = 4; lastKnownFileType = sourcecode.cpp.cpp; path = VideoFrame.cpp; sourceTree = "<group>"; };
		B02C646A13F6A3F0004E9C2F /* VideoFrame.h */ = {isa = PBXFileReference; fileEncoding = 4; lastKnownFileType = sourcecode.c.h; path = VideoFrame.h; sourceTree = "<group>"; };
		B02C646C13F6A3F0004E9C2F /* AudioGrabber.cpp */ = {isa = PBXFileReference; fileEncoding = 4; lastKnownFileType = sourcecode.cpp.cpp; path = AudioGrabber.cpp; sourceTree = "<group>"; };
		B02C646D13F6A3F0004E9C2F /* AudioGrabber.h */ = {isa = PBXFileReference; fileEncoding = 4; lastKnownFileType = sourcecode.c.h; path = AudioGrabber.h; sourceTree = "<group>"; };
		B02C646E13F6A3F0004E9C2F /* FileGrabber.cpp */ = {isa = PBXFileReference; fileEncoding = 4; lastKnownFileType = sourcecode.cpp.cpp; path = FileGrabber.cpp; sourceTree = "<group>"; };
		B02C646F13F6A3F0004E9C2F /* FileGrabber.h */ = {isa = PBXFileReference; fileEncoding = 4; lastKnownFileType = sourcecode.c.h; path = FileGrabber.h; sourceTree = "<group>"; };
		B02C647013F6A3F0004E9C2F /* VideoGrabber.cpp */ = {isa = PBXFileReference; fileEncoding = 4; lastKnownFileType = sourcecode.cpp.cpp; path = VideoGrabber.cpp; sourceTree = "<group>"; };
		B02C647113F6A3F0004E9C2F /* VideoGrabber.h */ = {isa = PBXFileReference; fileEncoding = 4; lastKnownFileType = sourcecode.c.h; path = VideoGrabber.h; sourceTree = "<group>"; };
		B02C647413F6A3F0004E9C2F /* AudioSink.cpp */ = {isa = PBXFileReference; fileEncoding = 4; lastKnownFileType = sourcecode.cpp.cpp; path = AudioSink.cpp; sourceTree = "<group>"; };
		B02C647513F6A3F0004E9C2F /* AudioSink.h */ = {isa = PBXFileReference; fileEncoding = 4; lastKnownFileType = sourcecode.c.h; path = AudioSink.h; sourceTree = "<group>"; };
		B02C647613F6A3F0004E9C2F /* AudioSource.cpp */ = {isa = PBXFileReference; fileEncoding = 4; lastKnownFileType = sourcecode.cpp.cpp; path = AudioSource.cpp; sourceTree = "<group>"; };
		B02C647713F6A3F0004E9C2F /* AudioSource.h */ = {isa = PBXFileReference; fileEncoding = 4; lastKnownFileType = sourcecode.c.h; path = AudioSource.h; sourceTree = "<group>"; };
		B02C647913F6A3F0004E9C2F /* AudioEvents.h */ = {isa = PBXFileReference; fileEncoding = 4; lastKnownFileType = sourcecode.c.h; path = AudioEvents.h; sourceTree = "<group>"; };
		B02C647A13F6A3F0004E9C2F /* NewFrameListener.cpp */ = {isa = PBXFileReference; fileEncoding = 4; lastKnownFileType = sourcecode.cpp.cpp; path = NewFrameListener.cpp; sourceTree = "<group>"; };
		B02C647B13F6A3F0004E9C2F /* NewFrameListener.h */ = {isa = PBXFileReference; fileEncoding = 4; lastKnownFileType = sourcecode.c.h; path = NewFrameListener.h; sourceTree = "<group>"; };
		B02C647C13F6A3F0004E9C2F /* VideoEvents.h */ = {isa = PBXFileReference; fileEncoding = 4; lastKnownFileType = sourcecode.c.h; path = VideoEvents.h; sourceTree = "<group>"; };
		B02C647D13F6A3F0004E9C2F /* Sink.cpp */ = {isa = PBXFileReference; fileEncoding = 4; lastKnownFileType = sourcecode.cpp.cpp; path = Sink.cpp; sourceTree = "<group>"; };
		B02C647E13F6A3F0004E9C2F /* Sink.h */ = {isa = PBXFileReference; fileEncoding = 4; lastKnownFileType = sourcecode.c.h; path = Sink.h; sourceTree = "<group>"; };
		B02C647F13F6A3F0004E9C2F /* Source.cpp */ = {isa = PBXFileReference; fileEncoding = 4; lastKnownFileType = sourcecode.cpp.cpp; path = Source.cpp; sourceTree = "<group>"; };
		B02C648013F6A3F0004E9C2F /* Source.h */ = {isa = PBXFileReference; fileEncoding = 4; lastKnownFileType = sourcecode.c.h; path = Source.h; sourceTree = "<group>"; };
		B02C648213F6A3F0004E9C2F /* VideoSink.cpp */ = {isa = PBXFileReference; fileEncoding = 4; lastKnownFileType = sourcecode.cpp.cpp; path = VideoSink.cpp; sourceTree = "<group>"; };
		B02C648313F6A3F0004E9C2F /* VideoSink.h */ = {isa = PBXFileReference; fileEncoding = 4; lastKnownFileType = sourcecode.c.h; path = VideoSink.h; sourceTree = "<group>"; };
		B02C648413F6A3F0004E9C2F /* VideoSource.cpp */ = {isa = PBXFileReference; fileEncoding = 4; lastKnownFileType = sourcecode.cpp.cpp; path = VideoSource.cpp; sourceTree = "<group>"; };
		B02C648513F6A3F0004E9C2F /* VideoSource.h */ = {isa = PBXFileReference; fileEncoding = 4; lastKnownFileType = sourcecode.c.h; path = VideoSource.h; sourceTree = "<group>"; };
		B02C648713F6A3F0004E9C2F /* AudioRenderer.cpp */ = {isa = PBXFileReference; fileEncoding = 4; lastKnownFileType = sourcecode.cpp.cpp; path = AudioRenderer.cpp; sourceTree = "<group>"; };
		B02C648813F6A3F0004E9C2F /* AudioRenderer.h */ = {isa = PBXFileReference; fileEncoding = 4; lastKnownFileType = sourcecode.c.h; path = AudioRenderer.h; sourceTree = "<group>"; };
		B02C648913F6A3F0004E9C2F /* MultixRenderer.cpp */ = {isa = PBXFileReference; fileEncoding = 4; lastKnownFileType = sourcecode.cpp.cpp; path = MultixRenderer.cpp; sourceTree = "<group>"; };
		B02C648A13F6A3F0004E9C2F /* MultixRenderer.h */ = {isa = PBXFileReference; fileEncoding = 4; lastKnownFileType = sourcecode.c.h; path = MultixRenderer.h; sourceTree = "<group>"; };
		B02C648B13F6A3F0004E9C2F /* RecLoopRender.cpp */ = {isa = PBXFileReference; fileEncoding = 4; lastKnownFileType = sourcecode.cpp.cpp; path = RecLoopRender.cpp; sourceTree = "<group>"; };
		B02C648C13F6A3F0004E9C2F /* RecLoopRender.h */ = {isa = PBXFileReference; fileEncoding = 4; lastKnownFileType = sourcecode.c.h; path = RecLoopRender.h; sourceTree = "<group>"; };
		B02C648D13F6A3F0004E9C2F /* Renderer.cpp */ = {isa = PBXFileReference; fileEncoding = 4; lastKnownFileType = sourcecode.cpp.cpp; path = Renderer.cpp; sourceTree = "<group>"; };
		B02C648E13F6A3F0004E9C2F /* Renderer.h */ = {isa = PBXFileReference; fileEncoding = 4; lastKnownFileType = sourcecode.c.h; path = Renderer.h; sourceTree = "<group>"; };
		B02C648F13F6A3F0004E9C2F /* VideoRenderer.cpp */ = {isa = PBXFileReference; fileEncoding = 4; lastKnownFileType = sourcecode.cpp.cpp; path = VideoRenderer.cpp; sourceTree = "<group>"; };
		B02C649013F6A3F0004E9C2F /* VideoRenderer.h */ = {isa = PBXFileReference; fileEncoding = 4; lastKnownFileType = sourcecode.c.h; path = VideoRenderer.h; sourceTree = "<group>"; };
		B02C64AE13F6A428004E9C2F /* constants.h */ = {isa = PBXFileReference; fileEncoding = 4; lastKnownFileType = sourcecode.c.h; path = constants.h; sourceTree = "<group>"; };
		B02C64AF13F6A428004E9C2F /* ofShader.cpp */ = {isa = PBXFileReference; fileEncoding = 4; lastKnownFileType = sourcecode.cpp.cpp; path = ofShader.cpp; sourceTree = "<group>"; };
		B02C64B013F6A428004E9C2F /* ofShader.h */ = {isa = PBXFileReference; fileEncoding = 4; lastKnownFileType = sourcecode.c.h; path = ofShader.h; sourceTree = "<group>"; };
		B02C64B113F6A428004E9C2F /* ofxObjCPointer.cpp */ = {isa = PBXFileReference; fileEncoding = 4; lastKnownFileType = sourcecode.cpp.cpp; path = ofxObjCPointer.cpp; sourceTree = "<group>"; };
		B02C64B213F6A428004E9C2F /* ofxObjCPointer.h */ = {isa = PBXFileReference; fileEncoding = 4; lastKnownFileType = sourcecode.c.h; path = ofxObjCPointer.h; sourceTree = "<group>"; };
		B02C64B313F6A428004E9C2F /* pmUtils.h */ = {isa = PBXFileReference; fileEncoding = 4; lastKnownFileType = sourcecode.c.h; path = pmUtils.h; sourceTree = "<group>"; };
		B02C64EA13F6A588004E9C2F /* OscInterface.cpp */ = {isa = PBXFileReference; fileEncoding = 4; lastKnownFileType = sourcecode.cpp.cpp; path = OscInterface.cpp; sourceTree = "<group>"; };
		B02C64EB13F6A588004E9C2F /* OscInterface.h */ = {isa = PBXFileReference; fileEncoding = 4; lastKnownFileType = sourcecode.c.h; path = OscInterface.h; sourceTree = "<group>"; };
		B02C64F313F6A59F004E9C2F /* ofxOscEventsReceiver.cpp */ = {isa = PBXFileReference; fileEncoding = 4; lastKnownFileType = sourcecode.cpp.cpp; path = ofxOscEventsReceiver.cpp; sourceTree = "<group>"; };
		B02C64F413F6A59F004E9C2F /* ofxOscEventsReceiver.h */ = {isa = PBXFileReference; fileEncoding = 4; lastKnownFileType = sourcecode.c.h; path = ofxOscEventsReceiver.h; sourceTree = "<group>"; };
		B0673F5B13A7BE3700CB9393 /* Playmodes.h */ = {isa = PBXFileReference; fileEncoding = 4; lastKnownFileType = sourcecode.c.h; name = Playmodes.h; path = src/Playmodes.h; sourceTree = SOURCE_ROOT; };
		B0D6012613F6F2C900A51ADB /* install.xml */ = {isa = PBXFileReference; fileEncoding = 4; lastKnownFileType = text.xml; path = install.xml; sourceTree = "<group>"; };
		B0D6012B13F6F2C900A51ADB /* IpEndpointName.h */ = {isa = PBXFileReference; fileEncoding = 4; lastKnownFileType = sourcecode.c.h; path = IpEndpointName.h; sourceTree = "<group>"; };
		B0D6012C13F6F2C900A51ADB /* NetworkingUtils.h */ = {isa = PBXFileReference; fileEncoding = 4; lastKnownFileType = sourcecode.c.h; path = NetworkingUtils.h; sourceTree = "<group>"; };
		B0D6012D13F6F2C900A51ADB /* PacketListener.h */ = {isa = PBXFileReference; fileEncoding = 4; lastKnownFileType = sourcecode.c.h; path = PacketListener.h; sourceTree = "<group>"; };
		B0D6012E13F6F2C900A51ADB /* TimerListener.h */ = {isa = PBXFileReference; fileEncoding = 4; lastKnownFileType = sourcecode.c.h; path = TimerListener.h; sourceTree = "<group>"; };
		B0D6012F13F6F2C900A51ADB /* UdpSocket.h */ = {isa = PBXFileReference; fileEncoding = 4; lastKnownFileType = sourcecode.c.h; path = UdpSocket.h; sourceTree = "<group>"; };
		B0D6013113F6F2C900A51ADB /* MessageMappingOscPacketListener.h */ = {isa = PBXFileReference; fileEncoding = 4; lastKnownFileType = sourcecode.c.h; path = MessageMappingOscPacketListener.h; sourceTree = "<group>"; };
		B0D6013213F6F2C900A51ADB /* OscException.h */ = {isa = PBXFileReference; fileEncoding = 4; lastKnownFileType = sourcecode.c.h; path = OscException.h; sourceTree = "<group>"; };
		B0D6013313F6F2C900A51ADB /* OscHostEndianness.h */ = {isa = PBXFileReference; fileEncoding = 4; lastKnownFileType = sourcecode.c.h; path = OscHostEndianness.h; sourceTree = "<group>"; };
		B0D6013413F6F2C900A51ADB /* OscOutboundPacketStream.h */ = {isa = PBXFileReference; fileEncoding = 4; lastKnownFileType = sourcecode.c.h; path = OscOutboundPacketStream.h; sourceTree = "<group>"; };
		B0D6013513F6F2C900A51ADB /* OscPacketListener.h */ = {isa = PBXFileReference; fileEncoding = 4; lastKnownFileType = sourcecode.c.h; path = OscPacketListener.h; sourceTree = "<group>"; };
		B0D6013613F6F2C900A51ADB /* OscPrintReceivedElements.h */ = {isa = PBXFileReference; fileEncoding = 4; lastKnownFileType = sourcecode.c.h; path = OscPrintReceivedElements.h; sourceTree = "<group>"; };
		B0D6013713F6F2C900A51ADB /* OscReceivedElements.h */ = {isa = PBXFileReference; fileEncoding = 4; lastKnownFileType = sourcecode.c.h; path = OscReceivedElements.h; sourceTree = "<group>"; };
		B0D6013813F6F2C900A51ADB /* OscTypes.h */ = {isa = PBXFileReference; fileEncoding = 4; lastKnownFileType = sourcecode.c.h; path = OscTypes.h; sourceTree = "<group>"; };
		B0D6013B13F6F2C900A51ADB /* osc.a */ = {isa = PBXFileReference; lastKnownFileType = archive.ar; path = osc.a; sourceTree = "<group>"; };
		B0D6013D13F6F2C900A51ADB /* ofxOsc.h */ = {isa = PBXFileReference; fileEncoding = 4; lastKnownFileType = sourcecode.c.h; path = ofxOsc.h; sourceTree = "<group>"; };
		B0D6013E13F6F2C900A51ADB /* ofxOscArg.h */ = {isa = PBXFileReference; fileEncoding = 4; lastKnownFileType = sourcecode.c.h; path = ofxOscArg.h; sourceTree = "<group>"; };
		B0D6013F13F6F2C900A51ADB /* ofxOscBundle.cpp */ = {isa = PBXFileReference; fileEncoding = 4; lastKnownFileType = sourcecode.cpp.cpp; path = ofxOscBundle.cpp; sourceTree = "<group>"; };
		B0D6014013F6F2C900A51ADB /* ofxOscBundle.h */ = {isa = PBXFileReference; fileEncoding = 4; lastKnownFileType = sourcecode.c.h; path = ofxOscBundle.h; sourceTree = "<group>"; };
		B0D6014113F6F2C900A51ADB /* ofxOscMessage.cpp */ = {isa = PBXFileReference; fileEncoding = 4; lastKnownFileType = sourcecode.cpp.cpp; path = ofxOscMessage.cpp; sourceTree = "<group>"; };
		B0D6014213F6F2C900A51ADB /* ofxOscMessage.h */ = {isa = PBXFileReference; fileEncoding = 4; lastKnownFileType = sourcecode.c.h; path = ofxOscMessage.h; sourceTree = "<group>"; };
		B0D6014313F6F2C900A51ADB /* ofxOscReceiver.cpp */ = {isa = PBXFileReference; fileEncoding = 4; lastKnownFileType = sourcecode.cpp.cpp; path = ofxOscReceiver.cpp; sourceTree = "<group>"; };
		B0D6014413F6F2C900A51ADB /* ofxOscReceiver.h */ = {isa = PBXFileReference; fileEncoding = 4; lastKnownFileType = sourcecode.c.h; path = ofxOscReceiver.h; sourceTree = "<group>"; };
		B0D6014513F6F2C900A51ADB /* ofxOscSender.cpp */ = {isa = PBXFileReference; fileEncoding = 4; lastKnownFileType = sourcecode.cpp.cpp; path = ofxOscSender.cpp; sourceTree = "<group>"; };
		B0D6014613F6F2C900A51ADB /* ofxOscSender.h */ = {isa = PBXFileReference; fileEncoding = 4; lastKnownFileType = sourcecode.c.h; path = ofxOscSender.h; sourceTree = "<group>"; };
		E45BE0390E8CC647009D7055 /* FreeImage.h */ = {isa = PBXFileReference; fileEncoding = 4; lastKnownFileType = sourcecode.c.h; name = FreeImage.h; path = ../../../libs/freeimage/include/FreeImage.h; sourceTree = SOURCE_ROOT; };
		E45BE03F0E8CC650009D7055 /* fmod.h */ = {isa = PBXFileReference; fileEncoding = 4; lastKnownFileType = sourcecode.c.h; name = fmod.h; path = ../../../libs/fmodex/include/fmod.h; sourceTree = SOURCE_ROOT; };
		E45BE0400E8CC650009D7055 /* fmod.hpp */ = {isa = PBXFileReference; fileEncoding = 4; lastKnownFileType = sourcecode.cpp.h; name = fmod.hpp; path = ../../../libs/fmodex/include/fmod.hpp; sourceTree = SOURCE_ROOT; };
		E45BE0410E8CC650009D7055 /* fmod_codec.h */ = {isa = PBXFileReference; fileEncoding = 4; lastKnownFileType = sourcecode.c.h; name = fmod_codec.h; path = ../../../libs/fmodex/include/fmod_codec.h; sourceTree = SOURCE_ROOT; };
		E45BE0420E8CC650009D7055 /* fmod_dsp.h */ = {isa = PBXFileReference; fileEncoding = 4; lastKnownFileType = sourcecode.c.h; name = fmod_dsp.h; path = ../../../libs/fmodex/include/fmod_dsp.h; sourceTree = SOURCE_ROOT; };
		E45BE0430E8CC650009D7055 /* fmod_errors.h */ = {isa = PBXFileReference; fileEncoding = 4; lastKnownFileType = sourcecode.c.h; name = fmod_errors.h; path = ../../../libs/fmodex/include/fmod_errors.h; sourceTree = SOURCE_ROOT; };
		E45BE0440E8CC650009D7055 /* fmod_output.h */ = {isa = PBXFileReference; fileEncoding = 4; lastKnownFileType = sourcecode.c.h; name = fmod_output.h; path = ../../../libs/fmodex/include/fmod_output.h; sourceTree = SOURCE_ROOT; };
		E45BE0A70E8CC67C009D7055 /* GLee.h */ = {isa = PBXFileReference; fileEncoding = 4; lastKnownFileType = sourcecode.c.h; name = GLee.h; path = ../../../libs/GLee/include/GLee.h; sourceTree = SOURCE_ROOT; };
		E45BE0A90E8CC67C009D7055 /* GLee.a */ = {isa = PBXFileReference; lastKnownFileType = archive.ar; name = GLee.a; path = ../../../libs/GLee/lib/osx/GLee.a; sourceTree = SOURCE_ROOT; };
		E45BE2E00E8CC69C009D7055 /* RtAudio.h */ = {isa = PBXFileReference; fileEncoding = 4; lastKnownFileType = sourcecode.c.h; name = RtAudio.h; path = ../../../libs/rtAudio/include/RtAudio.h; sourceTree = SOURCE_ROOT; };
		E45BE2E10E8CC69C009D7055 /* RtError.h */ = {isa = PBXFileReference; fileEncoding = 4; lastKnownFileType = sourcecode.c.h; name = RtError.h; path = ../../../libs/rtAudio/include/RtError.h; sourceTree = SOURCE_ROOT; };
		E45BE2E30E8CC69C009D7055 /* rtAudio.a */ = {isa = PBXFileReference; lastKnownFileType = archive.ar; name = rtAudio.a; path = ../../../libs/rtAudio/lib/osx/rtAudio.a; sourceTree = SOURCE_ROOT; };
		E45BE9710E8CC7DD009D7055 /* AGL.framework */ = {isa = PBXFileReference; lastKnownFileType = wrapper.framework; name = AGL.framework; path = /System/Library/Frameworks/AGL.framework; sourceTree = "<absolute>"; };
		E45BE9720E8CC7DD009D7055 /* ApplicationServices.framework */ = {isa = PBXFileReference; lastKnownFileType = wrapper.framework; name = ApplicationServices.framework; path = /System/Library/Frameworks/ApplicationServices.framework; sourceTree = "<absolute>"; };
		E45BE9730E8CC7DD009D7055 /* AudioToolbox.framework */ = {isa = PBXFileReference; lastKnownFileType = wrapper.framework; name = AudioToolbox.framework; path = /System/Library/Frameworks/AudioToolbox.framework; sourceTree = "<absolute>"; };
		E45BE9740E8CC7DD009D7055 /* Carbon.framework */ = {isa = PBXFileReference; lastKnownFileType = wrapper.framework; name = Carbon.framework; path = /System/Library/Frameworks/Carbon.framework; sourceTree = "<absolute>"; };
		E45BE9750E8CC7DD009D7055 /* CoreAudio.framework */ = {isa = PBXFileReference; lastKnownFileType = wrapper.framework; name = CoreAudio.framework; path = /System/Library/Frameworks/CoreAudio.framework; sourceTree = "<absolute>"; };
		E45BE9760E8CC7DD009D7055 /* CoreFoundation.framework */ = {isa = PBXFileReference; lastKnownFileType = wrapper.framework; name = CoreFoundation.framework; path = /System/Library/Frameworks/CoreFoundation.framework; sourceTree = "<absolute>"; };
		E45BE9770E8CC7DD009D7055 /* CoreServices.framework */ = {isa = PBXFileReference; lastKnownFileType = wrapper.framework; name = CoreServices.framework; path = /System/Library/Frameworks/CoreServices.framework; sourceTree = "<absolute>"; };
		E45BE9790E8CC7DD009D7055 /* OpenGL.framework */ = {isa = PBXFileReference; lastKnownFileType = wrapper.framework; name = OpenGL.framework; path = /System/Library/Frameworks/OpenGL.framework; sourceTree = "<absolute>"; };
		E45BE97A0E8CC7DD009D7055 /* QuickTime.framework */ = {isa = PBXFileReference; lastKnownFileType = wrapper.framework; name = QuickTime.framework; path = /System/Library/Frameworks/QuickTime.framework; sourceTree = "<absolute>"; };
		E49DA7E210CD40AD0006B5A8 /* freeimage.a */ = {isa = PBXFileReference; lastKnownFileType = archive.ar; name = freeimage.a; path = ../../../libs/FreeImage/lib/osx/freeimage.a; sourceTree = SOURCE_ROOT; };
		E4B69B5B0A3A1756003C02F2 /* allAddonsExampleDebug.app */ = {isa = PBXFileReference; explicitFileType = wrapper.application; includeInIndex = 0; path = allAddonsExampleDebug.app; sourceTree = BUILT_PRODUCTS_DIR; };
		E4B69E1D0A3A1BDC003C02F2 /* main.cpp */ = {isa = PBXFileReference; fileEncoding = 30; lastKnownFileType = sourcecode.cpp.cpp; name = main.cpp; path = src/main.cpp; sourceTree = SOURCE_ROOT; };
		E4B69E1E0A3A1BDC003C02F2 /* testApp.cpp */ = {isa = PBXFileReference; explicitFileType = sourcecode.cpp.cpp; fileEncoding = 30; name = testApp.cpp; path = src/testApp.cpp; sourceTree = SOURCE_ROOT; };
		E4B69E1F0A3A1BDC003C02F2 /* testApp.h */ = {isa = PBXFileReference; fileEncoding = 30; lastKnownFileType = sourcecode.c.h; name = testApp.h; path = src/testApp.h; sourceTree = SOURCE_ROOT; };
		E4B6FCAD0C3E899E008CF71C /* openFrameworks-Info.plist */ = {isa = PBXFileReference; fileEncoding = 30; lastKnownFileType = text.plist.xml; path = "openFrameworks-Info.plist"; sourceTree = "<group>"; };
		E4C2421610CC549C004149E2 /* openFrameworksLib.xcodeproj */ = {isa = PBXFileReference; lastKnownFileType = "wrapper.pb-project"; name = openFrameworksLib.xcodeproj; path = ../../../libs/openFrameworksCompiled/project/osx/openFrameworksLib.xcodeproj; sourceTree = SOURCE_ROOT; };
		E4C2424410CC5A17004149E2 /* AppKit.framework */ = {isa = PBXFileReference; lastKnownFileType = wrapper.framework; name = AppKit.framework; path = /System/Library/Frameworks/AppKit.framework; sourceTree = "<absolute>"; };
		E4C2424510CC5A17004149E2 /* Cocoa.framework */ = {isa = PBXFileReference; lastKnownFileType = wrapper.framework; name = Cocoa.framework; path = /System/Library/Frameworks/Cocoa.framework; sourceTree = "<absolute>"; };
		E4C2424610CC5A17004149E2 /* IOKit.framework */ = {isa = PBXFileReference; lastKnownFileType = wrapper.framework; name = IOKit.framework; path = /System/Library/Frameworks/IOKit.framework; sourceTree = "<absolute>"; };
		E4C2425F10CC5A78004149E2 /* GLUT.framework */ = {isa = PBXFileReference; lastKnownFileType = wrapper.framework; name = GLUT.framework; path = ../../../libs/glut/lib/osx/GLUT.framework; sourceTree = SOURCE_ROOT; };
		E4C2427A10CC5B66004149E2 /* CppUnit.a */ = {isa = PBXFileReference; lastKnownFileType = archive.ar; name = CppUnit.a; path = ../../../libs/poco/lib/osx/CppUnit.a; sourceTree = SOURCE_ROOT; };
		E4C2427B10CC5B66004149E2 /* PocoFoundation.a */ = {isa = PBXFileReference; lastKnownFileType = archive.ar; name = PocoFoundation.a; path = ../../../libs/poco/lib/osx/PocoFoundation.a; sourceTree = SOURCE_ROOT; };
		E4C2427C10CC5B66004149E2 /* PocoNet.a */ = {isa = PBXFileReference; lastKnownFileType = archive.ar; name = PocoNet.a; path = ../../../libs/poco/lib/osx/PocoNet.a; sourceTree = SOURCE_ROOT; };
		E4C2427D10CC5B66004149E2 /* PocoUtil.a */ = {isa = PBXFileReference; lastKnownFileType = archive.ar; name = PocoUtil.a; path = ../../../libs/poco/lib/osx/PocoUtil.a; sourceTree = SOURCE_ROOT; };
		E4C2427E10CC5B66004149E2 /* PocoXML.a */ = {isa = PBXFileReference; lastKnownFileType = archive.ar; name = PocoXML.a; path = ../../../libs/poco/lib/osx/PocoXML.a; sourceTree = SOURCE_ROOT; };
		E4C2429310CC5C38004149E2 /* freetype.a */ = {isa = PBXFileReference; lastKnownFileType = archive.ar; name = freetype.a; path = ../../../libs/freetype/lib/osx/freetype.a; sourceTree = SOURCE_ROOT; };
		E4C242CC10CC650E004149E2 /* libfmodex.dylib */ = {isa = PBXFileReference; lastKnownFileType = "compiled.mach-o.dylib"; name = libfmodex.dylib; path = ../../../libs/fmodex/lib/osx/libfmodex.dylib; sourceTree = SOURCE_ROOT; };
/* End PBXFileReference section */

/* Begin PBXFrameworksBuildPhase section */
		E4B69B590A3A1756003C02F2 /* Frameworks */ = {
			isa = PBXFrameworksBuildPhase;
			buildActionMask = 2147483647;
			files = (
				E4C2422B10CC554B004149E2 /* openFrameworks.a in Frameworks */,
				E45BE0AA0E8CC67C009D7055 /* GLee.a in Frameworks */,
				E45BE2E40E8CC69C009D7055 /* rtAudio.a in Frameworks */,
				E45BE97B0E8CC7DD009D7055 /* AGL.framework in Frameworks */,
				E45BE97C0E8CC7DD009D7055 /* ApplicationServices.framework in Frameworks */,
				E45BE97D0E8CC7DD009D7055 /* AudioToolbox.framework in Frameworks */,
				E45BE97E0E8CC7DD009D7055 /* Carbon.framework in Frameworks */,
				E45BE97F0E8CC7DD009D7055 /* CoreAudio.framework in Frameworks */,
				E45BE9800E8CC7DD009D7055 /* CoreFoundation.framework in Frameworks */,
				E45BE9810E8CC7DD009D7055 /* CoreServices.framework in Frameworks */,
				E45BE9830E8CC7DD009D7055 /* OpenGL.framework in Frameworks */,
				E45BE9840E8CC7DD009D7055 /* QuickTime.framework in Frameworks */,
				E4C2424710CC5A17004149E2 /* AppKit.framework in Frameworks */,
				E4C2424810CC5A17004149E2 /* Cocoa.framework in Frameworks */,
				E4C2424910CC5A17004149E2 /* IOKit.framework in Frameworks */,
				E4C2426610CC5A78004149E2 /* GLUT.framework in Frameworks */,
				E4C2427F10CC5B66004149E2 /* CppUnit.a in Frameworks */,
				E4C2428010CC5B66004149E2 /* PocoFoundation.a in Frameworks */,
				E4C2428110CC5B66004149E2 /* PocoNet.a in Frameworks */,
				E4C2428210CC5B66004149E2 /* PocoUtil.a in Frameworks */,
				E4C2428310CC5B66004149E2 /* PocoXML.a in Frameworks */,
				E4C2429410CC5C38004149E2 /* freetype.a in Frameworks */,
				E4C242CD10CC650E004149E2 /* libfmodex.dylib in Frameworks */,
				E49DA7E310CD40AD0006B5A8 /* freeimage.a in Frameworks */,
				B0D6014713F6F2C900A51ADB /* osc.a in Frameworks */,
			);
			runOnlyForDeploymentPostprocessing = 0;
		};
/* End PBXFrameworksBuildPhase section */

/* Begin PBXGroup section */
		B028CB1B13B237C500CE6535 /* ofxXmlSettings */ = {
			isa = PBXGroup;
			children = (
				B028CB0513B2375500CE6535 /* tinyxml.cpp */,
				B028CB0613B2375500CE6535 /* tinyxml.h */,
				B028CB0713B2375500CE6535 /* tinyxmlerror.cpp */,
				B028CB0813B2375500CE6535 /* tinyxmlparser.cpp */,
				B028CAFC13B2373B00CE6535 /* ofxXmlSettings.cpp */,
				B028CAFD13B2373B00CE6535 /* ofxXmlSettings.h */,
			);
			name = ofxXmlSettings;
			sourceTree = "<group>";
		};
		B02C63B613F6A1FC004E9C2F /* PlaymodesSrc */ = {
			isa = PBXGroup;
			children = (
				B02C64F213F6A59F004E9C2F /* ofxOscEvents */,
				B02C64E913F6A588004E9C2F /* oscControl */,
				B02C64AD13F6A428004E9C2F /* utils */,
				B02C644E13F6A3F0004E9C2F /* AVHeaders */,
				B02C645313F6A3F0004E9C2F /* buffers */,
				B02C645A13F6A3F0004E9C2F /* filters */,
				B02C646113F6A3F0004E9C2F /* frames */,
				B02C646B13F6A3F0004E9C2F /* grabbers */,
				B02C647213F6A3F0004E9C2F /* pipeline */,
				B02C648613F6A3F0004E9C2F /* renderers */,
			);
			name = PlaymodesSrc;
			sourceTree = "<group>";
		};
		B02C644E13F6A3F0004E9C2F /* AVHeaders */ = {
			isa = PBXGroup;
			children = (
				B02C644F13F6A3F0004E9C2F /* AudioHeader.cpp */,
				B02C645013F6A3F0004E9C2F /* AudioHeader.h */,
				B02C645113F6A3F0004E9C2F /* VideoHeader.cpp */,
				B02C645213F6A3F0004E9C2F /* VideoHeader.h */,
			);
			path = AVHeaders;
			sourceTree = "<group>";
		};
		B02C645313F6A3F0004E9C2F /* buffers */ = {
			isa = PBXGroup;
			children = (
				B02C645413F6A3F0004E9C2F /* AudioBuffer.cpp */,
				B02C645513F6A3F0004E9C2F /* AudioBuffer.h */,
				B02C645613F6A3F0004E9C2F /* Buffer.cpp */,
				B02C645713F6A3F0004E9C2F /* Buffer.h */,
				B02C645813F6A3F0004E9C2F /* VideoBuffer.cpp */,
				B02C645913F6A3F0004E9C2F /* VideoBuffer.h */,
			);
			path = buffers;
			sourceTree = "<group>";
		};
		B02C645A13F6A3F0004E9C2F /* filters */ = {
			isa = PBXGroup;
			children = (
				B02C645B13F6A3F0004E9C2F /* BaseFilter.cpp */,
				B02C645C13F6A3F0004E9C2F /* BaseFilter.h */,
				B02C645F13F6A3F0004E9C2F /* VideoFilter.cpp */,
				B02C646013F6A3F0004E9C2F /* VideoFilter.h */,
			);
			path = filters;
			sourceTree = "<group>";
		};
		B02C646113F6A3F0004E9C2F /* frames */ = {
			isa = PBXGroup;
			children = (
				B02C646213F6A3F0004E9C2F /* AudioFrame.cpp */,
				B02C646313F6A3F0004E9C2F /* AudioFrame.h */,
				B02C646413F6A3F0004E9C2F /* envelopes */,
				B02C646713F6A3F0004E9C2F /* Frame.cpp */,
				B02C646813F6A3F0004E9C2F /* Frame.h */,
				B02C646913F6A3F0004E9C2F /* VideoFrame.cpp */,
				B02C646A13F6A3F0004E9C2F /* VideoFrame.h */,
			);
			path = frames;
			sourceTree = "<group>";
		};
		B02C646413F6A3F0004E9C2F /* envelopes */ = {
			isa = PBXGroup;
			children = (
				B02C646513F6A3F0004E9C2F /* BaseEnvelope.h */,
				B02C646613F6A3F0004E9C2F /* RaisedCosineBellEnvelope.h */,
			);
			path = envelopes;
			sourceTree = "<group>";
		};
		B02C646B13F6A3F0004E9C2F /* grabbers */ = {
			isa = PBXGroup;
			children = (
				B02C646C13F6A3F0004E9C2F /* AudioGrabber.cpp */,
				B02C646D13F6A3F0004E9C2F /* AudioGrabber.h */,
				B02C646E13F6A3F0004E9C2F /* FileGrabber.cpp */,
				B02C646F13F6A3F0004E9C2F /* FileGrabber.h */,
				B02C647013F6A3F0004E9C2F /* VideoGrabber.cpp */,
				B02C647113F6A3F0004E9C2F /* VideoGrabber.h */,
			);
			path = grabbers;
			sourceTree = "<group>";
		};
		B02C647213F6A3F0004E9C2F /* pipeline */ = {
			isa = PBXGroup;
			children = (
				B02C647313F6A3F0004E9C2F /* audio */,
				B02C647813F6A3F0004E9C2F /* events */,
				B02C647D13F6A3F0004E9C2F /* Sink.cpp */,
				B02C647E13F6A3F0004E9C2F /* Sink.h */,
				B02C647F13F6A3F0004E9C2F /* Source.cpp */,
				B02C648013F6A3F0004E9C2F /* Source.h */,
				B02C648113F6A3F0004E9C2F /* video */,
			);
			path = pipeline;
			sourceTree = "<group>";
		};
		B02C647313F6A3F0004E9C2F /* audio */ = {
			isa = PBXGroup;
			children = (
				B02C647413F6A3F0004E9C2F /* AudioSink.cpp */,
				B02C647513F6A3F0004E9C2F /* AudioSink.h */,
				B02C647613F6A3F0004E9C2F /* AudioSource.cpp */,
				B02C647713F6A3F0004E9C2F /* AudioSource.h */,
			);
			path = audio;
			sourceTree = "<group>";
		};
		B02C647813F6A3F0004E9C2F /* events */ = {
			isa = PBXGroup;
			children = (
				B02C647913F6A3F0004E9C2F /* AudioEvents.h */,
				B02C647A13F6A3F0004E9C2F /* NewFrameListener.cpp */,
				B02C647B13F6A3F0004E9C2F /* NewFrameListener.h */,
				B02C647C13F6A3F0004E9C2F /* VideoEvents.h */,
			);
			path = events;
			sourceTree = "<group>";
		};
		B02C648113F6A3F0004E9C2F /* video */ = {
			isa = PBXGroup;
			children = (
				B02C648213F6A3F0004E9C2F /* VideoSink.cpp */,
				B02C648313F6A3F0004E9C2F /* VideoSink.h */,
				B02C648413F6A3F0004E9C2F /* VideoSource.cpp */,
				B02C648513F6A3F0004E9C2F /* VideoSource.h */,
			);
			path = video;
			sourceTree = "<group>";
		};
		B02C648613F6A3F0004E9C2F /* renderers */ = {
			isa = PBXGroup;
			children = (
				B02C648713F6A3F0004E9C2F /* AudioRenderer.cpp */,
				B02C648813F6A3F0004E9C2F /* AudioRenderer.h */,
				B02C648913F6A3F0004E9C2F /* MultixRenderer.cpp */,
				B02C648A13F6A3F0004E9C2F /* MultixRenderer.h */,
				B02C648B13F6A3F0004E9C2F /* RecLoopRender.cpp */,
				B02C648C13F6A3F0004E9C2F /* RecLoopRender.h */,
				B02C648D13F6A3F0004E9C2F /* Renderer.cpp */,
				B02C648E13F6A3F0004E9C2F /* Renderer.h */,
				B02C648F13F6A3F0004E9C2F /* VideoRenderer.cpp */,
				B02C649013F6A3F0004E9C2F /* VideoRenderer.h */,
			);
			path = renderers;
			sourceTree = "<group>";
		};
		B02C64AD13F6A428004E9C2F /* utils */ = {
			isa = PBXGroup;
			children = (
				B02C64AE13F6A428004E9C2F /* constants.h */,
				B02C64AF13F6A428004E9C2F /* ofShader.cpp */,
				B02C64B013F6A428004E9C2F /* ofShader.h */,
				B02C64B113F6A428004E9C2F /* ofxObjCPointer.cpp */,
				B02C64B213F6A428004E9C2F /* ofxObjCPointer.h */,
				B02C64B313F6A428004E9C2F /* pmUtils.h */,
			);
			path = utils;
			sourceTree = "<group>";
		};
		B02C64E913F6A588004E9C2F /* oscControl */ = {
			isa = PBXGroup;
			children = (
				B02C64EA13F6A588004E9C2F /* OscInterface.cpp */,
				B02C64EB13F6A588004E9C2F /* OscInterface.h */,
			);
			path = oscControl;
			sourceTree = "<group>";
		};
		B02C64F213F6A59F004E9C2F /* ofxOscEvents */ = {
			isa = PBXGroup;
			children = (
				B02C64F313F6A59F004E9C2F /* ofxOscEventsReceiver.cpp */,
				B02C64F413F6A59F004E9C2F /* ofxOscEventsReceiver.h */,
			);
			path = ofxOscEvents;
			sourceTree = "<group>";
		};
		B0D6012513F6F2C900A51ADB /* ofxOsc */ = {
			isa = PBXGroup;
			children = (
				B0D6012613F6F2C900A51ADB /* install.xml */,
				B0D6012713F6F2C900A51ADB /* libs */,
				B0D6013C13F6F2C900A51ADB /* src */,
			);
			path = ofxOsc;
			sourceTree = "<group>";
		};
		B0D6012713F6F2C900A51ADB /* libs */ = {
			isa = PBXGroup;
			children = (
				B0D6012813F6F2C900A51ADB /* oscpack */,
			);
			path = libs;
			sourceTree = "<group>";
		};
		B0D6012813F6F2C900A51ADB /* oscpack */ = {
			isa = PBXGroup;
			children = (
				B0D6012913F6F2C900A51ADB /* include */,
				B0D6013913F6F2C900A51ADB /* lib */,
			);
			path = oscpack;
			sourceTree = "<group>";
		};
		B0D6012913F6F2C900A51ADB /* include */ = {
			isa = PBXGroup;
			children = (
				B0D6012A13F6F2C900A51ADB /* ip */,
				B0D6013013F6F2C900A51ADB /* osc */,
			);
			path = include;
			sourceTree = "<group>";
		};
		B0D6012A13F6F2C900A51ADB /* ip */ = {
			isa = PBXGroup;
			children = (
				B0D6012B13F6F2C900A51ADB /* IpEndpointName.h */,
				B0D6012C13F6F2C900A51ADB /* NetworkingUtils.h */,
				B0D6012D13F6F2C900A51ADB /* PacketListener.h */,
				B0D6012E13F6F2C900A51ADB /* TimerListener.h */,
				B0D6012F13F6F2C900A51ADB /* UdpSocket.h */,
			);
			path = ip;
			sourceTree = "<group>";
		};
		B0D6013013F6F2C900A51ADB /* osc */ = {
			isa = PBXGroup;
			children = (
				B0D6013113F6F2C900A51ADB /* MessageMappingOscPacketListener.h */,
				B0D6013213F6F2C900A51ADB /* OscException.h */,
				B0D6013313F6F2C900A51ADB /* OscHostEndianness.h */,
				B0D6013413F6F2C900A51ADB /* OscOutboundPacketStream.h */,
				B0D6013513F6F2C900A51ADB /* OscPacketListener.h */,
				B0D6013613F6F2C900A51ADB /* OscPrintReceivedElements.h */,
				B0D6013713F6F2C900A51ADB /* OscReceivedElements.h */,
				B0D6013813F6F2C900A51ADB /* OscTypes.h */,
			);
			path = osc;
			sourceTree = "<group>";
		};
		B0D6013913F6F2C900A51ADB /* lib */ = {
			isa = PBXGroup;
			children = (
				B0D6013A13F6F2C900A51ADB /* osx */,
			);
			path = lib;
			sourceTree = "<group>";
		};
		B0D6013A13F6F2C900A51ADB /* osx */ = {
			isa = PBXGroup;
			children = (
				B0D6013B13F6F2C900A51ADB /* osc.a */,
			);
			path = osx;
			sourceTree = "<group>";
		};
		B0D6013C13F6F2C900A51ADB /* src */ = {
			isa = PBXGroup;
			children = (
				B0D6013D13F6F2C900A51ADB /* ofxOsc.h */,
				B0D6013E13F6F2C900A51ADB /* ofxOscArg.h */,
				B0D6013F13F6F2C900A51ADB /* ofxOscBundle.cpp */,
				B0D6014013F6F2C900A51ADB /* ofxOscBundle.h */,
				B0D6014113F6F2C900A51ADB /* ofxOscMessage.cpp */,
				B0D6014213F6F2C900A51ADB /* ofxOscMessage.h */,
				B0D6014313F6F2C900A51ADB /* ofxOscReceiver.cpp */,
				B0D6014413F6F2C900A51ADB /* ofxOscReceiver.h */,
				B0D6014513F6F2C900A51ADB /* ofxOscSender.cpp */,
				B0D6014613F6F2C900A51ADB /* ofxOscSender.h */,
			);
			path = src;
			sourceTree = "<group>";
		};
		E44665C70F5B3E03005D0BF0 /* addons */ = {
			isa = PBXGroup;
			children = (
				B0D6012513F6F2C900A51ADB /* ofxOsc */,
				B028CB1B13B237C500CE6535 /* ofxXmlSettings */,
			);
			name = addons;
			path = ../../../addons;
			sourceTree = SOURCE_ROOT;
		};
		E45BE0360E8CC5DE009D7055 /* libs */ = {
			isa = PBXGroup;
			children = (
				E45BEED60E8CCB34009D7055 /* core */,
			);
			name = libs;
			sourceTree = "<group>";
		};
		E45BE0370E8CC647009D7055 /* freeimage */ = {
			isa = PBXGroup;
			children = (
				E49DA7E110CD40AD0006B5A8 /* osx */,
				E45BE0380E8CC647009D7055 /* include */,
			);
			name = freeimage;
			path = ../../../libs/freeimage;
			sourceTree = SOURCE_ROOT;
		};
		E45BE0380E8CC647009D7055 /* include */ = {
			isa = PBXGroup;
			children = (
				E45BE0390E8CC647009D7055 /* FreeImage.h */,
			);
			name = include;
			path = ../../../libs/freeimage/include;
			sourceTree = SOURCE_ROOT;
		};
		E45BE03D0E8CC650009D7055 /* fmodex */ = {
			isa = PBXGroup;
			children = (
				E45BE03E0E8CC650009D7055 /* inc */,
				E4C2428E10CC5C18004149E2 /* osx */,
			);
			name = fmodex;
			path = ../../../libs/fmodex;
			sourceTree = SOURCE_ROOT;
		};
		E45BE03E0E8CC650009D7055 /* inc */ = {
			isa = PBXGroup;
			children = (
				E45BE03F0E8CC650009D7055 /* fmod.h */,
				E45BE0400E8CC650009D7055 /* fmod.hpp */,
				E45BE0410E8CC650009D7055 /* fmod_codec.h */,
				E45BE0420E8CC650009D7055 /* fmod_dsp.h */,
				E45BE0430E8CC650009D7055 /* fmod_errors.h */,
				E45BE0440E8CC650009D7055 /* fmod_output.h */,
			);
			name = inc;
			path = ../../../libs/fmodex/include;
			sourceTree = SOURCE_ROOT;
		};
		E45BE0480E8CC657009D7055 /* core libraries */ = {
			isa = PBXGroup;
			children = (
				E4C2425B10CC5A78004149E2 /* glut */,
				E45BEC7B0E8CC911009D7055 /* poco */,
				E45BE2D50E8CC69C009D7055 /* rtAudio */,
				E45BE0A50E8CC67C009D7055 /* GLee */,
				E45BE0490E8CC676009D7055 /* freetype */,
				E45BE03D0E8CC650009D7055 /* fmodex */,
				E45BE0370E8CC647009D7055 /* freeimage */,
			);
			name = "core libraries";
			sourceTree = "<group>";
		};
		E45BE0490E8CC676009D7055 /* freetype */ = {
			isa = PBXGroup;
			children = (
				E4C2429210CC5C38004149E2 /* osx */,
			);
			name = freetype;
			path = ../../../libs/freetype;
			sourceTree = SOURCE_ROOT;
		};
		E45BE0A50E8CC67C009D7055 /* GLee */ = {
			isa = PBXGroup;
			children = (
				E45BE0A60E8CC67C009D7055 /* include */,
				E45BE0A80E8CC67C009D7055 /* lib */,
			);
			name = GLee;
			path = ../../../libs/GLee;
			sourceTree = SOURCE_ROOT;
		};
		E45BE0A60E8CC67C009D7055 /* include */ = {
			isa = PBXGroup;
			children = (
				E45BE0A70E8CC67C009D7055 /* GLee.h */,
			);
			name = include;
			path = ../../../libs/GLee/include;
			sourceTree = SOURCE_ROOT;
		};
		E45BE0A80E8CC67C009D7055 /* lib */ = {
			isa = PBXGroup;
			children = (
				E45BE0A90E8CC67C009D7055 /* GLee.a */,
			);
			name = lib;
			path = ../../../libs/GLee/lib/osx;
			sourceTree = SOURCE_ROOT;
		};
		E45BE2D50E8CC69C009D7055 /* rtAudio */ = {
			isa = PBXGroup;
			children = (
				E45BE2D60E8CC69C009D7055 /* include */,
				E45BE2E20E8CC69C009D7055 /* lib */,
			);
			name = rtAudio;
			path = ../../../libs/rtAudio;
			sourceTree = SOURCE_ROOT;
		};
		E45BE2D60E8CC69C009D7055 /* include */ = {
			isa = PBXGroup;
			children = (
				E45BE2D70E8CC69C009D7055 /* asio */,
				E45BE2E00E8CC69C009D7055 /* RtAudio.h */,
				E45BE2E10E8CC69C009D7055 /* RtError.h */,
			);
			name = include;
			path = ../../../libs/rtAudio/include;
			sourceTree = SOURCE_ROOT;
		};
		E45BE2D70E8CC69C009D7055 /* asio */ = {
			isa = PBXGroup;
			children = (
			);
			name = asio;
			path = ../../../libs/rtAudio/include/asio;
			sourceTree = SOURCE_ROOT;
		};
		E45BE2E20E8CC69C009D7055 /* lib */ = {
			isa = PBXGroup;
			children = (
				E45BE2E30E8CC69C009D7055 /* rtAudio.a */,
			);
			name = lib;
			path = ../../../libs/rtAudio/lib/osx;
			sourceTree = SOURCE_ROOT;
		};
		E45BE5980E8CC70C009D7055 /* core frameworks */ = {
			isa = PBXGroup;
			children = (
				E4C2424410CC5A17004149E2 /* AppKit.framework */,
				E4C2424510CC5A17004149E2 /* Cocoa.framework */,
				E4C2424610CC5A17004149E2 /* IOKit.framework */,
				E45BE9710E8CC7DD009D7055 /* AGL.framework */,
				E45BE9720E8CC7DD009D7055 /* ApplicationServices.framework */,
				E45BE9730E8CC7DD009D7055 /* AudioToolbox.framework */,
				E45BE9740E8CC7DD009D7055 /* Carbon.framework */,
				E45BE9750E8CC7DD009D7055 /* CoreAudio.framework */,
				E45BE9760E8CC7DD009D7055 /* CoreFoundation.framework */,
				E45BE9770E8CC7DD009D7055 /* CoreServices.framework */,
				E45BE9790E8CC7DD009D7055 /* OpenGL.framework */,
				E45BE97A0E8CC7DD009D7055 /* QuickTime.framework */,
			);
			name = "core frameworks";
			sourceTree = "<group>";
		};
		E45BEC7B0E8CC911009D7055 /* poco */ = {
			isa = PBXGroup;
			children = (
				E4C2427910CC5B66004149E2 /* osx */,
			);
			name = poco;
			path = ../../../libs/poco;
			sourceTree = SOURCE_ROOT;
		};
		E45BEED60E8CCB34009D7055 /* core */ = {
			isa = PBXGroup;
			children = (
				E45BE0480E8CC657009D7055 /* core libraries */,
				E45BE5980E8CC70C009D7055 /* core frameworks */,
			);
			name = core;
			sourceTree = "<group>";
		};
		E49DA7E110CD40AD0006B5A8 /* osx */ = {
			isa = PBXGroup;
			children = (
				E49DA7E210CD40AD0006B5A8 /* freeimage.a */,
			);
			name = osx;
			path = ../../../libs/FreeImage/lib/osx;
			sourceTree = SOURCE_ROOT;
		};
		E4B69B4A0A3A1720003C02F2 = {
			isa = PBXGroup;
			children = (
				E4B69B5B0A3A1756003C02F2 /* allAddonsExampleDebug.app */,
				E4B6FCAD0C3E899E008CF71C /* openFrameworks-Info.plist */,
				E4B69E1C0A3A1BDC003C02F2 /* src */,
				E4C2422310CC54B6004149E2 /* openFrameworks */,
				E44665C70F5B3E03005D0BF0 /* addons */,
				E45BE0360E8CC5DE009D7055 /* libs */,
			);
			sourceTree = "<group>";
		};
		E4B69E1C0A3A1BDC003C02F2 /* src */ = {
			isa = PBXGroup;
			children = (
				B02C63B613F6A1FC004E9C2F /* PlaymodesSrc */,
				B0673F5B13A7BE3700CB9393 /* Playmodes.h */,
				E4B69E1D0A3A1BDC003C02F2 /* main.cpp */,
				E4B69E1E0A3A1BDC003C02F2 /* testApp.cpp */,
				E4B69E1F0A3A1BDC003C02F2 /* testApp.h */,
			);
			path = src;
			sourceTree = SOURCE_ROOT;
		};
		E4C2421710CC549C004149E2 /* Products */ = {
			isa = PBXGroup;
			children = (
				E4C2421E10CC549C004149E2 /* openFrameworks.a */,
			);
			name = Products;
			sourceTree = "<group>";
		};
		E4C2422310CC54B6004149E2 /* openFrameworks */ = {
			isa = PBXGroup;
			children = (
				E4C2421610CC549C004149E2 /* openFrameworksLib.xcodeproj */,
			);
			name = openFrameworks;
			sourceTree = "<group>";
		};
		E4C2425B10CC5A78004149E2 /* glut */ = {
			isa = PBXGroup;
			children = (
				E4C2425D10CC5A78004149E2 /* lib */,
			);
			name = glut;
			path = ../../../libs/glut;
			sourceTree = SOURCE_ROOT;
		};
		E4C2425D10CC5A78004149E2 /* lib */ = {
			isa = PBXGroup;
			children = (
				E4C2425E10CC5A78004149E2 /* osx */,
			);
			name = lib;
			path = ../../../libs/glut/lib;
			sourceTree = SOURCE_ROOT;
		};
		E4C2425E10CC5A78004149E2 /* osx */ = {
			isa = PBXGroup;
			children = (
				E4C2425F10CC5A78004149E2 /* GLUT.framework */,
			);
			name = osx;
			path = ../../../libs/glut/lib/osx;
			sourceTree = SOURCE_ROOT;
		};
		E4C2427910CC5B66004149E2 /* osx */ = {
			isa = PBXGroup;
			children = (
				E4C2427A10CC5B66004149E2 /* CppUnit.a */,
				E4C2427B10CC5B66004149E2 /* PocoFoundation.a */,
				E4C2427C10CC5B66004149E2 /* PocoNet.a */,
				E4C2427D10CC5B66004149E2 /* PocoUtil.a */,
				E4C2427E10CC5B66004149E2 /* PocoXML.a */,
			);
			name = osx;
			path = ../../../libs/poco/lib/osx;
			sourceTree = SOURCE_ROOT;
		};
		E4C2428E10CC5C18004149E2 /* osx */ = {
			isa = PBXGroup;
			children = (
				E4C242CC10CC650E004149E2 /* libfmodex.dylib */,
			);
			name = osx;
			path = ../../../libs/fmodex/lib/osx;
			sourceTree = SOURCE_ROOT;
		};
		E4C2429210CC5C38004149E2 /* osx */ = {
			isa = PBXGroup;
			children = (
				E4C2429310CC5C38004149E2 /* freetype.a */,
			);
			name = osx;
			path = ../../../libs/freetype/lib/osx;
			sourceTree = SOURCE_ROOT;
		};
/* End PBXGroup section */

/* Begin PBXNativeTarget section */
		E4B69B5A0A3A1756003C02F2 /* allAddonsExample */ = {
			isa = PBXNativeTarget;
			buildConfigurationList = E4B69B5F0A3A1757003C02F2 /* Build configuration list for PBXNativeTarget "allAddonsExample" */;
			buildPhases = (
				E4B69B580A3A1756003C02F2 /* Sources */,
				E4B69B590A3A1756003C02F2 /* Frameworks */,
				E4B6FFFD0C3F9AB9008CF71C /* ShellScript */,
				E4C2427710CC5ABF004149E2 /* CopyFiles */,
				E4C2444710CC769B004149E2 /* CopyFiles */,
			);
			buildRules = (
			);
			dependencies = (
				E4C2422810CC54DA004149E2 /* PBXTargetDependency */,
			);
			name = allAddonsExample;
			productName = myOFApp;
			productReference = E4B69B5B0A3A1756003C02F2 /* allAddonsExampleDebug.app */;
			productType = "com.apple.product-type.application";
		};
/* End PBXNativeTarget section */

/* Begin PBXProject section */
		E4B69B4C0A3A1720003C02F2 /* Project object */ = {
			isa = PBXProject;
			buildConfigurationList = E4B69B4D0A3A1720003C02F2 /* Build configuration list for PBXProject "allAddonsExample" */;
			compatibilityVersion = "Xcode 2.4";
			developmentRegion = English;
			hasScannedForEncodings = 0;
			knownRegions = (
				English,
				Japanese,
				French,
				German,
			);
			mainGroup = E4B69B4A0A3A1720003C02F2;
			productRefGroup = E4B69B4A0A3A1720003C02F2;
			projectDirPath = "";
			projectReferences = (
				{
					ProductGroup = E4C2421710CC549C004149E2 /* Products */;
					ProjectRef = E4C2421610CC549C004149E2 /* openFrameworksLib.xcodeproj */;
				},
			);
			projectRoot = "";
			targets = (
				E4B69B5A0A3A1756003C02F2 /* allAddonsExample */,
			);
		};
/* End PBXProject section */

/* Begin PBXReferenceProxy section */
		E4C2421E10CC549C004149E2 /* openFrameworks.a */ = {
			isa = PBXReferenceProxy;
			fileType = archive.ar;
			path = openFrameworks.a;
			remoteRef = E4C2421D10CC549C004149E2 /* PBXContainerItemProxy */;
			sourceTree = BUILT_PRODUCTS_DIR;
		};
/* End PBXReferenceProxy section */

/* Begin PBXShellScriptBuildPhase section */
		E4B6FFFD0C3F9AB9008CF71C /* ShellScript */ = {
			isa = PBXShellScriptBuildPhase;
			buildActionMask = 2147483647;
			files = (
			);
			inputPaths = (
			);
			outputPaths = (
			);
			runOnlyForDeploymentPostprocessing = 0;
			shellPath = /bin/sh;
			shellScript = "cp -f ../../../libs/fmodex/lib/osx/libfmodex.dylib \"$TARGET_BUILD_DIR/$PRODUCT_NAME.app/Contents/MacOS/libfmodex.dylib\"\ninstall_name_tool -change ./libfmodex.dylib @executable_path/libfmodex.dylib \"$TARGET_BUILD_DIR/$PRODUCT_NAME.app/Contents/MacOS/$PRODUCT_NAME\" ";
		};
/* End PBXShellScriptBuildPhase section */

/* Begin PBXSourcesBuildPhase section */
		E4B69B580A3A1756003C02F2 /* Sources */ = {
			isa = PBXSourcesBuildPhase;
			buildActionMask = 2147483647;
			files = (
				E4B69E200A3A1BDC003C02F2 /* main.cpp in Sources */,
				E4B69E210A3A1BDC003C02F2 /* testApp.cpp in Sources */,
				B028CAFE13B2373B00CE6535 /* ofxXmlSettings.cpp in Sources */,
				B028CB0913B2375500CE6535 /* tinyxml.cpp in Sources */,
				B028CB0A13B2375500CE6535 /* tinyxmlerror.cpp in Sources */,
				B028CB0B13B2375500CE6535 /* tinyxmlparser.cpp in Sources */,
				B02C649113F6A3F0004E9C2F /* AudioHeader.cpp in Sources */,
				B02C649213F6A3F0004E9C2F /* VideoHeader.cpp in Sources */,
				B02C649313F6A3F0004E9C2F /* AudioBuffer.cpp in Sources */,
				B02C649413F6A3F0004E9C2F /* Buffer.cpp in Sources */,
				B02C649513F6A3F0004E9C2F /* VideoBuffer.cpp in Sources */,
				B02C649613F6A3F0004E9C2F /* BaseFilter.cpp in Sources */,
				B02C649813F6A3F0004E9C2F /* VideoFilter.cpp in Sources */,
				B02C649913F6A3F0004E9C2F /* AudioFrame.cpp in Sources */,
				B02C649A13F6A3F0004E9C2F /* Frame.cpp in Sources */,
				B02C649B13F6A3F0004E9C2F /* VideoFrame.cpp in Sources */,
				B02C649C13F6A3F0004E9C2F /* AudioGrabber.cpp in Sources */,
				B02C649D13F6A3F0004E9C2F /* FileGrabber.cpp in Sources */,
				B02C649E13F6A3F0004E9C2F /* VideoGrabber.cpp in Sources */,
				B02C649F13F6A3F0004E9C2F /* AudioSink.cpp in Sources */,
				B02C64A013F6A3F0004E9C2F /* AudioSource.cpp in Sources */,
				B02C64A113F6A3F0004E9C2F /* NewFrameListener.cpp in Sources */,
				B02C64A213F6A3F0004E9C2F /* Sink.cpp in Sources */,
				B02C64A313F6A3F0004E9C2F /* Source.cpp in Sources */,
				B02C64A413F6A3F0004E9C2F /* VideoSink.cpp in Sources */,
				B02C64A513F6A3F0004E9C2F /* VideoSource.cpp in Sources */,
				B02C64A613F6A3F0004E9C2F /* AudioRenderer.cpp in Sources */,
				B02C64A713F6A3F0004E9C2F /* MultixRenderer.cpp in Sources */,
				B02C64A813F6A3F0004E9C2F /* RecLoopRender.cpp in Sources */,
				B02C64A913F6A3F0004E9C2F /* Renderer.cpp in Sources */,
				B02C64AA13F6A3F0004E9C2F /* VideoRenderer.cpp in Sources */,
				B02C64B413F6A428004E9C2F /* ofShader.cpp in Sources */,
				B02C64B513F6A428004E9C2F /* ofxObjCPointer.cpp in Sources */,
				B02C64EC13F6A588004E9C2F /* OscInterface.cpp in Sources */,
				B02C64F513F6A59F004E9C2F /* ofxOscEventsReceiver.cpp in Sources */,
				B0D6014813F6F2C900A51ADB /* ofxOscBundle.cpp in Sources */,
				B0D6014913F6F2C900A51ADB /* ofxOscMessage.cpp in Sources */,
				B0D6014A13F6F2C900A51ADB /* ofxOscReceiver.cpp in Sources */,
				B0D6014B13F6F2C900A51ADB /* ofxOscSender.cpp in Sources */,
			);
			runOnlyForDeploymentPostprocessing = 0;
		};
/* End PBXSourcesBuildPhase section */

/* Begin PBXTargetDependency section */
		E4C2422810CC54DA004149E2 /* PBXTargetDependency */ = {
			isa = PBXTargetDependency;
			name = openFrameworks;
			targetProxy = E4C2422710CC54DA004149E2 /* PBXContainerItemProxy */;
		};
/* End PBXTargetDependency section */

/* Begin XCBuildConfiguration section */
		E4B27CA010CBF8A600536013 /* ReleaseUniversal */ = {
			isa = XCBuildConfiguration;
			buildSettings = {
				ARCHS = "$(ARCHS_STANDARD_32_BIT_PRE_XCODE_3_1)";
				ARCHS_STANDARD_32_BIT_PRE_XCODE_3_1 = "ppc i386";
				CONFIGURATION_BUILD_DIR = "$(SRCROOT)/bin/";
				COPY_PHASE_STRIP = YES;
				DEAD_CODE_STRIPPING = YES;
				GCC_AUTO_VECTORIZATION = YES;
				GCC_ENABLE_SSE3_EXTENSIONS = YES;
				GCC_ENABLE_SUPPLEMENTAL_SSE3_INSTRUCTIONS = YES;
				GCC_INLINES_ARE_PRIVATE_EXTERN = NO;
				GCC_MODEL_TUNING = G5;
				GCC_OPTIMIZATION_LEVEL = 3;
				GCC_SYMBOLS_PRIVATE_EXTERN = NO;
				GCC_UNROLL_LOOPS = YES;
				GCC_VERSION = 4.0;
				GCC_WARN_ABOUT_DEPRECATED_FUNCTIONS = NO;
				GCC_WARN_ABOUT_INVALID_OFFSETOF_MACRO = NO;
				GCC_WARN_ALLOW_INCOMPLETE_PROTOCOL = NO;
				GCC_WARN_UNINITIALIZED_AUTOS = NO;
				GCC_WARN_UNUSED_VALUE = NO;
				GCC_WARN_UNUSED_VARIABLE = NO;
				HEADER_SEARCH_PATHS = (
					"../../../libs/openFrameworks/**",
					../../../libs/freetype/include/,
					../../../libs/freetype/include/freetype2,
					../../../libs/poco/include,
					../../../addons/,
				);
				OTHER_CPLUSPLUSFLAGS = (
					"-D__MACOSX_CORE__",
					"-lpthread",
				);
				OTHER_LDFLAGS = "";
			};
			name = ReleaseUniversal;
		};
		E4B27CA110CBF8A600536013 /* ReleaseUniversal */ = {
			isa = XCBuildConfiguration;
			buildSettings = {
				COPY_PHASE_STRIP = YES;
				FRAMEWORK_SEARCH_PATHS = (
					"$(inherited)",
					"$(FRAMEWORK_SEARCH_PATHS_QUOTED_FOR_TARGET_1)",
				);
				FRAMEWORK_SEARCH_PATHS_QUOTED_FOR_TARGET_1 = "\"$(SRCROOT)/../../../libs/glut/lib/osx\"";
				GCC_ENABLE_FIX_AND_CONTINUE = NO;
				GCC_GENERATE_DEBUGGING_SYMBOLS = NO;
				GCC_MODEL_TUNING = G4;
				GCC_PRECOMPILE_PREFIX_HEADER = YES;
				GCC_PREFIX_HEADER = "$(SYSTEM_LIBRARY_DIR)/Frameworks/Carbon.framework/Headers/Carbon.h";
				INFOPLIST_FILE = "openFrameworks-Info.plist";
				INSTALL_PATH = "$(HOME)/Applications";
				LIBRARY_SEARCH_PATHS = (
					"$(inherited)",
					"$(LIBRARY_SEARCH_PATHS_QUOTED_FOR_TARGET_1)",
					"$(LIBRARY_SEARCH_PATHS_QUOTED_FOR_TARGET_2)",
					"$(LIBRARY_SEARCH_PATHS_QUOTED_FOR_TARGET_3)",
					"$(LIBRARY_SEARCH_PATHS_QUOTED_FOR_TARGET_4)",
					"$(LIBRARY_SEARCH_PATHS_QUOTED_FOR_TARGET_5)",
					"$(LIBRARY_SEARCH_PATHS_QUOTED_FOR_TARGET_6)",
					"$(LIBRARY_SEARCH_PATHS_QUOTED_FOR_TARGET_7)",
					"$(LIBRARY_SEARCH_PATHS_QUOTED_FOR_TARGET_8)",
					"$(LIBRARY_SEARCH_PATHS_QUOTED_FOR_TARGET_9)",
					"$(LIBRARY_SEARCH_PATHS_QUOTED_FOR_TARGET_10)",
					"$(LIBRARY_SEARCH_PATHS_QUOTED_FOR_TARGET_11)",
					"$(LIBRARY_SEARCH_PATHS_QUOTED_FOR_TARGET_12)",
					"$(LIBRARY_SEARCH_PATHS_QUOTED_FOR_TARGET_13)",
					"$(LIBRARY_SEARCH_PATHS_QUOTED_FOR_TARGET_14)",
					"$(LIBRARY_SEARCH_PATHS_QUOTED_FOR_TARGET_15)",
					"$(LIBRARY_SEARCH_PATHS_QUOTED_FOR_TARGET_9)",
					"$(LIBRARY_SEARCH_PATHS_QUOTED_1)",
				);
				LIBRARY_SEARCH_PATHS_QUOTED_1 = "\"$(SRCROOT)/../../../addons/ofxOsc/libs/oscpack/lib/osx\"";
				LIBRARY_SEARCH_PATHS_QUOTED_FOR_TARGET_1 = "\"$(SRCROOT)/../../../libs/freeimage/lib/osx\"";
				LIBRARY_SEARCH_PATHS_QUOTED_FOR_TARGET_11 = "\"$(SRCROOT)/../../../libs/poco/lib/osx\"";
				LIBRARY_SEARCH_PATHS_QUOTED_FOR_TARGET_12 = "\"$(SRCROOT)/../../../addons/ofxOpenCv/libs/opencv/lib/osx\"";
				LIBRARY_SEARCH_PATHS_QUOTED_FOR_TARGET_13 = "\"$(SRCROOT)/../../../addons/ofxOsc/libs/oscpack/lib/osx\"";
				LIBRARY_SEARCH_PATHS_QUOTED_FOR_TARGET_14 = "\"$(SRCROOT)/../../../libs/fmodex/lib/osx\"";
				LIBRARY_SEARCH_PATHS_QUOTED_FOR_TARGET_15 = "\"$(SRCROOT)/../../../libs/freetype/lib/osx\"";
				LIBRARY_SEARCH_PATHS_QUOTED_FOR_TARGET_2 = "\"$(SRCROOT)/../../../libs/fmodex/lib/osx\"";
				LIBRARY_SEARCH_PATHS_QUOTED_FOR_TARGET_3 = "\"$(SRCROOT)/../../../libs/freetype/lib/osx\"";
				LIBRARY_SEARCH_PATHS_QUOTED_FOR_TARGET_4 = "\"$(SRCROOT)/../../../libs/GLee/lib/osx\"";
				LIBRARY_SEARCH_PATHS_QUOTED_FOR_TARGET_5 = "\"$(SRCROOT)/../../../libs/poco/lib/osx\"";
				LIBRARY_SEARCH_PATHS_QUOTED_FOR_TARGET_6 = "\"$(SRCROOT)/../../../libs/rtAudio/lib/osx\"";
				LIBRARY_SEARCH_PATHS_QUOTED_FOR_TARGET_7 = "\"$(SRCROOT)/../../../addons/ofxOpenCv/libs/opencv/lib/osx\"";
				LIBRARY_SEARCH_PATHS_QUOTED_FOR_TARGET_8 = "\"$(SRCROOT)/../../../addons/ofxOsc/libs/oscpack/lib/osx\"";
				LIBRARY_SEARCH_PATHS_QUOTED_FOR_TARGET_9 = "\"$(SRCROOT)/../../../libs/FreeImage/lib/osx\"";
				PREBINDING = NO;
				PRODUCT_NAME = "$(TARGET_NAME)Universal";
				WRAPPER_EXTENSION = app;
				ZERO_LINK = NO;
			};
			name = ReleaseUniversal;
		};
		E4B69B4E0A3A1720003C02F2 /* Debug */ = {
			isa = XCBuildConfiguration;
			buildSettings = {
				ARCHS = "$(ARCHS_STANDARD_32_BIT_PRE_XCODE_3_1)";
				ARCHS_STANDARD_32_BIT_PRE_XCODE_3_1 = "ppc i386";
				CONFIGURATION_BUILD_DIR = "$(SRCROOT)/bin/";
				COPY_PHASE_STRIP = NO;
				DEAD_CODE_STRIPPING = YES;
				GCC_AUTO_VECTORIZATION = YES;
				GCC_ENABLE_SSE3_EXTENSIONS = YES;
				GCC_ENABLE_SUPPLEMENTAL_SSE3_INSTRUCTIONS = YES;
				GCC_INLINES_ARE_PRIVATE_EXTERN = NO;
				GCC_MODEL_TUNING = G5;
				GCC_SYMBOLS_PRIVATE_EXTERN = NO;
				GCC_VERSION = 4.0;
				GCC_WARN_ABOUT_DEPRECATED_FUNCTIONS = NO;
				GCC_WARN_ABOUT_INVALID_OFFSETOF_MACRO = NO;
				GCC_WARN_ALLOW_INCOMPLETE_PROTOCOL = NO;
				GCC_WARN_UNINITIALIZED_AUTOS = NO;
				GCC_WARN_UNUSED_VALUE = NO;
				GCC_WARN_UNUSED_VARIABLE = NO;
				HEADER_SEARCH_PATHS = (
					"../../../libs/openFrameworks/**",
					../../../libs/freetype/include/,
					../../../libs/freetype/include/freetype2,
					../../../libs/poco/include,
					../../../addons/,
				);
				OTHER_CPLUSPLUSFLAGS = (
					"-D__MACOSX_CORE__",
					"-lpthread",
				);
				OTHER_LDFLAGS = "";
			};
			name = Debug;
		};
		E4B69B4F0A3A1720003C02F2 /* Release */ = {
			isa = XCBuildConfiguration;
			buildSettings = {
				ARCHS = "$(ARCHS_STANDARD_32_BIT_PRE_XCODE_3_1)";
				ARCHS_STANDARD_32_BIT_PRE_XCODE_3_1 = "ppc i386";
				CONFIGURATION_BUILD_DIR = "$(SRCROOT)/bin/";
				COPY_PHASE_STRIP = YES;
				DEAD_CODE_STRIPPING = YES;
				GCC_AUTO_VECTORIZATION = YES;
				GCC_ENABLE_SSE3_EXTENSIONS = YES;
				GCC_ENABLE_SUPPLEMENTAL_SSE3_INSTRUCTIONS = YES;
				GCC_INLINES_ARE_PRIVATE_EXTERN = NO;
				GCC_MODEL_TUNING = G5;
				GCC_OPTIMIZATION_LEVEL = 3;
				GCC_SYMBOLS_PRIVATE_EXTERN = NO;
				GCC_UNROLL_LOOPS = YES;
				GCC_VERSION = 4.0;
				GCC_WARN_ABOUT_DEPRECATED_FUNCTIONS = NO;
				GCC_WARN_ABOUT_INVALID_OFFSETOF_MACRO = NO;
				GCC_WARN_ALLOW_INCOMPLETE_PROTOCOL = NO;
				GCC_WARN_UNINITIALIZED_AUTOS = NO;
				GCC_WARN_UNUSED_VALUE = NO;
				GCC_WARN_UNUSED_VARIABLE = NO;
				HEADER_SEARCH_PATHS = (
					"../../../libs/openFrameworks/**",
					../../../libs/freetype/include/,
					../../../libs/freetype/include/freetype2,
					../../../libs/poco/include,
					../../../addons/,
				);
				OTHER_CPLUSPLUSFLAGS = (
					"-D__MACOSX_CORE__",
					"-lpthread",
				);
				OTHER_LDFLAGS = "";
			};
			name = Release;
		};
		E4B69B600A3A1757003C02F2 /* Debug */ = {
			isa = XCBuildConfiguration;
			buildSettings = {
				COPY_PHASE_STRIP = NO;
				FRAMEWORK_SEARCH_PATHS = (
					"$(inherited)",
					"$(FRAMEWORK_SEARCH_PATHS_QUOTED_FOR_TARGET_1)",
				);
				FRAMEWORK_SEARCH_PATHS_QUOTED_FOR_TARGET_1 = "\"$(SRCROOT)/../../../libs/glut/lib/osx\"";
				GCC_DYNAMIC_NO_PIC = NO;
				GCC_ENABLE_FIX_AND_CONTINUE = YES;
				GCC_GENERATE_DEBUGGING_SYMBOLS = YES;
				GCC_MODEL_TUNING = G4;
				GCC_OPTIMIZATION_LEVEL = 0;
				GCC_PRECOMPILE_PREFIX_HEADER = YES;
				GCC_PREFIX_HEADER = "$(SYSTEM_LIBRARY_DIR)/Frameworks/Carbon.framework/Headers/Carbon.h";
				INFOPLIST_FILE = "openFrameworks-Info.plist";
				INSTALL_PATH = "$(HOME)/Applications";
				LIBRARY_SEARCH_PATHS = (
					"$(inherited)",
					"$(LIBRARY_SEARCH_PATHS_QUOTED_FOR_TARGET_1)",
					"$(LIBRARY_SEARCH_PATHS_QUOTED_FOR_TARGET_2)",
					"$(LIBRARY_SEARCH_PATHS_QUOTED_FOR_TARGET_3)",
					"$(LIBRARY_SEARCH_PATHS_QUOTED_FOR_TARGET_4)",
					"$(LIBRARY_SEARCH_PATHS_QUOTED_FOR_TARGET_5)",
					"$(LIBRARY_SEARCH_PATHS_QUOTED_FOR_TARGET_6)",
					"$(LIBRARY_SEARCH_PATHS_QUOTED_FOR_TARGET_7)",
					"$(LIBRARY_SEARCH_PATHS_QUOTED_FOR_TARGET_8)",
					"$(LIBRARY_SEARCH_PATHS_QUOTED_FOR_TARGET_9)",
					"$(LIBRARY_SEARCH_PATHS_QUOTED_FOR_TARGET_10)",
					"$(LIBRARY_SEARCH_PATHS_QUOTED_FOR_TARGET_11)",
					"$(LIBRARY_SEARCH_PATHS_QUOTED_FOR_TARGET_12)",
					"$(LIBRARY_SEARCH_PATHS_QUOTED_FOR_TARGET_13)",
					"$(LIBRARY_SEARCH_PATHS_QUOTED_FOR_TARGET_14)",
					"$(LIBRARY_SEARCH_PATHS_QUOTED_FOR_TARGET_15)",
					"$(LIBRARY_SEARCH_PATHS_QUOTED_FOR_TARGET_9)",
					"$(LIBRARY_SEARCH_PATHS_QUOTED_FOR_TARGET_10)",
				);
				LIBRARY_SEARCH_PATHS_QUOTED_FOR_TARGET_1 = "\"$(SRCROOT)/../../../libs/freeimage/lib/osx\"";
				LIBRARY_SEARCH_PATHS_QUOTED_FOR_TARGET_10 = "\"$(SRCROOT)/../../../addons/ofxOsc/libs/oscpack/lib/osx\"";
				LIBRARY_SEARCH_PATHS_QUOTED_FOR_TARGET_11 = "\"$(SRCROOT)/../../../libs/poco/lib/osx\"";
				LIBRARY_SEARCH_PATHS_QUOTED_FOR_TARGET_12 = "\"$(SRCROOT)/../../../addons/ofxOpenCv/libs/opencv/lib/osx\"";
				LIBRARY_SEARCH_PATHS_QUOTED_FOR_TARGET_13 = "\"$(SRCROOT)/../../../addons/ofxOsc/libs/oscpack/lib/osx\"";
				LIBRARY_SEARCH_PATHS_QUOTED_FOR_TARGET_14 = "\"$(SRCROOT)/../../../libs/fmodex/lib/osx\"";
				LIBRARY_SEARCH_PATHS_QUOTED_FOR_TARGET_15 = "\"$(SRCROOT)/../../../libs/freetype/lib/osx\"";
				LIBRARY_SEARCH_PATHS_QUOTED_FOR_TARGET_2 = "\"$(SRCROOT)/../../../libs/fmodex/lib/osx\"";
				LIBRARY_SEARCH_PATHS_QUOTED_FOR_TARGET_3 = "\"$(SRCROOT)/../../../libs/freetype/lib/osx\"";
				LIBRARY_SEARCH_PATHS_QUOTED_FOR_TARGET_4 = "\"$(SRCROOT)/../../../libs/GLee/lib/osx\"";
				LIBRARY_SEARCH_PATHS_QUOTED_FOR_TARGET_5 = "\"$(SRCROOT)/../../../libs/poco/lib/osx\"";
				LIBRARY_SEARCH_PATHS_QUOTED_FOR_TARGET_6 = "\"$(SRCROOT)/../../../libs/rtAudio/lib/osx\"";
				LIBRARY_SEARCH_PATHS_QUOTED_FOR_TARGET_7 = "\"$(SRCROOT)/../../../addons/ofxOpenCv/libs/opencv/lib/osx\"";
				LIBRARY_SEARCH_PATHS_QUOTED_FOR_TARGET_8 = "\"$(SRCROOT)/../../../addons/ofxOsc/libs/oscpack/lib/osx\"";
				LIBRARY_SEARCH_PATHS_QUOTED_FOR_TARGET_9 = "\"$(SRCROOT)/../../../libs/FreeImage/lib/osx\"";
				PREBINDING = NO;
				PRODUCT_NAME = "$(TARGET_NAME)Debug";
				WRAPPER_EXTENSION = app;
				ZERO_LINK = NO;
			};
			name = Debug;
		};
		E4B69B610A3A1757003C02F2 /* Release */ = {
			isa = XCBuildConfiguration;
			buildSettings = {
				COPY_PHASE_STRIP = YES;
				FRAMEWORK_SEARCH_PATHS = (
					"$(inherited)",
					"$(FRAMEWORK_SEARCH_PATHS_QUOTED_FOR_TARGET_1)",
				);
				FRAMEWORK_SEARCH_PATHS_QUOTED_FOR_TARGET_1 = "\"$(SRCROOT)/../../../libs/glut/lib/osx\"";
				GCC_ENABLE_FIX_AND_CONTINUE = NO;
				GCC_GENERATE_DEBUGGING_SYMBOLS = NO;
				GCC_MODEL_TUNING = G4;
				GCC_PRECOMPILE_PREFIX_HEADER = YES;
				GCC_PREFIX_HEADER = "$(SYSTEM_LIBRARY_DIR)/Frameworks/Carbon.framework/Headers/Carbon.h";
				INFOPLIST_FILE = "openFrameworks-Info.plist";
				INSTALL_PATH = "$(HOME)/Applications";
				LIBRARY_SEARCH_PATHS = (
					"$(inherited)",
					"$(LIBRARY_SEARCH_PATHS_QUOTED_FOR_TARGET_1)",
					"$(LIBRARY_SEARCH_PATHS_QUOTED_FOR_TARGET_2)",
					"$(LIBRARY_SEARCH_PATHS_QUOTED_FOR_TARGET_3)",
					"$(LIBRARY_SEARCH_PATHS_QUOTED_FOR_TARGET_4)",
					"$(LIBRARY_SEARCH_PATHS_QUOTED_FOR_TARGET_5)",
					"$(LIBRARY_SEARCH_PATHS_QUOTED_FOR_TARGET_6)",
					"$(LIBRARY_SEARCH_PATHS_QUOTED_FOR_TARGET_7)",
					"$(LIBRARY_SEARCH_PATHS_QUOTED_FOR_TARGET_8)",
					"$(LIBRARY_SEARCH_PATHS_QUOTED_FOR_TARGET_9)",
					"$(LIBRARY_SEARCH_PATHS_QUOTED_FOR_TARGET_10)",
					"$(LIBRARY_SEARCH_PATHS_QUOTED_FOR_TARGET_11)",
					"$(LIBRARY_SEARCH_PATHS_QUOTED_FOR_TARGET_12)",
					"$(LIBRARY_SEARCH_PATHS_QUOTED_FOR_TARGET_13)",
					"$(LIBRARY_SEARCH_PATHS_QUOTED_FOR_TARGET_14)",
					"$(LIBRARY_SEARCH_PATHS_QUOTED_FOR_TARGET_15)",
					"$(LIBRARY_SEARCH_PATHS_QUOTED_FOR_TARGET_9)",
					"$(LIBRARY_SEARCH_PATHS_QUOTED_FOR_TARGET_10)",
				);
				LIBRARY_SEARCH_PATHS_QUOTED_FOR_TARGET_1 = "\"$(SRCROOT)/../../../libs/freeimage/lib/osx\"";
				LIBRARY_SEARCH_PATHS_QUOTED_FOR_TARGET_10 = "\"$(SRCROOT)/../../../addons/ofxOsc/libs/oscpack/lib/osx\"";
				LIBRARY_SEARCH_PATHS_QUOTED_FOR_TARGET_11 = "\"$(SRCROOT)/../../../libs/poco/lib/osx\"";
				LIBRARY_SEARCH_PATHS_QUOTED_FOR_TARGET_12 = "\"$(SRCROOT)/../../../addons/ofxOpenCv/libs/opencv/lib/osx\"";
				LIBRARY_SEARCH_PATHS_QUOTED_FOR_TARGET_13 = "\"$(SRCROOT)/../../../addons/ofxOsc/libs/oscpack/lib/osx\"";
				LIBRARY_SEARCH_PATHS_QUOTED_FOR_TARGET_14 = "\"$(SRCROOT)/../../../libs/fmodex/lib/osx\"";
				LIBRARY_SEARCH_PATHS_QUOTED_FOR_TARGET_15 = "\"$(SRCROOT)/../../../libs/freetype/lib/osx\"";
				LIBRARY_SEARCH_PATHS_QUOTED_FOR_TARGET_2 = "\"$(SRCROOT)/../../../libs/fmodex/lib/osx\"";
				LIBRARY_SEARCH_PATHS_QUOTED_FOR_TARGET_3 = "\"$(SRCROOT)/../../../libs/freetype/lib/osx\"";
				LIBRARY_SEARCH_PATHS_QUOTED_FOR_TARGET_4 = "\"$(SRCROOT)/../../../libs/GLee/lib/osx\"";
				LIBRARY_SEARCH_PATHS_QUOTED_FOR_TARGET_5 = "\"$(SRCROOT)/../../../libs/poco/lib/osx\"";
				LIBRARY_SEARCH_PATHS_QUOTED_FOR_TARGET_6 = "\"$(SRCROOT)/../../../libs/rtAudio/lib/osx\"";
				LIBRARY_SEARCH_PATHS_QUOTED_FOR_TARGET_7 = "\"$(SRCROOT)/../../../addons/ofxOpenCv/libs/opencv/lib/osx\"";
				LIBRARY_SEARCH_PATHS_QUOTED_FOR_TARGET_8 = "\"$(SRCROOT)/../../../addons/ofxOsc/libs/oscpack/lib/osx\"";
				LIBRARY_SEARCH_PATHS_QUOTED_FOR_TARGET_9 = "\"$(SRCROOT)/../../../libs/FreeImage/lib/osx\"";
				PREBINDING = NO;
				PRODUCT_NAME = "$(TARGET_NAME)";
				WRAPPER_EXTENSION = app;
				ZERO_LINK = NO;
			};
			name = Release;
		};
/* End XCBuildConfiguration section */

/* Begin XCConfigurationList section */
		E4B69B4D0A3A1720003C02F2 /* Build configuration list for PBXProject "allAddonsExample" */ = {
			isa = XCConfigurationList;
			buildConfigurations = (
				E4B69B4E0A3A1720003C02F2 /* Debug */,
				E4B69B4F0A3A1720003C02F2 /* Release */,
				E4B27CA010CBF8A600536013 /* ReleaseUniversal */,
			);
			defaultConfigurationIsVisible = 0;
			defaultConfigurationName = Release;
		};
		E4B69B5F0A3A1757003C02F2 /* Build configuration list for PBXNativeTarget "allAddonsExample" */ = {
			isa = XCConfigurationList;
			buildConfigurations = (
				E4B69B600A3A1757003C02F2 /* Debug */,
				E4B69B610A3A1757003C02F2 /* Release */,
				E4B27CA110CBF8A600536013 /* ReleaseUniversal */,
			);
			defaultConfigurationIsVisible = 0;
			defaultConfigurationName = Release;
		};
/* End XCConfigurationList section */
	};
	rootObject = E4B69B4C0A3A1720003C02F2 /* Project object */;
}
