// !$*UTF8*$!
{
	archiveVersion = 1;
	classes = {
	};
	objectVersion = 42;
	objects = {

/* Begin PBXBuildFile section */
		B02F43F5154006A300D3D812 /* ofxMSAInteractiveObject.cpp in Sources */ = {isa = PBXBuildFile; fileRef = B02F43C4154006A300D3D812 /* ofxMSAInteractiveObject.cpp */; };
		B02F43F7154006A300D3D812 /* ofxSimpleGuiButton.cpp in Sources */ = {isa = PBXBuildFile; fileRef = B02F43CF154006A300D3D812 /* ofxSimpleGuiButton.cpp */; };
		B02F43F8154006A300D3D812 /* ofxSimpleGuiColorPicker.cpp in Sources */ = {isa = PBXBuildFile; fileRef = B02F43D1154006A300D3D812 /* ofxSimpleGuiColorPicker.cpp */; };
		B02F43F9154006A300D3D812 /* ofxSimpleGuiComboBox.cpp in Sources */ = {isa = PBXBuildFile; fileRef = B02F43D3154006A300D3D812 /* ofxSimpleGuiComboBox.cpp */; };
		B02F43FA154006A300D3D812 /* ofxSimpleGuiContent.cpp in Sources */ = {isa = PBXBuildFile; fileRef = B02F43D5154006A300D3D812 /* ofxSimpleGuiContent.cpp */; };
		B02F43FB154006A300D3D812 /* ofxSimpleGuiFPSCounter.cpp in Sources */ = {isa = PBXBuildFile; fileRef = B02F43D7154006A300D3D812 /* ofxSimpleGuiFPSCounter.cpp */; };
		B02F43FC154006A300D3D812 /* ofxSimpleGuiMovieSlider.cpp in Sources */ = {isa = PBXBuildFile; fileRef = B02F43D9154006A300D3D812 /* ofxSimpleGuiMovieSlider.cpp */; };
		B02F43FD154006A300D3D812 /* ofxSimpleGuiQuadWarp.cpp in Sources */ = {isa = PBXBuildFile; fileRef = B02F43DB154006A300D3D812 /* ofxSimpleGuiQuadWarp.cpp */; };
		B02F43FE154006A300D3D812 /* ofxSimpleGuiSlider2d.cpp in Sources */ = {isa = PBXBuildFile; fileRef = B02F43DD154006A300D3D812 /* ofxSimpleGuiSlider2d.cpp */; };
		B02F43FF154006A300D3D812 /* ofxSimpleGuiTitle.cpp in Sources */ = {isa = PBXBuildFile; fileRef = B02F43E2154006A300D3D812 /* ofxSimpleGuiTitle.cpp */; };
		B02F4400154006A300D3D812 /* ofxSimpleGuiToggle.cpp in Sources */ = {isa = PBXBuildFile; fileRef = B02F43E4154006A300D3D812 /* ofxSimpleGuiToggle.cpp */; };
		B02F4401154006A300D3D812 /* ofxSimpleGuiConfig.cpp in Sources */ = {isa = PBXBuildFile; fileRef = B02F43E6154006A300D3D812 /* ofxSimpleGuiConfig.cpp */; };
		B02F4402154006A300D3D812 /* ofxSimpleGuiControl.cpp in Sources */ = {isa = PBXBuildFile; fileRef = B02F43E8154006A300D3D812 /* ofxSimpleGuiControl.cpp */; };
		B02F4403154006A300D3D812 /* ofxSimpleGuiPage.cpp in Sources */ = {isa = PBXBuildFile; fileRef = B02F43EB154006A300D3D812 /* ofxSimpleGuiPage.cpp */; };
		B02F4404154006A300D3D812 /* ofxSimpleGuiTimeCode.cpp in Sources */ = {isa = PBXBuildFile; fileRef = B02F43ED154006A300D3D812 /* ofxSimpleGuiTimeCode.cpp */; };
		B02F4405154006A300D3D812 /* ofxSimpleGuiToo.cpp in Sources */ = {isa = PBXBuildFile; fileRef = B02F43EF154006A300D3D812 /* ofxSimpleGuiToo.cpp */; };
		B02F4406154006A300D3D812 /* ofxSimpleGuiValueControl.cpp in Sources */ = {isa = PBXBuildFile; fileRef = B02F43F1154006A300D3D812 /* ofxSimpleGuiValueControl.cpp */; };
		B02F4416154006E500D3D812 /* tinyxml.cpp in Sources */ = {isa = PBXBuildFile; fileRef = B02F440F154006E500D3D812 /* tinyxml.cpp */; };
		B02F4417154006E500D3D812 /* tinyxmlerror.cpp in Sources */ = {isa = PBXBuildFile; fileRef = B02F4411154006E500D3D812 /* tinyxmlerror.cpp */; };
		B02F4418154006E500D3D812 /* tinyxmlparser.cpp in Sources */ = {isa = PBXBuildFile; fileRef = B02F4412154006E500D3D812 /* tinyxmlparser.cpp */; };
		B02F4419154006E500D3D812 /* ofxXmlSettings.cpp in Sources */ = {isa = PBXBuildFile; fileRef = B02F4414154006E500D3D812 /* ofxXmlSettings.cpp */; };
		B0663C4A15265B7C00A6B65B /* AudioBufferSamplesMarker.cpp in Sources */ = {isa = PBXBuildFile; fileRef = B0663C4815265B7C00A6B65B /* AudioBufferSamplesMarker.cpp */; };
		B07D2BD7150E0F7B003F4516 /* AudioHeaderSample.cpp in Sources */ = {isa = PBXBuildFile; fileRef = B07D2B81150E0F7B003F4516 /* AudioHeaderSample.cpp */; };
		B07D2BD8150E0F7B003F4516 /* VideoHeader.cpp in Sources */ = {isa = PBXBuildFile; fileRef = B07D2B83150E0F7B003F4516 /* VideoHeader.cpp */; };
		B07D2BDA150E0F7B003F4516 /* AudioBufferSamples.cpp in Sources */ = {isa = PBXBuildFile; fileRef = B07D2B88150E0F7B003F4516 /* AudioBufferSamples.cpp */; };
		B07D2BDB150E0F7B003F4516 /* Buffer.cpp in Sources */ = {isa = PBXBuildFile; fileRef = B07D2B8A150E0F7B003F4516 /* Buffer.cpp */; };
		B07D2BDC150E0F7B003F4516 /* VideoBuffer.cpp in Sources */ = {isa = PBXBuildFile; fileRef = B07D2B8C150E0F7B003F4516 /* VideoBuffer.cpp */; };
		B07D2BDD150E0F7B003F4516 /* VideoFilter.cpp in Sources */ = {isa = PBXBuildFile; fileRef = B07D2B8F150E0F7B003F4516 /* VideoFilter.cpp */; };
		B07D2BDE150E0F7B003F4516 /* AudioFrame.cpp in Sources */ = {isa = PBXBuildFile; fileRef = B07D2B92150E0F7B003F4516 /* AudioFrame.cpp */; };
		B07D2BDF150E0F7B003F4516 /* AudioSample.cpp in Sources */ = {isa = PBXBuildFile; fileRef = B07D2B94150E0F7B003F4516 /* AudioSample.cpp */; };
		B07D2BE0150E0F7B003F4516 /* Frame.cpp in Sources */ = {isa = PBXBuildFile; fileRef = B07D2B99150E0F7B003F4516 /* Frame.cpp */; };
		B07D2BE1150E0F7B003F4516 /* VideoFrame.cpp in Sources */ = {isa = PBXBuildFile; fileRef = B07D2B9B150E0F7B003F4516 /* VideoFrame.cpp */; };
		B07D2BE2150E0F7B003F4516 /* AudioGrabber.cpp in Sources */ = {isa = PBXBuildFile; fileRef = B07D2B9E150E0F7B003F4516 /* AudioGrabber.cpp */; };
		B07D2BE3150E0F7B003F4516 /* FileGrabber.cpp in Sources */ = {isa = PBXBuildFile; fileRef = B07D2BA0150E0F7B003F4516 /* FileGrabber.cpp */; };
		B07D2BE4150E0F7B003F4516 /* VideoGrabber.cpp in Sources */ = {isa = PBXBuildFile; fileRef = B07D2BA2150E0F7B003F4516 /* VideoGrabber.cpp */; };
		B07D2BE5150E0F7B003F4516 /* ofxOscEventsReceiver.cpp in Sources */ = {isa = PBXBuildFile; fileRef = B07D2BA5150E0F7B003F4516 /* ofxOscEventsReceiver.cpp */; };
		B07D2BE6150E0F7B003F4516 /* OscInterface.cpp in Sources */ = {isa = PBXBuildFile; fileRef = B07D2BA9150E0F7B003F4516 /* OscInterface.cpp */; };
		B07D2BE7150E0F7B003F4516 /* AudioSink.cpp in Sources */ = {isa = PBXBuildFile; fileRef = B07D2BAD150E0F7B003F4516 /* AudioSink.cpp */; };
		B07D2BE8150E0F7B003F4516 /* AudioSource.cpp in Sources */ = {isa = PBXBuildFile; fileRef = B07D2BAF150E0F7B003F4516 /* AudioSource.cpp */; };
		B07D2BE9150E0F7B003F4516 /* VideoSink.cpp in Sources */ = {isa = PBXBuildFile; fileRef = B07D2BB2150E0F7B003F4516 /* VideoSink.cpp */; };
		B07D2BEA150E0F7B003F4516 /* VideoSource.cpp in Sources */ = {isa = PBXBuildFile; fileRef = B07D2BB4150E0F7B003F4516 /* VideoSource.cpp */; };
		B07D2BEB150E0F7B003F4516 /* AudioRenderer.cpp in Sources */ = {isa = PBXBuildFile; fileRef = B07D2BB7150E0F7B003F4516 /* AudioRenderer.cpp */; };
		B07D2BEC150E0F7B003F4516 /* avLooperRenderer.cpp in Sources */ = {isa = PBXBuildFile; fileRef = B07D2BB9150E0F7B003F4516 /* avLooperRenderer.cpp */; };
		B07D2BED150E0F7B003F4516 /* BasicVideoRenderer.cpp in Sources */ = {isa = PBXBuildFile; fileRef = B07D2BBB150E0F7B003F4516 /* BasicVideoRenderer.cpp */; };
		B07D2BEF150E0F7B003F4516 /* VideoRenderer.cpp in Sources */ = {isa = PBXBuildFile; fileRef = B07D2BBF150E0F7B003F4516 /* VideoRenderer.cpp */; };
		B07D2BF0150E0F7B003F4516 /* ofxObjCPointer.cpp in Sources */ = {isa = PBXBuildFile; fileRef = B07D2BC2150E0F7B003F4516 /* ofxObjCPointer.cpp */; };
		B0959A0A14F1B0D20095D524 /* liboscpack.a in Frameworks */ = {isa = PBXBuildFile; fileRef = B09599F014F1B0D20095D524 /* liboscpack.a */; };
		B0959A0B14F1B0D20095D524 /* liboscpack.a in Frameworks */ = {isa = PBXBuildFile; fileRef = B09599F114F1B0D20095D524 /* liboscpack.a */; };
		B0959A0C14F1B0D20095D524 /* osc.a in Frameworks */ = {isa = PBXBuildFile; fileRef = B09599F314F1B0D20095D524 /* osc.a */; };
		B0959A0D14F1B0D20095D524 /* liboscpack.a in Frameworks */ = {isa = PBXBuildFile; fileRef = B09599F514F1B0D20095D524 /* liboscpack.a */; };
		B0959A0E14F1B0D20095D524 /* liboscpack.a in Frameworks */ = {isa = PBXBuildFile; fileRef = B09599F714F1B0D20095D524 /* liboscpack.a */; };
		B0959A0F14F1B0D20095D524 /* osc.a in Frameworks */ = {isa = PBXBuildFile; fileRef = B09599F914F1B0D20095D524 /* osc.a */; };
		B0959A1014F1B0D20095D524 /* oscpack.lib in Frameworks */ = {isa = PBXBuildFile; fileRef = B09599FB14F1B0D20095D524 /* oscpack.lib */; };
		B0959A1114F1B0D30095D524 /* oscpackd.lib in Frameworks */ = {isa = PBXBuildFile; fileRef = B09599FC14F1B0D20095D524 /* oscpackd.lib */; };
		B0959A1214F1B0D30095D524 /* oscpack.a in Frameworks */ = {isa = PBXBuildFile; fileRef = B09599FE14F1B0D20095D524 /* oscpack.a */; };
		B0959A1314F1B0D30095D524 /* ofxOscBundle.cpp in Sources */ = {isa = PBXBuildFile; fileRef = B0959A0214F1B0D20095D524 /* ofxOscBundle.cpp */; };
		B0959A1414F1B0D30095D524 /* ofxOscMessage.cpp in Sources */ = {isa = PBXBuildFile; fileRef = B0959A0414F1B0D20095D524 /* ofxOscMessage.cpp */; };
		B0959A1514F1B0D30095D524 /* ofxOscReceiver.cpp in Sources */ = {isa = PBXBuildFile; fileRef = B0959A0614F1B0D20095D524 /* ofxOscReceiver.cpp */; };
		B0959A1614F1B0D30095D524 /* ofxOscSender.cpp in Sources */ = {isa = PBXBuildFile; fileRef = B0959A0814F1B0D20095D524 /* ofxOscSender.cpp */; };
		BBAB23CB13894F3D00AA2426 /* GLUT.framework in CopyFiles */ = {isa = PBXBuildFile; fileRef = BBAB23BE13894E4700AA2426 /* GLUT.framework */; };
		E4328149138ABC9F0047C5CB /* openFrameworks.a in Frameworks */ = {isa = PBXBuildFile; fileRef = E4328148138ABC890047C5CB /* openFrameworks.a */; };
		E45BE97B0E8CC7DD009D7055 /* AGL.framework in Frameworks */ = {isa = PBXBuildFile; fileRef = E45BE9710E8CC7DD009D7055 /* AGL.framework */; };
		E45BE97C0E8CC7DD009D7055 /* ApplicationServices.framework in Frameworks */ = {isa = PBXBuildFile; fileRef = E45BE9720E8CC7DD009D7055 /* ApplicationServices.framework */; };
		E45BE97D0E8CC7DD009D7055 /* AudioToolbox.framework in Frameworks */ = {isa = PBXBuildFile; fileRef = E45BE9730E8CC7DD009D7055 /* AudioToolbox.framework */; };
		E45BE97E0E8CC7DD009D7055 /* Carbon.framework in Frameworks */ = {isa = PBXBuildFile; fileRef = E45BE9740E8CC7DD009D7055 /* Carbon.framework */; };
		E45BE97F0E8CC7DD009D7055 /* CoreAudio.framework in Frameworks */ = {isa = PBXBuildFile; fileRef = E45BE9750E8CC7DD009D7055 /* CoreAudio.framework */; };
		E45BE9800E8CC7DD009D7055 /* CoreFoundation.framework in Frameworks */ = {isa = PBXBuildFile; fileRef = E45BE9760E8CC7DD009D7055 /* CoreFoundation.framework */; };
		E45BE9810E8CC7DD009D7055 /* CoreServices.framework in Frameworks */ = {isa = PBXBuildFile; fileRef = E45BE9770E8CC7DD009D7055 /* CoreServices.framework */; };
		E45BE9830E8CC7DD009D7055 /* OpenGL.framework in Frameworks */ = {isa = PBXBuildFile; fileRef = E45BE9790E8CC7DD009D7055 /* OpenGL.framework */; };
		E45BE9840E8CC7DD009D7055 /* QuickTime.framework in Frameworks */ = {isa = PBXBuildFile; fileRef = E45BE97A0E8CC7DD009D7055 /* QuickTime.framework */; };
		E4B69E200A3A1BDC003C02F2 /* main.cpp in Sources */ = {isa = PBXBuildFile; fileRef = E4B69E1D0A3A1BDC003C02F2 /* main.cpp */; };
		E4B69E210A3A1BDC003C02F2 /* testApp.cpp in Sources */ = {isa = PBXBuildFile; fileRef = E4B69E1E0A3A1BDC003C02F2 /* testApp.cpp */; };
		E4C2424710CC5A17004149E2 /* AppKit.framework in Frameworks */ = {isa = PBXBuildFile; fileRef = E4C2424410CC5A17004149E2 /* AppKit.framework */; };
		E4C2424810CC5A17004149E2 /* Cocoa.framework in Frameworks */ = {isa = PBXBuildFile; fileRef = E4C2424510CC5A17004149E2 /* Cocoa.framework */; };
		E4C2424910CC5A17004149E2 /* IOKit.framework in Frameworks */ = {isa = PBXBuildFile; fileRef = E4C2424610CC5A17004149E2 /* IOKit.framework */; };
		E4EB6799138ADC1D00A09F29 /* GLUT.framework in Frameworks */ = {isa = PBXBuildFile; fileRef = BBAB23BE13894E4700AA2426 /* GLUT.framework */; };
/* End PBXBuildFile section */

/* Begin PBXContainerItemProxy section */
		E4328147138ABC890047C5CB /* PBXContainerItemProxy */ = {
			isa = PBXContainerItemProxy;
			containerPortal = E4328143138ABC890047C5CB /* openFrameworksLib.xcodeproj */;
			proxyType = 2;
			remoteGlobalIDString = E4B27C1510CBEB8E00536013;
			remoteInfo = openFrameworks;
		};
		E4EEB9AB138B136A00A80321 /* PBXContainerItemProxy */ = {
			isa = PBXContainerItemProxy;
			containerPortal = E4328143138ABC890047C5CB /* openFrameworksLib.xcodeproj */;
			proxyType = 1;
			remoteGlobalIDString = E4B27C1410CBEB8E00536013;
			remoteInfo = openFrameworks;
		};
/* End PBXContainerItemProxy section */

/* Begin PBXCopyFilesBuildPhase section */
		E4C2427710CC5ABF004149E2 /* CopyFiles */ = {
			isa = PBXCopyFilesBuildPhase;
			buildActionMask = 2147483647;
			dstPath = "";
			dstSubfolderSpec = 10;
			files = (
				BBAB23CB13894F3D00AA2426 /* GLUT.framework in CopyFiles */,
			);
			runOnlyForDeploymentPostprocessing = 0;
		};
/* End PBXCopyFilesBuildPhase section */

/* Begin PBXFileReference section */
		B02F43C4154006A300D3D812 /* ofxMSAInteractiveObject.cpp */ = {isa = PBXFileReference; fileEncoding = 4; lastKnownFileType = sourcecode.cpp.cpp; path = ofxMSAInteractiveObject.cpp; sourceTree = "<group>"; };
		B02F43C5154006A300D3D812 /* ofxMSAInteractiveObject.h */ = {isa = PBXFileReference; fileEncoding = 4; lastKnownFileType = sourcecode.c.h; path = ofxMSAInteractiveObject.h; sourceTree = "<group>"; };
		B02F43CF154006A300D3D812 /* ofxSimpleGuiButton.cpp */ = {isa = PBXFileReference; fileEncoding = 4; lastKnownFileType = sourcecode.cpp.cpp; path = ofxSimpleGuiButton.cpp; sourceTree = "<group>"; };
		B02F43D0154006A300D3D812 /* ofxSimpleGuiButton.h */ = {isa = PBXFileReference; fileEncoding = 4; lastKnownFileType = sourcecode.c.h; path = ofxSimpleGuiButton.h; sourceTree = "<group>"; };
		B02F43D1154006A300D3D812 /* ofxSimpleGuiColorPicker.cpp */ = {isa = PBXFileReference; fileEncoding = 4; lastKnownFileType = sourcecode.cpp.cpp; path = ofxSimpleGuiColorPicker.cpp; sourceTree = "<group>"; };
		B02F43D2154006A300D3D812 /* ofxSimpleGuiColorPicker.h */ = {isa = PBXFileReference; fileEncoding = 4; lastKnownFileType = sourcecode.c.h; path = ofxSimpleGuiColorPicker.h; sourceTree = "<group>"; };
		B02F43D3154006A300D3D812 /* ofxSimpleGuiComboBox.cpp */ = {isa = PBXFileReference; fileEncoding = 4; lastKnownFileType = sourcecode.cpp.cpp; path = ofxSimpleGuiComboBox.cpp; sourceTree = "<group>"; };
		B02F43D4154006A300D3D812 /* ofxSimpleGuiComboBox.h */ = {isa = PBXFileReference; fileEncoding = 4; lastKnownFileType = sourcecode.c.h; path = ofxSimpleGuiComboBox.h; sourceTree = "<group>"; };
		B02F43D5154006A300D3D812 /* ofxSimpleGuiContent.cpp */ = {isa = PBXFileReference; fileEncoding = 4; lastKnownFileType = sourcecode.cpp.cpp; path = ofxSimpleGuiContent.cpp; sourceTree = "<group>"; };
		B02F43D6154006A300D3D812 /* ofxSimpleGuiContent.h */ = {isa = PBXFileReference; fileEncoding = 4; lastKnownFileType = sourcecode.c.h; path = ofxSimpleGuiContent.h; sourceTree = "<group>"; };
		B02F43D7154006A300D3D812 /* ofxSimpleGuiFPSCounter.cpp */ = {isa = PBXFileReference; fileEncoding = 4; lastKnownFileType = sourcecode.cpp.cpp; path = ofxSimpleGuiFPSCounter.cpp; sourceTree = "<group>"; };
		B02F43D8154006A300D3D812 /* ofxSimpleGuiFPSCounter.h */ = {isa = PBXFileReference; fileEncoding = 4; lastKnownFileType = sourcecode.c.h; path = ofxSimpleGuiFPSCounter.h; sourceTree = "<group>"; };
		B02F43D9154006A300D3D812 /* ofxSimpleGuiMovieSlider.cpp */ = {isa = PBXFileReference; fileEncoding = 4; lastKnownFileType = sourcecode.cpp.cpp; path = ofxSimpleGuiMovieSlider.cpp; sourceTree = "<group>"; };
		B02F43DA154006A300D3D812 /* ofxSimpleGuiMovieSlider.h */ = {isa = PBXFileReference; fileEncoding = 4; lastKnownFileType = sourcecode.c.h; path = ofxSimpleGuiMovieSlider.h; sourceTree = "<group>"; };
		B02F43DB154006A300D3D812 /* ofxSimpleGuiQuadWarp.cpp */ = {isa = PBXFileReference; fileEncoding = 4; lastKnownFileType = sourcecode.cpp.cpp; path = ofxSimpleGuiQuadWarp.cpp; sourceTree = "<group>"; };
		B02F43DC154006A300D3D812 /* ofxSimpleGuiQuadWarp.h */ = {isa = PBXFileReference; fileEncoding = 4; lastKnownFileType = sourcecode.c.h; path = ofxSimpleGuiQuadWarp.h; sourceTree = "<group>"; };
		B02F43DD154006A300D3D812 /* ofxSimpleGuiSlider2d.cpp */ = {isa = PBXFileReference; fileEncoding = 4; lastKnownFileType = sourcecode.cpp.cpp; path = ofxSimpleGuiSlider2d.cpp; sourceTree = "<group>"; };
		B02F43DE154006A300D3D812 /* ofxSimpleGuiSlider2d.h */ = {isa = PBXFileReference; fileEncoding = 4; lastKnownFileType = sourcecode.c.h; path = ofxSimpleGuiSlider2d.h; sourceTree = "<group>"; };
		B02F43DF154006A300D3D812 /* ofxSimpleGuiSliderBase.h */ = {isa = PBXFileReference; fileEncoding = 4; lastKnownFileType = sourcecode.c.h; path = ofxSimpleGuiSliderBase.h; sourceTree = "<group>"; };
		B02F43E0154006A300D3D812 /* ofxSimpleGuiSliderFloat.h */ = {isa = PBXFileReference; fileEncoding = 4; lastKnownFileType = sourcecode.c.h; path = ofxSimpleGuiSliderFloat.h; sourceTree = "<group>"; };
		B02F43E1154006A300D3D812 /* ofxSimpleGuiSliderInt.h */ = {isa = PBXFileReference; fileEncoding = 4; lastKnownFileType = sourcecode.c.h; path = ofxSimpleGuiSliderInt.h; sourceTree = "<group>"; };
		B02F43E2154006A300D3D812 /* ofxSimpleGuiTitle.cpp */ = {isa = PBXFileReference; fileEncoding = 4; lastKnownFileType = sourcecode.cpp.cpp; path = ofxSimpleGuiTitle.cpp; sourceTree = "<group>"; };
		B02F43E3154006A300D3D812 /* ofxSimpleGuiTitle.h */ = {isa = PBXFileReference; fileEncoding = 4; lastKnownFileType = sourcecode.c.h; path = ofxSimpleGuiTitle.h; sourceTree = "<group>"; };
		B02F43E4154006A300D3D812 /* ofxSimpleGuiToggle.cpp */ = {isa = PBXFileReference; fileEncoding = 4; lastKnownFileType = sourcecode.cpp.cpp; path = ofxSimpleGuiToggle.cpp; sourceTree = "<group>"; };
		B02F43E5154006A300D3D812 /* ofxSimpleGuiToggle.h */ = {isa = PBXFileReference; fileEncoding = 4; lastKnownFileType = sourcecode.c.h; path = ofxSimpleGuiToggle.h; sourceTree = "<group>"; };
		B02F43E6154006A300D3D812 /* ofxSimpleGuiConfig.cpp */ = {isa = PBXFileReference; fileEncoding = 4; lastKnownFileType = sourcecode.cpp.cpp; path = ofxSimpleGuiConfig.cpp; sourceTree = "<group>"; };
		B02F43E7154006A300D3D812 /* ofxSimpleGuiConfig.h */ = {isa = PBXFileReference; fileEncoding = 4; lastKnownFileType = sourcecode.c.h; path = ofxSimpleGuiConfig.h; sourceTree = "<group>"; };
		B02F43E8154006A300D3D812 /* ofxSimpleGuiControl.cpp */ = {isa = PBXFileReference; fileEncoding = 4; lastKnownFileType = sourcecode.cpp.cpp; path = ofxSimpleGuiControl.cpp; sourceTree = "<group>"; };
		B02F43E9154006A300D3D812 /* ofxSimpleGuiControl.h */ = {isa = PBXFileReference; fileEncoding = 4; lastKnownFileType = sourcecode.c.h; path = ofxSimpleGuiControl.h; sourceTree = "<group>"; };
		B02F43EA154006A300D3D812 /* ofxSimpleGuiIncludes.h */ = {isa = PBXFileReference; fileEncoding = 4; lastKnownFileType = sourcecode.c.h; path = ofxSimpleGuiIncludes.h; sourceTree = "<group>"; };
		B02F43EB154006A300D3D812 /* ofxSimpleGuiPage.cpp */ = {isa = PBXFileReference; fileEncoding = 4; lastKnownFileType = sourcecode.cpp.cpp; path = ofxSimpleGuiPage.cpp; sourceTree = "<group>"; };
		B02F43EC154006A300D3D812 /* ofxSimpleGuiPage.h */ = {isa = PBXFileReference; fileEncoding = 4; lastKnownFileType = sourcecode.c.h; path = ofxSimpleGuiPage.h; sourceTree = "<group>"; };
		B02F43ED154006A300D3D812 /* ofxSimpleGuiTimeCode.cpp */ = {isa = PBXFileReference; fileEncoding = 4; lastKnownFileType = sourcecode.cpp.cpp; path = ofxSimpleGuiTimeCode.cpp; sourceTree = "<group>"; };
		B02F43EE154006A300D3D812 /* ofxSimpleGuiTimeCode.h */ = {isa = PBXFileReference; fileEncoding = 4; lastKnownFileType = sourcecode.c.h; path = ofxSimpleGuiTimeCode.h; sourceTree = "<group>"; };
		B02F43EF154006A300D3D812 /* ofxSimpleGuiToo.cpp */ = {isa = PBXFileReference; fileEncoding = 4; lastKnownFileType = sourcecode.cpp.cpp; path = ofxSimpleGuiToo.cpp; sourceTree = "<group>"; };
		B02F43F0154006A300D3D812 /* ofxSimpleGuiToo.h */ = {isa = PBXFileReference; fileEncoding = 4; lastKnownFileType = sourcecode.c.h; path = ofxSimpleGuiToo.h; sourceTree = "<group>"; };
		B02F43F1154006A300D3D812 /* ofxSimpleGuiValueControl.cpp */ = {isa = PBXFileReference; fileEncoding = 4; lastKnownFileType = sourcecode.cpp.cpp; path = ofxSimpleGuiValueControl.cpp; sourceTree = "<group>"; };
		B02F43F2154006A300D3D812 /* ofxSimpleGuiValueControl.h */ = {isa = PBXFileReference; fileEncoding = 4; lastKnownFileType = sourcecode.c.h; path = ofxSimpleGuiValueControl.h; sourceTree = "<group>"; };
		B02F440D154006E500D3D812 /* install.xml */ = {isa = PBXFileReference; fileEncoding = 4; lastKnownFileType = text.xml; path = install.xml; sourceTree = "<group>"; };
		B02F440F154006E500D3D812 /* tinyxml.cpp */ = {isa = PBXFileReference; fileEncoding = 4; lastKnownFileType = sourcecode.cpp.cpp; path = tinyxml.cpp; sourceTree = "<group>"; };
		B02F4410154006E500D3D812 /* tinyxml.h */ = {isa = PBXFileReference; fileEncoding = 4; lastKnownFileType = sourcecode.c.h; path = tinyxml.h; sourceTree = "<group>"; };
		B02F4411154006E500D3D812 /* tinyxmlerror.cpp */ = {isa = PBXFileReference; fileEncoding = 4; lastKnownFileType = sourcecode.cpp.cpp; path = tinyxmlerror.cpp; sourceTree = "<group>"; };
		B02F4412154006E500D3D812 /* tinyxmlparser.cpp */ = {isa = PBXFileReference; fileEncoding = 4; lastKnownFileType = sourcecode.cpp.cpp; path = tinyxmlparser.cpp; sourceTree = "<group>"; };
		B02F4414154006E500D3D812 /* ofxXmlSettings.cpp */ = {isa = PBXFileReference; fileEncoding = 4; lastKnownFileType = sourcecode.cpp.cpp; path = ofxXmlSettings.cpp; sourceTree = "<group>"; };
		B02F4415154006E500D3D812 /* ofxXmlSettings.h */ = {isa = PBXFileReference; fileEncoding = 4; lastKnownFileType = sourcecode.c.h; path = ofxXmlSettings.h; sourceTree = "<group>"; };
		B0663C4815265B7C00A6B65B /* AudioBufferSamplesMarker.cpp */ = {isa = PBXFileReference; fileEncoding = 4; lastKnownFileType = sourcecode.cpp.cpp; path = AudioBufferSamplesMarker.cpp; sourceTree = "<group>"; };
		B0663C4915265B7C00A6B65B /* AudioBufferSamplesMarker.h */ = {isa = PBXFileReference; fileEncoding = 4; lastKnownFileType = sourcecode.c.h; path = AudioBufferSamplesMarker.h; sourceTree = "<group>"; };
		B07D2B81150E0F7B003F4516 /* AudioHeaderSample.cpp */ = {isa = PBXFileReference; fileEncoding = 4; lastKnownFileType = sourcecode.cpp.cpp; path = AudioHeaderSample.cpp; sourceTree = "<group>"; };
		B07D2B82150E0F7B003F4516 /* AudioHeaderSample.h */ = {isa = PBXFileReference; fileEncoding = 4; lastKnownFileType = sourcecode.c.h; path = AudioHeaderSample.h; sourceTree = "<group>"; };
		B07D2B83150E0F7B003F4516 /* VideoHeader.cpp */ = {isa = PBXFileReference; fileEncoding = 4; lastKnownFileType = sourcecode.cpp.cpp; path = VideoHeader.cpp; sourceTree = "<group>"; };
		B07D2B84150E0F7B003F4516 /* VideoHeader.h */ = {isa = PBXFileReference; fileEncoding = 4; lastKnownFileType = sourcecode.c.h; path = VideoHeader.h; sourceTree = "<group>"; };
		B07D2B88150E0F7B003F4516 /* AudioBufferSamples.cpp */ = {isa = PBXFileReference; fileEncoding = 4; lastKnownFileType = sourcecode.cpp.cpp; path = AudioBufferSamples.cpp; sourceTree = "<group>"; };
		B07D2B89150E0F7B003F4516 /* AudioBufferSamples.h */ = {isa = PBXFileReference; fileEncoding = 4; lastKnownFileType = sourcecode.c.h; path = AudioBufferSamples.h; sourceTree = "<group>"; };
		B07D2B8A150E0F7B003F4516 /* Buffer.cpp */ = {isa = PBXFileReference; fileEncoding = 4; lastKnownFileType = sourcecode.cpp.cpp; path = Buffer.cpp; sourceTree = "<group>"; };
		B07D2B8B150E0F7B003F4516 /* Buffer.h */ = {isa = PBXFileReference; fileEncoding = 4; lastKnownFileType = sourcecode.c.h; path = Buffer.h; sourceTree = "<group>"; };
		B07D2B8C150E0F7B003F4516 /* VideoBuffer.cpp */ = {isa = PBXFileReference; fileEncoding = 4; lastKnownFileType = sourcecode.cpp.cpp; path = VideoBuffer.cpp; sourceTree = "<group>"; };
		B07D2B8D150E0F7B003F4516 /* VideoBuffer.h */ = {isa = PBXFileReference; fileEncoding = 4; lastKnownFileType = sourcecode.c.h; path = VideoBuffer.h; sourceTree = "<group>"; };
		B07D2B8F150E0F7B003F4516 /* VideoFilter.cpp */ = {isa = PBXFileReference; fileEncoding = 4; lastKnownFileType = sourcecode.cpp.cpp; path = VideoFilter.cpp; sourceTree = "<group>"; };
		B07D2B90150E0F7B003F4516 /* VideoFilter.h */ = {isa = PBXFileReference; fileEncoding = 4; lastKnownFileType = sourcecode.c.h; path = VideoFilter.h; sourceTree = "<group>"; };
		B07D2B92150E0F7B003F4516 /* AudioFrame.cpp */ = {isa = PBXFileReference; fileEncoding = 4; lastKnownFileType = sourcecode.cpp.cpp; path = AudioFrame.cpp; sourceTree = "<group>"; };
		B07D2B93150E0F7B003F4516 /* AudioFrame.h */ = {isa = PBXFileReference; fileEncoding = 4; lastKnownFileType = sourcecode.c.h; path = AudioFrame.h; sourceTree = "<group>"; };
		B07D2B94150E0F7B003F4516 /* AudioSample.cpp */ = {isa = PBXFileReference; fileEncoding = 4; lastKnownFileType = sourcecode.cpp.cpp; path = AudioSample.cpp; sourceTree = "<group>"; };
		B07D2B95150E0F7B003F4516 /* AudioSample.h */ = {isa = PBXFileReference; fileEncoding = 4; lastKnownFileType = sourcecode.c.h; path = AudioSample.h; sourceTree = "<group>"; };
		B07D2B97150E0F7B003F4516 /* BaseEnvelope.h */ = {isa = PBXFileReference; fileEncoding = 4; lastKnownFileType = sourcecode.c.h; path = BaseEnvelope.h; sourceTree = "<group>"; };
		B07D2B98150E0F7B003F4516 /* RaisedCosineBellEnvelope.h */ = {isa = PBXFileReference; fileEncoding = 4; lastKnownFileType = sourcecode.c.h; path = RaisedCosineBellEnvelope.h; sourceTree = "<group>"; };
		B07D2B99150E0F7B003F4516 /* Frame.cpp */ = {isa = PBXFileReference; fileEncoding = 4; lastKnownFileType = sourcecode.cpp.cpp; path = Frame.cpp; sourceTree = "<group>"; };
		B07D2B9A150E0F7B003F4516 /* Frame.h */ = {isa = PBXFileReference; fileEncoding = 4; lastKnownFileType = sourcecode.c.h; path = Frame.h; sourceTree = "<group>"; };
		B07D2B9B150E0F7B003F4516 /* VideoFrame.cpp */ = {isa = PBXFileReference; fileEncoding = 4; lastKnownFileType = sourcecode.cpp.cpp; path = VideoFrame.cpp; sourceTree = "<group>"; };
		B07D2B9C150E0F7B003F4516 /* VideoFrame.h */ = {isa = PBXFileReference; fileEncoding = 4; lastKnownFileType = sourcecode.c.h; path = VideoFrame.h; sourceTree = "<group>"; };
		B07D2B9E150E0F7B003F4516 /* AudioGrabber.cpp */ = {isa = PBXFileReference; fileEncoding = 4; lastKnownFileType = sourcecode.cpp.cpp; path = AudioGrabber.cpp; sourceTree = "<group>"; };
		B07D2B9F150E0F7B003F4516 /* AudioGrabber.h */ = {isa = PBXFileReference; fileEncoding = 4; lastKnownFileType = sourcecode.c.h; path = AudioGrabber.h; sourceTree = "<group>"; };
		B07D2BA0150E0F7B003F4516 /* FileGrabber.cpp */ = {isa = PBXFileReference; fileEncoding = 4; lastKnownFileType = sourcecode.cpp.cpp; path = FileGrabber.cpp; sourceTree = "<group>"; };
		B07D2BA1150E0F7B003F4516 /* FileGrabber.h */ = {isa = PBXFileReference; fileEncoding = 4; lastKnownFileType = sourcecode.c.h; path = FileGrabber.h; sourceTree = "<group>"; };
		B07D2BA2150E0F7B003F4516 /* VideoGrabber.cpp */ = {isa = PBXFileReference; fileEncoding = 4; lastKnownFileType = sourcecode.cpp.cpp; path = VideoGrabber.cpp; sourceTree = "<group>"; };
		B07D2BA3150E0F7B003F4516 /* VideoGrabber.h */ = {isa = PBXFileReference; fileEncoding = 4; lastKnownFileType = sourcecode.c.h; path = VideoGrabber.h; sourceTree = "<group>"; };
		B07D2BA5150E0F7B003F4516 /* ofxOscEventsReceiver.cpp */ = {isa = PBXFileReference; fileEncoding = 4; lastKnownFileType = sourcecode.cpp.cpp; path = ofxOscEventsReceiver.cpp; sourceTree = "<group>"; };
		B07D2BA6150E0F7B003F4516 /* ofxOscEventsReceiver.h */ = {isa = PBXFileReference; fileEncoding = 4; lastKnownFileType = sourcecode.c.h; path = ofxOscEventsReceiver.h; sourceTree = "<group>"; };
		B07D2BA7150E0F7B003F4516 /* ofxPlaymodes.h */ = {isa = PBXFileReference; fileEncoding = 4; lastKnownFileType = sourcecode.c.h; path = ofxPlaymodes.h; sourceTree = "<group>"; };
		B07D2BA9150E0F7B003F4516 /* OscInterface.cpp */ = {isa = PBXFileReference; fileEncoding = 4; lastKnownFileType = sourcecode.cpp.cpp; path = OscInterface.cpp; sourceTree = "<group>"; };
		B07D2BAA150E0F7B003F4516 /* OscInterface.h */ = {isa = PBXFileReference; fileEncoding = 4; lastKnownFileType = sourcecode.c.h; path = OscInterface.h; sourceTree = "<group>"; };
		B07D2BAD150E0F7B003F4516 /* AudioSink.cpp */ = {isa = PBXFileReference; fileEncoding = 4; lastKnownFileType = sourcecode.cpp.cpp; path = AudioSink.cpp; sourceTree = "<group>"; };
		B07D2BAE150E0F7B003F4516 /* AudioSink.h */ = {isa = PBXFileReference; fileEncoding = 4; lastKnownFileType = sourcecode.c.h; path = AudioSink.h; sourceTree = "<group>"; };
		B07D2BAF150E0F7B003F4516 /* AudioSource.cpp */ = {isa = PBXFileReference; fileEncoding = 4; lastKnownFileType = sourcecode.cpp.cpp; path = AudioSource.cpp; sourceTree = "<group>"; };
		B07D2BB0150E0F7B003F4516 /* AudioSource.h */ = {isa = PBXFileReference; fileEncoding = 4; lastKnownFileType = sourcecode.c.h; path = AudioSource.h; sourceTree = "<group>"; };
		B07D2BB2150E0F7B003F4516 /* VideoSink.cpp */ = {isa = PBXFileReference; fileEncoding = 4; lastKnownFileType = sourcecode.cpp.cpp; path = VideoSink.cpp; sourceTree = "<group>"; };
		B07D2BB3150E0F7B003F4516 /* VideoSink.h */ = {isa = PBXFileReference; fileEncoding = 4; lastKnownFileType = sourcecode.c.h; path = VideoSink.h; sourceTree = "<group>"; };
		B07D2BB4150E0F7B003F4516 /* VideoSource.cpp */ = {isa = PBXFileReference; fileEncoding = 4; lastKnownFileType = sourcecode.cpp.cpp; path = VideoSource.cpp; sourceTree = "<group>"; };
		B07D2BB5150E0F7B003F4516 /* VideoSource.h */ = {isa = PBXFileReference; fileEncoding = 4; lastKnownFileType = sourcecode.c.h; path = VideoSource.h; sourceTree = "<group>"; };
		B07D2BB7150E0F7B003F4516 /* AudioRenderer.cpp */ = {isa = PBXFileReference; fileEncoding = 4; lastKnownFileType = sourcecode.cpp.cpp; path = AudioRenderer.cpp; sourceTree = "<group>"; };
		B07D2BB8150E0F7B003F4516 /* AudioRenderer.h */ = {isa = PBXFileReference; fileEncoding = 4; lastKnownFileType = sourcecode.c.h; path = AudioRenderer.h; sourceTree = "<group>"; };
		B07D2BB9150E0F7B003F4516 /* avLooperRenderer.cpp */ = {isa = PBXFileReference; fileEncoding = 4; lastKnownFileType = sourcecode.cpp.cpp; path = avLooperRenderer.cpp; sourceTree = "<group>"; };
		B07D2BBA150E0F7B003F4516 /* avLooperRenderer.h */ = {isa = PBXFileReference; fileEncoding = 4; lastKnownFileType = sourcecode.c.h; path = avLooperRenderer.h; sourceTree = "<group>"; };
		B07D2BBB150E0F7B003F4516 /* BasicVideoRenderer.cpp */ = {isa = PBXFileReference; fileEncoding = 4; lastKnownFileType = sourcecode.cpp.cpp; path = BasicVideoRenderer.cpp; sourceTree = "<group>"; };
		B07D2BBC150E0F7B003F4516 /* BasicVideoRenderer.h */ = {isa = PBXFileReference; fileEncoding = 4; lastKnownFileType = sourcecode.c.h; path = BasicVideoRenderer.h; sourceTree = "<group>"; };
		B07D2BBF150E0F7B003F4516 /* VideoRenderer.cpp */ = {isa = PBXFileReference; fileEncoding = 4; lastKnownFileType = sourcecode.cpp.cpp; path = VideoRenderer.cpp; sourceTree = "<group>"; };
		B07D2BC0150E0F7B003F4516 /* VideoRenderer.h */ = {isa = PBXFileReference; fileEncoding = 4; lastKnownFileType = sourcecode.c.h; path = VideoRenderer.h; sourceTree = "<group>"; };
		B07D2BC2150E0F7B003F4516 /* ofxObjCPointer.cpp */ = {isa = PBXFileReference; fileEncoding = 4; lastKnownFileType = sourcecode.cpp.cpp; path = ofxObjCPointer.cpp; sourceTree = "<group>"; };
		B07D2BC3150E0F7B003F4516 /* ofxObjCPointer.h */ = {isa = PBXFileReference; fileEncoding = 4; lastKnownFileType = sourcecode.c.h; path = ofxObjCPointer.h; sourceTree = "<group>"; };
		B07D2BC4150E0F7B003F4516 /* pmUtils.h */ = {isa = PBXFileReference; fileEncoding = 4; lastKnownFileType = sourcecode.c.h; path = pmUtils.h; sourceTree = "<group>"; };
		B07D2BC5150E0F7B003F4516 /* VideoFormat.h */ = {isa = PBXFileReference; fileEncoding = 4; lastKnownFileType = sourcecode.c.h; path = VideoFormat.h; sourceTree = "<group>"; };
		B09599DA14F1B0D20095D524 /* install.xml */ = {isa = PBXFileReference; fileEncoding = 4; lastKnownFileType = text.xml; path = install.xml; sourceTree = "<group>"; };
		B09599DF14F1B0D20095D524 /* IpEndpointName.h */ = {isa = PBXFileReference; fileEncoding = 4; lastKnownFileType = sourcecode.c.h; path = IpEndpointName.h; sourceTree = "<group>"; };
		B09599E014F1B0D20095D524 /* NetworkingUtils.h */ = {isa = PBXFileReference; fileEncoding = 4; lastKnownFileType = sourcecode.c.h; path = NetworkingUtils.h; sourceTree = "<group>"; };
		B09599E114F1B0D20095D524 /* PacketListener.h */ = {isa = PBXFileReference; fileEncoding = 4; lastKnownFileType = sourcecode.c.h; path = PacketListener.h; sourceTree = "<group>"; };
		B09599E214F1B0D20095D524 /* TimerListener.h */ = {isa = PBXFileReference; fileEncoding = 4; lastKnownFileType = sourcecode.c.h; path = TimerListener.h; sourceTree = "<group>"; };
		B09599E314F1B0D20095D524 /* UdpSocket.h */ = {isa = PBXFileReference; fileEncoding = 4; lastKnownFileType = sourcecode.c.h; path = UdpSocket.h; sourceTree = "<group>"; };
		B09599E514F1B0D20095D524 /* MessageMappingOscPacketListener.h */ = {isa = PBXFileReference; fileEncoding = 4; lastKnownFileType = sourcecode.c.h; path = MessageMappingOscPacketListener.h; sourceTree = "<group>"; };
		B09599E614F1B0D20095D524 /* OscException.h */ = {isa = PBXFileReference; fileEncoding = 4; lastKnownFileType = sourcecode.c.h; path = OscException.h; sourceTree = "<group>"; };
		B09599E714F1B0D20095D524 /* OscHostEndianness.h */ = {isa = PBXFileReference; fileEncoding = 4; lastKnownFileType = sourcecode.c.h; path = OscHostEndianness.h; sourceTree = "<group>"; };
		B09599E814F1B0D20095D524 /* OscOutboundPacketStream.h */ = {isa = PBXFileReference; fileEncoding = 4; lastKnownFileType = sourcecode.c.h; path = OscOutboundPacketStream.h; sourceTree = "<group>"; };
		B09599E914F1B0D20095D524 /* OscPacketListener.h */ = {isa = PBXFileReference; fileEncoding = 4; lastKnownFileType = sourcecode.c.h; path = OscPacketListener.h; sourceTree = "<group>"; };
		B09599EA14F1B0D20095D524 /* OscPrintReceivedElements.h */ = {isa = PBXFileReference; fileEncoding = 4; lastKnownFileType = sourcecode.c.h; path = OscPrintReceivedElements.h; sourceTree = "<group>"; };
		B09599EB14F1B0D20095D524 /* OscReceivedElements.h */ = {isa = PBXFileReference; fileEncoding = 4; lastKnownFileType = sourcecode.c.h; path = OscReceivedElements.h; sourceTree = "<group>"; };
		B09599EC14F1B0D20095D524 /* OscTypes.h */ = {isa = PBXFileReference; fileEncoding = 4; lastKnownFileType = sourcecode.c.h; path = OscTypes.h; sourceTree = "<group>"; };
		B09599F014F1B0D20095D524 /* liboscpack.a */ = {isa = PBXFileReference; lastKnownFileType = archive.ar; path = liboscpack.a; sourceTree = "<group>"; };
		B09599F114F1B0D20095D524 /* liboscpack.a */ = {isa = PBXFileReference; lastKnownFileType = archive.ar; path = liboscpack.a; sourceTree = "<group>"; };
		B09599F314F1B0D20095D524 /* osc.a */ = {isa = PBXFileReference; lastKnownFileType = archive.ar; path = osc.a; sourceTree = "<group>"; };
		B09599F514F1B0D20095D524 /* liboscpack.a */ = {isa = PBXFileReference; lastKnownFileType = archive.ar; path = liboscpack.a; sourceTree = "<group>"; };
		B09599F714F1B0D20095D524 /* liboscpack.a */ = {isa = PBXFileReference; lastKnownFileType = archive.ar; path = liboscpack.a; sourceTree = "<group>"; };
		B09599F914F1B0D20095D524 /* osc.a */ = {isa = PBXFileReference; lastKnownFileType = archive.ar; path = osc.a; sourceTree = "<group>"; };
		B09599FB14F1B0D20095D524 /* oscpack.lib */ = {isa = PBXFileReference; lastKnownFileType = archive.ar; path = oscpack.lib; sourceTree = "<group>"; };
		B09599FC14F1B0D20095D524 /* oscpackd.lib */ = {isa = PBXFileReference; lastKnownFileType = archive.ar; path = oscpackd.lib; sourceTree = "<group>"; };
		B09599FE14F1B0D20095D524 /* oscpack.a */ = {isa = PBXFileReference; lastKnownFileType = archive.ar; path = oscpack.a; sourceTree = "<group>"; };
		B0959A0014F1B0D20095D524 /* ofxOsc.h */ = {isa = PBXFileReference; fileEncoding = 4; lastKnownFileType = sourcecode.c.h; path = ofxOsc.h; sourceTree = "<group>"; };
		B0959A0114F1B0D20095D524 /* ofxOscArg.h */ = {isa = PBXFileReference; fileEncoding = 4; lastKnownFileType = sourcecode.c.h; path = ofxOscArg.h; sourceTree = "<group>"; };
		B0959A0214F1B0D20095D524 /* ofxOscBundle.cpp */ = {isa = PBXFileReference; fileEncoding = 4; lastKnownFileType = sourcecode.cpp.cpp; path = ofxOscBundle.cpp; sourceTree = "<group>"; };
		B0959A0314F1B0D20095D524 /* ofxOscBundle.h */ = {isa = PBXFileReference; fileEncoding = 4; lastKnownFileType = sourcecode.c.h; path = ofxOscBundle.h; sourceTree = "<group>"; };
		B0959A0414F1B0D20095D524 /* ofxOscMessage.cpp */ = {isa = PBXFileReference; fileEncoding = 4; lastKnownFileType = sourcecode.cpp.cpp; path = ofxOscMessage.cpp; sourceTree = "<group>"; };
		B0959A0514F1B0D20095D524 /* ofxOscMessage.h */ = {isa = PBXFileReference; fileEncoding = 4; lastKnownFileType = sourcecode.c.h; path = ofxOscMessage.h; sourceTree = "<group>"; };
		B0959A0614F1B0D20095D524 /* ofxOscReceiver.cpp */ = {isa = PBXFileReference; fileEncoding = 4; lastKnownFileType = sourcecode.cpp.cpp; path = ofxOscReceiver.cpp; sourceTree = "<group>"; };
		B0959A0714F1B0D20095D524 /* ofxOscReceiver.h */ = {isa = PBXFileReference; fileEncoding = 4; lastKnownFileType = sourcecode.c.h; path = ofxOscReceiver.h; sourceTree = "<group>"; };
		B0959A0814F1B0D20095D524 /* ofxOscSender.cpp */ = {isa = PBXFileReference; fileEncoding = 4; lastKnownFileType = sourcecode.cpp.cpp; path = ofxOscSender.cpp; sourceTree = "<group>"; };
		B0959A0914F1B0D20095D524 /* ofxOscSender.h */ = {isa = PBXFileReference; fileEncoding = 4; lastKnownFileType = sourcecode.c.h; path = ofxOscSender.h; sourceTree = "<group>"; };
		BBAB23BE13894E4700AA2426 /* GLUT.framework */ = {isa = PBXFileReference; lastKnownFileType = wrapper.framework; name = GLUT.framework; path = ../../../libs/glut/lib/osx/GLUT.framework; sourceTree = "<group>"; };
		E4328143138ABC890047C5CB /* openFrameworksLib.xcodeproj */ = {isa = PBXFileReference; lastKnownFileType = "wrapper.pb-project"; name = openFrameworksLib.xcodeproj; path = ../../../libs/openFrameworksCompiled/project/osx/openFrameworksLib.xcodeproj; sourceTree = SOURCE_ROOT; };
		E45BE9710E8CC7DD009D7055 /* AGL.framework */ = {isa = PBXFileReference; lastKnownFileType = wrapper.framework; name = AGL.framework; path = /System/Library/Frameworks/AGL.framework; sourceTree = "<absolute>"; };
		E45BE9720E8CC7DD009D7055 /* ApplicationServices.framework */ = {isa = PBXFileReference; lastKnownFileType = wrapper.framework; name = ApplicationServices.framework; path = /System/Library/Frameworks/ApplicationServices.framework; sourceTree = "<absolute>"; };
		E45BE9730E8CC7DD009D7055 /* AudioToolbox.framework */ = {isa = PBXFileReference; lastKnownFileType = wrapper.framework; name = AudioToolbox.framework; path = /System/Library/Frameworks/AudioToolbox.framework; sourceTree = "<absolute>"; };
		E45BE9740E8CC7DD009D7055 /* Carbon.framework */ = {isa = PBXFileReference; lastKnownFileType = wrapper.framework; name = Carbon.framework; path = /System/Library/Frameworks/Carbon.framework; sourceTree = "<absolute>"; };
		E45BE9750E8CC7DD009D7055 /* CoreAudio.framework */ = {isa = PBXFileReference; lastKnownFileType = wrapper.framework; name = CoreAudio.framework; path = /System/Library/Frameworks/CoreAudio.framework; sourceTree = "<absolute>"; };
		E45BE9760E8CC7DD009D7055 /* CoreFoundation.framework */ = {isa = PBXFileReference; lastKnownFileType = wrapper.framework; name = CoreFoundation.framework; path = /System/Library/Frameworks/CoreFoundation.framework; sourceTree = "<absolute>"; };
		E45BE9770E8CC7DD009D7055 /* CoreServices.framework */ = {isa = PBXFileReference; lastKnownFileType = wrapper.framework; name = CoreServices.framework; path = /System/Library/Frameworks/CoreServices.framework; sourceTree = "<absolute>"; };
		E45BE9790E8CC7DD009D7055 /* OpenGL.framework */ = {isa = PBXFileReference; lastKnownFileType = wrapper.framework; name = OpenGL.framework; path = /System/Library/Frameworks/OpenGL.framework; sourceTree = "<absolute>"; };
		E45BE97A0E8CC7DD009D7055 /* QuickTime.framework */ = {isa = PBXFileReference; lastKnownFileType = wrapper.framework; name = QuickTime.framework; path = /System/Library/Frameworks/QuickTime.framework; sourceTree = "<absolute>"; };
		E4B69B5B0A3A1756003C02F2 /* pm2av_01Debug.app */ = {isa = PBXFileReference; explicitFileType = wrapper.application; includeInIndex = 0; path = pm2av_01Debug.app; sourceTree = BUILT_PRODUCTS_DIR; };
		E4B69E1D0A3A1BDC003C02F2 /* main.cpp */ = {isa = PBXFileReference; fileEncoding = 30; lastKnownFileType = sourcecode.cpp.cpp; name = main.cpp; path = src/main.cpp; sourceTree = SOURCE_ROOT; };
		E4B69E1E0A3A1BDC003C02F2 /* testApp.cpp */ = {isa = PBXFileReference; explicitFileType = sourcecode.cpp.cpp; fileEncoding = 30; name = testApp.cpp; path = src/testApp.cpp; sourceTree = SOURCE_ROOT; };
		E4B69E1F0A3A1BDC003C02F2 /* testApp.h */ = {isa = PBXFileReference; fileEncoding = 30; lastKnownFileType = sourcecode.c.h; name = testApp.h; path = src/testApp.h; sourceTree = SOURCE_ROOT; };
		E4B6FCAD0C3E899E008CF71C /* openFrameworks-Info.plist */ = {isa = PBXFileReference; fileEncoding = 30; lastKnownFileType = text.plist.xml; path = "openFrameworks-Info.plist"; sourceTree = "<group>"; };
		E4C2424410CC5A17004149E2 /* AppKit.framework */ = {isa = PBXFileReference; lastKnownFileType = wrapper.framework; name = AppKit.framework; path = /System/Library/Frameworks/AppKit.framework; sourceTree = "<absolute>"; };
		E4C2424510CC5A17004149E2 /* Cocoa.framework */ = {isa = PBXFileReference; lastKnownFileType = wrapper.framework; name = Cocoa.framework; path = /System/Library/Frameworks/Cocoa.framework; sourceTree = "<absolute>"; };
		E4C2424610CC5A17004149E2 /* IOKit.framework */ = {isa = PBXFileReference; lastKnownFileType = wrapper.framework; name = IOKit.framework; path = /System/Library/Frameworks/IOKit.framework; sourceTree = "<absolute>"; };
		E4EB691F138AFCF100A09F29 /* CoreOF.xcconfig */ = {isa = PBXFileReference; fileEncoding = 4; lastKnownFileType = text.xcconfig; name = CoreOF.xcconfig; path = ../../../libs/openFrameworksCompiled/project/osx/CoreOF.xcconfig; sourceTree = SOURCE_ROOT; };
		E4EB6923138AFD0F00A09F29 /* Project.xcconfig */ = {isa = PBXFileReference; fileEncoding = 4; lastKnownFileType = text.xcconfig; path = Project.xcconfig; sourceTree = "<group>"; };
/* End PBXFileReference section */

/* Begin PBXFrameworksBuildPhase section */
		E4B69B590A3A1756003C02F2 /* Frameworks */ = {
			isa = PBXFrameworksBuildPhase;
			buildActionMask = 2147483647;
			files = (
				E4EB6799138ADC1D00A09F29 /* GLUT.framework in Frameworks */,
				E4328149138ABC9F0047C5CB /* openFrameworks.a in Frameworks */,
				E45BE97B0E8CC7DD009D7055 /* AGL.framework in Frameworks */,
				E45BE97C0E8CC7DD009D7055 /* ApplicationServices.framework in Frameworks */,
				E45BE97D0E8CC7DD009D7055 /* AudioToolbox.framework in Frameworks */,
				E45BE97E0E8CC7DD009D7055 /* Carbon.framework in Frameworks */,
				E45BE97F0E8CC7DD009D7055 /* CoreAudio.framework in Frameworks */,
				E45BE9800E8CC7DD009D7055 /* CoreFoundation.framework in Frameworks */,
				E45BE9810E8CC7DD009D7055 /* CoreServices.framework in Frameworks */,
				E45BE9830E8CC7DD009D7055 /* OpenGL.framework in Frameworks */,
				E45BE9840E8CC7DD009D7055 /* QuickTime.framework in Frameworks */,
				E4C2424710CC5A17004149E2 /* AppKit.framework in Frameworks */,
				E4C2424810CC5A17004149E2 /* Cocoa.framework in Frameworks */,
				E4C2424910CC5A17004149E2 /* IOKit.framework in Frameworks */,
				B0959A0A14F1B0D20095D524 /* liboscpack.a in Frameworks */,
				B0959A0B14F1B0D20095D524 /* liboscpack.a in Frameworks */,
				B0959A0C14F1B0D20095D524 /* osc.a in Frameworks */,
				B0959A0D14F1B0D20095D524 /* liboscpack.a in Frameworks */,
				B0959A0E14F1B0D20095D524 /* liboscpack.a in Frameworks */,
				B0959A0F14F1B0D20095D524 /* osc.a in Frameworks */,
				B0959A1014F1B0D20095D524 /* oscpack.lib in Frameworks */,
				B0959A1114F1B0D30095D524 /* oscpackd.lib in Frameworks */,
				B0959A1214F1B0D30095D524 /* oscpack.a in Frameworks */,
			);
			runOnlyForDeploymentPostprocessing = 0;
		};
/* End PBXFrameworksBuildPhase section */

/* Begin PBXGroup section */
		B02F43B7154006A300D3D812 /* ofxMSAInteractiveObject */ = {
			isa = PBXGroup;
			children = (
				B02F43C3154006A300D3D812 /* src */,
			);
			name = ofxMSAInteractiveObject;
			path = ../../../addons/ofxMSAInteractiveObject;
			sourceTree = SOURCE_ROOT;
		};
		B02F43C3154006A300D3D812 /* src */ = {
			isa = PBXGroup;
			children = (
				B02F43C4154006A300D3D812 /* ofxMSAInteractiveObject.cpp */,
				B02F43C5154006A300D3D812 /* ofxMSAInteractiveObject.h */,
			);
			path = src;
			sourceTree = "<group>";
		};
		B02F43C6154006A300D3D812 /* ofxSimpleGuiToo */ = {
			isa = PBXGroup;
			children = (
				B02F43CA154006A300D3D812 /* src */,
			);
			name = ofxSimpleGuiToo;
			path = ../../../addons/ofxSimpleGuiToo;
			sourceTree = SOURCE_ROOT;
		};
		B02F43CA154006A300D3D812 /* src */ = {
			isa = PBXGroup;
			children = (
				B02F43CE154006A300D3D812 /* Controls */,
				B02F43E6154006A300D3D812 /* ofxSimpleGuiConfig.cpp */,
				B02F43E7154006A300D3D812 /* ofxSimpleGuiConfig.h */,
				B02F43E8154006A300D3D812 /* ofxSimpleGuiControl.cpp */,
				B02F43E9154006A300D3D812 /* ofxSimpleGuiControl.h */,
				B02F43EA154006A300D3D812 /* ofxSimpleGuiIncludes.h */,
				B02F43EB154006A300D3D812 /* ofxSimpleGuiPage.cpp */,
				B02F43EC154006A300D3D812 /* ofxSimpleGuiPage.h */,
				B02F43ED154006A300D3D812 /* ofxSimpleGuiTimeCode.cpp */,
				B02F43EE154006A300D3D812 /* ofxSimpleGuiTimeCode.h */,
				B02F43EF154006A300D3D812 /* ofxSimpleGuiToo.cpp */,
				B02F43F0154006A300D3D812 /* ofxSimpleGuiToo.h */,
				B02F43F1154006A300D3D812 /* ofxSimpleGuiValueControl.cpp */,
				B02F43F2154006A300D3D812 /* ofxSimpleGuiValueControl.h */,
			);
			path = src;
			sourceTree = "<group>";
		};
		B02F43CE154006A300D3D812 /* Controls */ = {
			isa = PBXGroup;
			children = (
				B02F43CF154006A300D3D812 /* ofxSimpleGuiButton.cpp */,
				B02F43D0154006A300D3D812 /* ofxSimpleGuiButton.h */,
				B02F43D1154006A300D3D812 /* ofxSimpleGuiColorPicker.cpp */,
				B02F43D2154006A300D3D812 /* ofxSimpleGuiColorPicker.h */,
				B02F43D3154006A300D3D812 /* ofxSimpleGuiComboBox.cpp */,
				B02F43D4154006A300D3D812 /* ofxSimpleGuiComboBox.h */,
				B02F43D5154006A300D3D812 /* ofxSimpleGuiContent.cpp */,
				B02F43D6154006A300D3D812 /* ofxSimpleGuiContent.h */,
				B02F43D7154006A300D3D812 /* ofxSimpleGuiFPSCounter.cpp */,
				B02F43D8154006A300D3D812 /* ofxSimpleGuiFPSCounter.h */,
				B02F43D9154006A300D3D812 /* ofxSimpleGuiMovieSlider.cpp */,
				B02F43DA154006A300D3D812 /* ofxSimpleGuiMovieSlider.h */,
				B02F43DB154006A300D3D812 /* ofxSimpleGuiQuadWarp.cpp */,
				B02F43DC154006A300D3D812 /* ofxSimpleGuiQuadWarp.h */,
				B02F43DD154006A300D3D812 /* ofxSimpleGuiSlider2d.cpp */,
				B02F43DE154006A300D3D812 /* ofxSimpleGuiSlider2d.h */,
				B02F43DF154006A300D3D812 /* ofxSimpleGuiSliderBase.h */,
				B02F43E0154006A300D3D812 /* ofxSimpleGuiSliderFloat.h */,
				B02F43E1154006A300D3D812 /* ofxSimpleGuiSliderInt.h */,
				B02F43E2154006A300D3D812 /* ofxSimpleGuiTitle.cpp */,
				B02F43E3154006A300D3D812 /* ofxSimpleGuiTitle.h */,
				B02F43E4154006A300D3D812 /* ofxSimpleGuiToggle.cpp */,
				B02F43E5154006A300D3D812 /* ofxSimpleGuiToggle.h */,
			);
			path = Controls;
			sourceTree = "<group>";
		};
		B02F440C154006E500D3D812 /* ofxXmlSettings */ = {
			isa = PBXGroup;
			children = (
				B02F440D154006E500D3D812 /* install.xml */,
				B02F440E154006E500D3D812 /* libs */,
				B02F4413154006E500D3D812 /* src */,
			);
			name = ofxXmlSettings;
			path = ../../../addons/ofxXmlSettings;
			sourceTree = SOURCE_ROOT;
		};
		B02F440E154006E500D3D812 /* libs */ = {
			isa = PBXGroup;
			children = (
				B02F440F154006E500D3D812 /* tinyxml.cpp */,
				B02F4410154006E500D3D812 /* tinyxml.h */,
				B02F4411154006E500D3D812 /* tinyxmlerror.cpp */,
				B02F4412154006E500D3D812 /* tinyxmlparser.cpp */,
			);
			path = libs;
			sourceTree = "<group>";
		};
		B02F4413154006E500D3D812 /* src */ = {
			isa = PBXGroup;
			children = (
				B02F4414154006E500D3D812 /* ofxXmlSettings.cpp */,
				B02F4415154006E500D3D812 /* ofxXmlSettings.h */,
			);
			path = src;
			sourceTree = "<group>";
		};
		B07D2B33150E0F7B003F4516 /* ofxPlaymodes */ = {
			isa = PBXGroup;
			children = (
				B07D2B7D150E0F7B003F4516 /* src */,
			);
			name = ofxPlaymodes;
			path = ../../../addons/ofxPlaymodes;
			sourceTree = SOURCE_ROOT;
		};
		B07D2B7D150E0F7B003F4516 /* src */ = {
			isa = PBXGroup;
			children = (
				B07D2B7E150E0F7B003F4516 /* AVHeaders */,
				B07D2B85150E0F7B003F4516 /* buffers */,
				B07D2B8E150E0F7B003F4516 /* filters */,
				B07D2B91150E0F7B003F4516 /* frames */,
				B07D2B9D150E0F7B003F4516 /* grabbers */,
				B07D2BA4150E0F7B003F4516 /* ofxOscEvents */,
				B07D2BA7150E0F7B003F4516 /* ofxPlaymodes.h */,
				B07D2BA8150E0F7B003F4516 /* oscControl */,
				B07D2BAB150E0F7B003F4516 /* pipeline */,
				B07D2BB6150E0F7B003F4516 /* renderers */,
				B07D2BC1150E0F7B003F4516 /* utils */,
			);
			path = src;
			sourceTree = "<group>";
		};
		B07D2B7E150E0F7B003F4516 /* AVHeaders */ = {
			isa = PBXGroup;
			children = (
				B07D2B81150E0F7B003F4516 /* AudioHeaderSample.cpp */,
				B07D2B82150E0F7B003F4516 /* AudioHeaderSample.h */,
				B07D2B83150E0F7B003F4516 /* VideoHeader.cpp */,
				B07D2B84150E0F7B003F4516 /* VideoHeader.h */,
			);
			path = AVHeaders;
			sourceTree = "<group>";
		};
		B07D2B85150E0F7B003F4516 /* buffers */ = {
			isa = PBXGroup;
			children = (
				B0663C4815265B7C00A6B65B /* AudioBufferSamplesMarker.cpp */,
				B0663C4915265B7C00A6B65B /* AudioBufferSamplesMarker.h */,
				B07D2B88150E0F7B003F4516 /* AudioBufferSamples.cpp */,
				B07D2B89150E0F7B003F4516 /* AudioBufferSamples.h */,
				B07D2B8A150E0F7B003F4516 /* Buffer.cpp */,
				B07D2B8B150E0F7B003F4516 /* Buffer.h */,
				B07D2B8C150E0F7B003F4516 /* VideoBuffer.cpp */,
				B07D2B8D150E0F7B003F4516 /* VideoBuffer.h */,
			);
			path = buffers;
			sourceTree = "<group>";
		};
		B07D2B8E150E0F7B003F4516 /* filters */ = {
			isa = PBXGroup;
			children = (
				B07D2B8F150E0F7B003F4516 /* VideoFilter.cpp */,
				B07D2B90150E0F7B003F4516 /* VideoFilter.h */,
			);
			path = filters;
			sourceTree = "<group>";
		};
		B07D2B91150E0F7B003F4516 /* frames */ = {
			isa = PBXGroup;
			children = (
				B07D2B92150E0F7B003F4516 /* AudioFrame.cpp */,
				B07D2B93150E0F7B003F4516 /* AudioFrame.h */,
				B07D2B94150E0F7B003F4516 /* AudioSample.cpp */,
				B07D2B95150E0F7B003F4516 /* AudioSample.h */,
				B07D2B96150E0F7B003F4516 /* envelopes */,
				B07D2B99150E0F7B003F4516 /* Frame.cpp */,
				B07D2B9A150E0F7B003F4516 /* Frame.h */,
				B07D2B9B150E0F7B003F4516 /* VideoFrame.cpp */,
				B07D2B9C150E0F7B003F4516 /* VideoFrame.h */,
			);
			path = frames;
			sourceTree = "<group>";
		};
		B07D2B96150E0F7B003F4516 /* envelopes */ = {
			isa = PBXGroup;
			children = (
				B07D2B97150E0F7B003F4516 /* BaseEnvelope.h */,
				B07D2B98150E0F7B003F4516 /* RaisedCosineBellEnvelope.h */,
			);
			path = envelopes;
			sourceTree = "<group>";
		};
		B07D2B9D150E0F7B003F4516 /* grabbers */ = {
			isa = PBXGroup;
			children = (
				B07D2B9E150E0F7B003F4516 /* AudioGrabber.cpp */,
				B07D2B9F150E0F7B003F4516 /* AudioGrabber.h */,
				B07D2BA0150E0F7B003F4516 /* FileGrabber.cpp */,
				B07D2BA1150E0F7B003F4516 /* FileGrabber.h */,
				B07D2BA2150E0F7B003F4516 /* VideoGrabber.cpp */,
				B07D2BA3150E0F7B003F4516 /* VideoGrabber.h */,
			);
			path = grabbers;
			sourceTree = "<group>";
		};
		B07D2BA4150E0F7B003F4516 /* ofxOscEvents */ = {
			isa = PBXGroup;
			children = (
				B07D2BA5150E0F7B003F4516 /* ofxOscEventsReceiver.cpp */,
				B07D2BA6150E0F7B003F4516 /* ofxOscEventsReceiver.h */,
			);
			path = ofxOscEvents;
			sourceTree = "<group>";
		};
		B07D2BA8150E0F7B003F4516 /* oscControl */ = {
			isa = PBXGroup;
			children = (
				B07D2BA9150E0F7B003F4516 /* OscInterface.cpp */,
				B07D2BAA150E0F7B003F4516 /* OscInterface.h */,
			);
			path = oscControl;
			sourceTree = "<group>";
		};
		B07D2BAB150E0F7B003F4516 /* pipeline */ = {
			isa = PBXGroup;
			children = (
				B07D2BAC150E0F7B003F4516 /* audio */,
				B07D2BB1150E0F7B003F4516 /* video */,
			);
			path = pipeline;
			sourceTree = "<group>";
		};
		B07D2BAC150E0F7B003F4516 /* audio */ = {
			isa = PBXGroup;
			children = (
				B07D2BAD150E0F7B003F4516 /* AudioSink.cpp */,
				B07D2BAE150E0F7B003F4516 /* AudioSink.h */,
				B07D2BAF150E0F7B003F4516 /* AudioSource.cpp */,
				B07D2BB0150E0F7B003F4516 /* AudioSource.h */,
			);
			path = audio;
			sourceTree = "<group>";
		};
		B07D2BB1150E0F7B003F4516 /* video */ = {
			isa = PBXGroup;
			children = (
				B07D2BB2150E0F7B003F4516 /* VideoSink.cpp */,
				B07D2BB3150E0F7B003F4516 /* VideoSink.h */,
				B07D2BB4150E0F7B003F4516 /* VideoSource.cpp */,
				B07D2BB5150E0F7B003F4516 /* VideoSource.h */,
			);
			path = video;
			sourceTree = "<group>";
		};
		B07D2BB6150E0F7B003F4516 /* renderers */ = {
			isa = PBXGroup;
			children = (
				B07D2BB7150E0F7B003F4516 /* AudioRenderer.cpp */,
				B07D2BB8150E0F7B003F4516 /* AudioRenderer.h */,
				B07D2BB9150E0F7B003F4516 /* avLooperRenderer.cpp */,
				B07D2BBA150E0F7B003F4516 /* avLooperRenderer.h */,
				B07D2BBB150E0F7B003F4516 /* BasicVideoRenderer.cpp */,
				B07D2BBC150E0F7B003F4516 /* BasicVideoRenderer.h */,
				B07D2BBF150E0F7B003F4516 /* VideoRenderer.cpp */,
				B07D2BC0150E0F7B003F4516 /* VideoRenderer.h */,
			);
			path = renderers;
			sourceTree = "<group>";
		};
		B07D2BC1150E0F7B003F4516 /* utils */ = {
			isa = PBXGroup;
			children = (
				B07D2BC2150E0F7B003F4516 /* ofxObjCPointer.cpp */,
				B07D2BC3150E0F7B003F4516 /* ofxObjCPointer.h */,
				B07D2BC4150E0F7B003F4516 /* pmUtils.h */,
				B07D2BC5150E0F7B003F4516 /* VideoFormat.h */,
			);
			path = utils;
			sourceTree = "<group>";
		};
		B09599D914F1B0D20095D524 /* ofxOsc */ = {
			isa = PBXGroup;
			children = (
				B09599DA14F1B0D20095D524 /* install.xml */,
				B09599DB14F1B0D20095D524 /* libs */,
				B09599FF14F1B0D20095D524 /* src */,
			);
			name = ofxOsc;
			path = ../../../addons/ofxOsc;
			sourceTree = SOURCE_ROOT;
		};
		B09599DB14F1B0D20095D524 /* libs */ = {
			isa = PBXGroup;
			children = (
				B09599DC14F1B0D20095D524 /* oscpack */,
			);
			path = libs;
			sourceTree = "<group>";
		};
		B09599DC14F1B0D20095D524 /* oscpack */ = {
			isa = PBXGroup;
			children = (
				B09599DD14F1B0D20095D524 /* include */,
				B09599ED14F1B0D20095D524 /* lib */,
			);
			path = oscpack;
			sourceTree = "<group>";
		};
		B09599DD14F1B0D20095D524 /* include */ = {
			isa = PBXGroup;
			children = (
				B09599DE14F1B0D20095D524 /* ip */,
				B09599E414F1B0D20095D524 /* osc */,
			);
			path = include;
			sourceTree = "<group>";
		};
		B09599DE14F1B0D20095D524 /* ip */ = {
			isa = PBXGroup;
			children = (
				B09599DF14F1B0D20095D524 /* IpEndpointName.h */,
				B09599E014F1B0D20095D524 /* NetworkingUtils.h */,
				B09599E114F1B0D20095D524 /* PacketListener.h */,
				B09599E214F1B0D20095D524 /* TimerListener.h */,
				B09599E314F1B0D20095D524 /* UdpSocket.h */,
			);
			path = ip;
			sourceTree = "<group>";
		};
		B09599E414F1B0D20095D524 /* osc */ = {
			isa = PBXGroup;
			children = (
				B09599E514F1B0D20095D524 /* MessageMappingOscPacketListener.h */,
				B09599E614F1B0D20095D524 /* OscException.h */,
				B09599E714F1B0D20095D524 /* OscHostEndianness.h */,
				B09599E814F1B0D20095D524 /* OscOutboundPacketStream.h */,
				B09599E914F1B0D20095D524 /* OscPacketListener.h */,
				B09599EA14F1B0D20095D524 /* OscPrintReceivedElements.h */,
				B09599EB14F1B0D20095D524 /* OscReceivedElements.h */,
				B09599EC14F1B0D20095D524 /* OscTypes.h */,
			);
			path = osc;
			sourceTree = "<group>";
		};
		B09599ED14F1B0D20095D524 /* lib */ = {
			isa = PBXGroup;
			children = (
				B09599EE14F1B0D20095D524 /* android */,
				B09599F214F1B0D20095D524 /* iphone */,
				B09599F414F1B0D20095D524 /* linux */,
				B09599F614F1B0D20095D524 /* linux64 */,
				B09599F814F1B0D20095D524 /* osx */,
				B09599FA14F1B0D20095D524 /* vs2010 */,
				B09599FD14F1B0D20095D524 /* win_cb */,
			);
			path = lib;
			sourceTree = "<group>";
		};
		B09599EE14F1B0D20095D524 /* android */ = {
			isa = PBXGroup;
			children = (
				B09599EF14F1B0D20095D524 /* arm7 */,
				B09599F114F1B0D20095D524 /* liboscpack.a */,
			);
			path = android;
			sourceTree = "<group>";
		};
		B09599EF14F1B0D20095D524 /* arm7 */ = {
			isa = PBXGroup;
			children = (
				B09599F014F1B0D20095D524 /* liboscpack.a */,
			);
			path = arm7;
			sourceTree = "<group>";
		};
		B09599F214F1B0D20095D524 /* iphone */ = {
			isa = PBXGroup;
			children = (
				B09599F314F1B0D20095D524 /* osc.a */,
			);
			path = iphone;
			sourceTree = "<group>";
		};
		B09599F414F1B0D20095D524 /* linux */ = {
			isa = PBXGroup;
			children = (
				B09599F514F1B0D20095D524 /* liboscpack.a */,
			);
			path = linux;
			sourceTree = "<group>";
		};
		B09599F614F1B0D20095D524 /* linux64 */ = {
			isa = PBXGroup;
			children = (
				B09599F714F1B0D20095D524 /* liboscpack.a */,
			);
			path = linux64;
			sourceTree = "<group>";
		};
		B09599F814F1B0D20095D524 /* osx */ = {
			isa = PBXGroup;
			children = (
				B09599F914F1B0D20095D524 /* osc.a */,
			);
			path = osx;
			sourceTree = "<group>";
		};
		B09599FA14F1B0D20095D524 /* vs2010 */ = {
			isa = PBXGroup;
			children = (
				B09599FB14F1B0D20095D524 /* oscpack.lib */,
				B09599FC14F1B0D20095D524 /* oscpackd.lib */,
			);
			path = vs2010;
			sourceTree = "<group>";
		};
		B09599FD14F1B0D20095D524 /* win_cb */ = {
			isa = PBXGroup;
			children = (
				B09599FE14F1B0D20095D524 /* oscpack.a */,
			);
			path = win_cb;
			sourceTree = "<group>";
		};
		B09599FF14F1B0D20095D524 /* src */ = {
			isa = PBXGroup;
			children = (
				B0959A0014F1B0D20095D524 /* ofxOsc.h */,
				B0959A0114F1B0D20095D524 /* ofxOscArg.h */,
				B0959A0214F1B0D20095D524 /* ofxOscBundle.cpp */,
				B0959A0314F1B0D20095D524 /* ofxOscBundle.h */,
				B0959A0414F1B0D20095D524 /* ofxOscMessage.cpp */,
				B0959A0514F1B0D20095D524 /* ofxOscMessage.h */,
				B0959A0614F1B0D20095D524 /* ofxOscReceiver.cpp */,
				B0959A0714F1B0D20095D524 /* ofxOscReceiver.h */,
				B0959A0814F1B0D20095D524 /* ofxOscSender.cpp */,
				B0959A0914F1B0D20095D524 /* ofxOscSender.h */,
			);
			path = src;
			sourceTree = "<group>";
		};
		BB4B014C10F69532006C3DED /* addons */ = {
			isa = PBXGroup;
			children = (
				B02F440C154006E500D3D812 /* ofxXmlSettings */,
				B02F43B7154006A300D3D812 /* ofxMSAInteractiveObject */,
				B02F43C6154006A300D3D812 /* ofxSimpleGuiToo */,
				B07D2B33150E0F7B003F4516 /* ofxPlaymodes */,
				B09599D914F1B0D20095D524 /* ofxOsc */,
			);
			name = addons;
			sourceTree = "<group>";
		};
		BBAB23C913894ECA00AA2426 /* system frameworks */ = {
			isa = PBXGroup;
			children = (
				E4C2424410CC5A17004149E2 /* AppKit.framework */,
				E4C2424510CC5A17004149E2 /* Cocoa.framework */,
				E4C2424610CC5A17004149E2 /* IOKit.framework */,
				E45BE9710E8CC7DD009D7055 /* AGL.framework */,
				E45BE9720E8CC7DD009D7055 /* ApplicationServices.framework */,
				E45BE9730E8CC7DD009D7055 /* AudioToolbox.framework */,
				E45BE9740E8CC7DD009D7055 /* Carbon.framework */,
				E45BE9750E8CC7DD009D7055 /* CoreAudio.framework */,
				E45BE9760E8CC7DD009D7055 /* CoreFoundation.framework */,
				E45BE9770E8CC7DD009D7055 /* CoreServices.framework */,
				E45BE9790E8CC7DD009D7055 /* OpenGL.framework */,
				E45BE97A0E8CC7DD009D7055 /* QuickTime.framework */,
			);
			name = "system frameworks";
			sourceTree = "<group>";
		};
		BBAB23CA13894EDB00AA2426 /* 3rd party frameworks */ = {
			isa = PBXGroup;
			children = (
				BBAB23BE13894E4700AA2426 /* GLUT.framework */,
			);
			name = "3rd party frameworks";
			sourceTree = "<group>";
		};
		E4328144138ABC890047C5CB /* Products */ = {
			isa = PBXGroup;
			children = (
				E4328148138ABC890047C5CB /* openFrameworks.a */,
			);
			name = Products;
			sourceTree = "<group>";
		};
		E45BE5980E8CC70C009D7055 /* frameworks */ = {
			isa = PBXGroup;
			children = (
				BBAB23CA13894EDB00AA2426 /* 3rd party frameworks */,
				BBAB23C913894ECA00AA2426 /* system frameworks */,
			);
			name = frameworks;
			sourceTree = "<group>";
		};
		E4B69B4A0A3A1720003C02F2 = {
			isa = PBXGroup;
			children = (
				E4EEC9E9138DF44700A80321 /* openFrameworks */,
				E4B6FCAD0C3E899E008CF71C /* openFrameworks-Info.plist */,
				E4EB6923138AFD0F00A09F29 /* Project.xcconfig */,
				E4B69E1C0A3A1BDC003C02F2 /* src */,
				BB4B014C10F69532006C3DED /* addons */,
				E45BE5980E8CC70C009D7055 /* frameworks */,
				E4B69B5B0A3A1756003C02F2 /* pm2av_01Debug.app */,
			);
			sourceTree = "<group>";
		};
		E4B69E1C0A3A1BDC003C02F2 /* src */ = {
			isa = PBXGroup;
			children = (
				E4B69E1D0A3A1BDC003C02F2 /* main.cpp */,
				E4B69E1E0A3A1BDC003C02F2 /* testApp.cpp */,
				E4B69E1F0A3A1BDC003C02F2 /* testApp.h */,
			);
			path = src;
			sourceTree = SOURCE_ROOT;
		};
		E4EEC9E9138DF44700A80321 /* openFrameworks */ = {
			isa = PBXGroup;
			children = (
				E4EB691F138AFCF100A09F29 /* CoreOF.xcconfig */,
				E4328143138ABC890047C5CB /* openFrameworksLib.xcodeproj */,
			);
			name = openFrameworks;
			sourceTree = "<group>";
		};
/* End PBXGroup section */

/* Begin PBXNativeTarget section */
		E4B69B5A0A3A1756003C02F2 /* pm2av_01 */ = {
			isa = PBXNativeTarget;
			buildConfigurationList = E4B69B5F0A3A1757003C02F2 /* Build configuration list for PBXNativeTarget "pm2av_01" */;
			buildPhases = (
				E4B69B580A3A1756003C02F2 /* Sources */,
				E4B69B590A3A1756003C02F2 /* Frameworks */,
				E4B6FFFD0C3F9AB9008CF71C /* ShellScript */,
				E4C2427710CC5ABF004149E2 /* CopyFiles */,
			);
			buildRules = (
			);
			dependencies = (
				E4EEB9AC138B136A00A80321 /* PBXTargetDependency */,
			);
			name = pm2av_01;
			productName = myOFApp;
			productReference = E4B69B5B0A3A1756003C02F2 /* pm2av_01Debug.app */;
			productType = "com.apple.product-type.application";
		};
/* End PBXNativeTarget section */

/* Begin PBXProject section */
		E4B69B4C0A3A1720003C02F2 /* Project object */ = {
			isa = PBXProject;
			buildConfigurationList = E4B69B4D0A3A1720003C02F2 /* Build configuration list for PBXProject "ofxPlaymodes2012-3-av" */;
			compatibilityVersion = "Xcode 2.4";
			developmentRegion = English;
			hasScannedForEncodings = 0;
			knownRegions = (
				English,
				Japanese,
				French,
				German,
			);
			mainGroup = E4B69B4A0A3A1720003C02F2;
			productRefGroup = E4B69B4A0A3A1720003C02F2;
			projectDirPath = "";
			projectReferences = (
				{
					ProductGroup = E4328144138ABC890047C5CB /* Products */;
					ProjectRef = E4328143138ABC890047C5CB /* openFrameworksLib.xcodeproj */;
				},
			);
			projectRoot = "";
			targets = (
				E4B69B5A0A3A1756003C02F2 /* pm2av_01 */,
			);
		};
/* End PBXProject section */

/* Begin PBXReferenceProxy section */
		E4328148138ABC890047C5CB /* openFrameworks.a */ = {
			isa = PBXReferenceProxy;
			fileType = archive.ar;
			path = openFrameworks.a;
			remoteRef = E4328147138ABC890047C5CB /* PBXContainerItemProxy */;
			sourceTree = BUILT_PRODUCTS_DIR;
		};
/* End PBXReferenceProxy section */

/* Begin PBXShellScriptBuildPhase section */
		E4B6FFFD0C3F9AB9008CF71C /* ShellScript */ = {
			isa = PBXShellScriptBuildPhase;
			buildActionMask = 2147483647;
			files = (
			);
			inputPaths = (
			);
			outputPaths = (
			);
			runOnlyForDeploymentPostprocessing = 0;
			shellPath = /bin/sh;
			shellScript = "cp -f ../../../libs/fmodex/lib/osx/libfmodex.dylib \"$TARGET_BUILD_DIR/$PRODUCT_NAME.app/Contents/MacOS/libfmodex.dylib\"; install_name_tool -change ./libfmodex.dylib @executable_path/libfmodex.dylib \"$TARGET_BUILD_DIR/$PRODUCT_NAME.app/Contents/MacOS/$PRODUCT_NAME\";";
		};
/* End PBXShellScriptBuildPhase section */

/* Begin PBXSourcesBuildPhase section */
		E4B69B580A3A1756003C02F2 /* Sources */ = {
			isa = PBXSourcesBuildPhase;
			buildActionMask = 2147483647;
			files = (
				E4B69E200A3A1BDC003C02F2 /* main.cpp in Sources */,
				E4B69E210A3A1BDC003C02F2 /* testApp.cpp in Sources */,
				B0959A1314F1B0D30095D524 /* ofxOscBundle.cpp in Sources */,
				B0959A1414F1B0D30095D524 /* ofxOscMessage.cpp in Sources */,
				B0959A1514F1B0D30095D524 /* ofxOscReceiver.cpp in Sources */,
				B0959A1614F1B0D30095D524 /* ofxOscSender.cpp in Sources */,
				B07D2BD7150E0F7B003F4516 /* AudioHeaderSample.cpp in Sources */,
				B07D2BD8150E0F7B003F4516 /* VideoHeader.cpp in Sources */,
				B07D2BDA150E0F7B003F4516 /* AudioBufferSamples.cpp in Sources */,
				B07D2BDB150E0F7B003F4516 /* Buffer.cpp in Sources */,
				B07D2BDC150E0F7B003F4516 /* VideoBuffer.cpp in Sources */,
				B07D2BDD150E0F7B003F4516 /* VideoFilter.cpp in Sources */,
				B07D2BDE150E0F7B003F4516 /* AudioFrame.cpp in Sources */,
				B07D2BDF150E0F7B003F4516 /* AudioSample.cpp in Sources */,
				B07D2BE0150E0F7B003F4516 /* Frame.cpp in Sources */,
				B07D2BE1150E0F7B003F4516 /* VideoFrame.cpp in Sources */,
				B07D2BE2150E0F7B003F4516 /* AudioGrabber.cpp in Sources */,
				B07D2BE3150E0F7B003F4516 /* FileGrabber.cpp in Sources */,
				B07D2BE4150E0F7B003F4516 /* VideoGrabber.cpp in Sources */,
				B07D2BE5150E0F7B003F4516 /* ofxOscEventsReceiver.cpp in Sources */,
				B07D2BE6150E0F7B003F4516 /* OscInterface.cpp in Sources */,
				B07D2BE7150E0F7B003F4516 /* AudioSink.cpp in Sources */,
				B07D2BE8150E0F7B003F4516 /* AudioSource.cpp in Sources */,
				B07D2BE9150E0F7B003F4516 /* VideoSink.cpp in Sources */,
				B07D2BEA150E0F7B003F4516 /* VideoSource.cpp in Sources */,
				B07D2BEB150E0F7B003F4516 /* AudioRenderer.cpp in Sources */,
				B07D2BEC150E0F7B003F4516 /* avLooperRenderer.cpp in Sources */,
				B07D2BED150E0F7B003F4516 /* BasicVideoRenderer.cpp in Sources */,
				B07D2BEF150E0F7B003F4516 /* VideoRenderer.cpp in Sources */,
				B07D2BF0150E0F7B003F4516 /* ofxObjCPointer.cpp in Sources */,
				B0663C4A15265B7C00A6B65B /* AudioBufferSamplesMarker.cpp in Sources */,
				B02F43F5154006A300D3D812 /* ofxMSAInteractiveObject.cpp in Sources */,
				B02F43F7154006A300D3D812 /* ofxSimpleGuiButton.cpp in Sources */,
				B02F43F8154006A300D3D812 /* ofxSimpleGuiColorPicker.cpp in Sources */,
				B02F43F9154006A300D3D812 /* ofxSimpleGuiComboBox.cpp in Sources */,
				B02F43FA154006A300D3D812 /* ofxSimpleGuiContent.cpp in Sources */,
				B02F43FB154006A300D3D812 /* ofxSimpleGuiFPSCounter.cpp in Sources */,
				B02F43FC154006A300D3D812 /* ofxSimpleGuiMovieSlider.cpp in Sources */,
				B02F43FD154006A300D3D812 /* ofxSimpleGuiQuadWarp.cpp in Sources */,
				B02F43FE154006A300D3D812 /* ofxSimpleGuiSlider2d.cpp in Sources */,
				B02F43FF154006A300D3D812 /* ofxSimpleGuiTitle.cpp in Sources */,
				B02F4400154006A300D3D812 /* ofxSimpleGuiToggle.cpp in Sources */,
				B02F4401154006A300D3D812 /* ofxSimpleGuiConfig.cpp in Sources */,
				B02F4402154006A300D3D812 /* ofxSimpleGuiControl.cpp in Sources */,
				B02F4403154006A300D3D812 /* ofxSimpleGuiPage.cpp in Sources */,
				B02F4404154006A300D3D812 /* ofxSimpleGuiTimeCode.cpp in Sources */,
				B02F4405154006A300D3D812 /* ofxSimpleGuiToo.cpp in Sources */,
				B02F4406154006A300D3D812 /* ofxSimpleGuiValueControl.cpp in Sources */,
				B02F4416154006E500D3D812 /* tinyxml.cpp in Sources */,
				B02F4417154006E500D3D812 /* tinyxmlerror.cpp in Sources */,
				B02F4418154006E500D3D812 /* tinyxmlparser.cpp in Sources */,
				B02F4419154006E500D3D812 /* ofxXmlSettings.cpp in Sources */,
			);
			runOnlyForDeploymentPostprocessing = 0;
		};
/* End PBXSourcesBuildPhase section */

/* Begin PBXTargetDependency section */
		E4EEB9AC138B136A00A80321 /* PBXTargetDependency */ = {
			isa = PBXTargetDependency;
			name = openFrameworks;
			targetProxy = E4EEB9AB138B136A00A80321 /* PBXContainerItemProxy */;
		};
/* End PBXTargetDependency section */

/* Begin XCBuildConfiguration section */
		E4B69B4E0A3A1720003C02F2 /* Debug */ = {
			isa = XCBuildConfiguration;
			baseConfigurationReference = E4EB6923138AFD0F00A09F29 /* Project.xcconfig */;
			buildSettings = {
				ARCHS = "$(NATIVE_ARCH)";
				CONFIGURATION_BUILD_DIR = "$(SRCROOT)/bin/";
				COPY_PHASE_STRIP = NO;
				DEAD_CODE_STRIPPING = YES;
				GCC_AUTO_VECTORIZATION = YES;
				GCC_ENABLE_SSE3_EXTENSIONS = YES;
				GCC_ENABLE_SUPPLEMENTAL_SSE3_INSTRUCTIONS = YES;
				GCC_INLINES_ARE_PRIVATE_EXTERN = NO;
				GCC_MODEL_TUNING = G5;
				GCC_SYMBOLS_PRIVATE_EXTERN = NO;
				GCC_WARN_ABOUT_DEPRECATED_FUNCTIONS = NO;
				GCC_WARN_ABOUT_INVALID_OFFSETOF_MACRO = NO;
				GCC_WARN_ALLOW_INCOMPLETE_PROTOCOL = NO;
				GCC_WARN_UNINITIALIZED_AUTOS = NO;
				GCC_WARN_UNUSED_VALUE = NO;
				GCC_WARN_UNUSED_VARIABLE = NO;
				OTHER_CPLUSPLUSFLAGS = (
					"-D__MACOSX_CORE__",
					"-lpthread",
				);
			};
			name = Debug;
		};
		E4B69B4F0A3A1720003C02F2 /* Release */ = {
			isa = XCBuildConfiguration;
			baseConfigurationReference = E4EB6923138AFD0F00A09F29 /* Project.xcconfig */;
			buildSettings = {
				ARCHS = "$(NATIVE_ARCH)";
				CONFIGURATION_BUILD_DIR = "$(SRCROOT)/bin/";
				COPY_PHASE_STRIP = YES;
				DEAD_CODE_STRIPPING = YES;
				GCC_AUTO_VECTORIZATION = YES;
				GCC_ENABLE_SSE3_EXTENSIONS = YES;
				GCC_ENABLE_SUPPLEMENTAL_SSE3_INSTRUCTIONS = YES;
				GCC_INLINES_ARE_PRIVATE_EXTERN = NO;
				GCC_MODEL_TUNING = G5;
				GCC_OPTIMIZATION_LEVEL = 3;
				GCC_SYMBOLS_PRIVATE_EXTERN = NO;
				GCC_UNROLL_LOOPS = YES;
				GCC_WARN_ABOUT_DEPRECATED_FUNCTIONS = NO;
				GCC_WARN_ABOUT_INVALID_OFFSETOF_MACRO = NO;
				GCC_WARN_ALLOW_INCOMPLETE_PROTOCOL = NO;
				GCC_WARN_UNINITIALIZED_AUTOS = NO;
				GCC_WARN_UNUSED_VALUE = NO;
				GCC_WARN_UNUSED_VARIABLE = NO;
				OTHER_CPLUSPLUSFLAGS = (
					"-D__MACOSX_CORE__",
					"-lpthread",
				);
			};
			name = Release;
		};
		E4B69B600A3A1757003C02F2 /* Debug */ = {
			isa = XCBuildConfiguration;
			buildSettings = {
				COPY_PHASE_STRIP = NO;
				FRAMEWORK_SEARCH_PATHS = (
					"$(inherited)",
					"$(FRAMEWORK_SEARCH_PATHS_QUOTED_FOR_TARGET_1)",
				);
				FRAMEWORK_SEARCH_PATHS_QUOTED_FOR_TARGET_1 = "\"$(SRCROOT)/../../../libs/glut/lib/osx\"";
				GCC_DYNAMIC_NO_PIC = NO;
				GCC_ENABLE_FIX_AND_CONTINUE = YES;
				GCC_GENERATE_DEBUGGING_SYMBOLS = YES;
				GCC_MODEL_TUNING = G4;
				GCC_PRECOMPILE_PREFIX_HEADER = YES;
				GCC_PREFIX_HEADER = "$(SYSTEM_LIBRARY_DIR)/Frameworks/Carbon.framework/Headers/Carbon.h";
				INFOPLIST_FILE = "openFrameworks-Info.plist";
				INSTALL_PATH = "$(HOME)/Applications";
				LIBRARY_SEARCH_PATHS = (
					"$(inherited)",
					"$(LIBRARY_SEARCH_PATHS_QUOTED_FOR_TARGET_1)",
					"$(LIBRARY_SEARCH_PATHS_QUOTED_FOR_TARGET_2)",
					"$(LIBRARY_SEARCH_PATHS_QUOTED_FOR_TARGET_3)",
					"$(LIBRARY_SEARCH_PATHS_QUOTED_FOR_TARGET_4)",
					"$(LIBRARY_SEARCH_PATHS_QUOTED_FOR_TARGET_5)",
					"$(LIBRARY_SEARCH_PATHS_QUOTED_FOR_TARGET_6)",
					"$(LIBRARY_SEARCH_PATHS_QUOTED_FOR_TARGET_7)",
					"$(LIBRARY_SEARCH_PATHS_QUOTED_FOR_TARGET_8)",
					"$(LIBRARY_SEARCH_PATHS_QUOTED_FOR_TARGET_9)",
					"$(LIBRARY_SEARCH_PATHS_QUOTED_FOR_TARGET_10)",
					"$(LIBRARY_SEARCH_PATHS_QUOTED_FOR_TARGET_11)",
					"$(LIBRARY_SEARCH_PATHS_QUOTED_FOR_TARGET_12)",
					"$(LIBRARY_SEARCH_PATHS_QUOTED_FOR_TARGET_13)",
					"$(LIBRARY_SEARCH_PATHS_QUOTED_FOR_TARGET_14)",
					"$(LIBRARY_SEARCH_PATHS_QUOTED_FOR_TARGET_15)",
					"$(LIBRARY_SEARCH_PATHS_QUOTED_FOR_TARGET_2)",
					"$(LIBRARY_SEARCH_PATHS_QUOTED_FOR_TARGET_3)",
					"$(LIBRARY_SEARCH_PATHS_QUOTED_FOR_TARGET_7)",
					"$(LIBRARY_SEARCH_PATHS_QUOTED_FOR_TARGET_8)",
					"$(LIBRARY_SEARCH_PATHS_QUOTED_FOR_TARGET_9)",
					"$(LIBRARY_SEARCH_PATHS_QUOTED_FOR_TARGET_10)",
					"$(LIBRARY_SEARCH_PATHS_QUOTED_FOR_TARGET_11)",
					"$(LIBRARY_SEARCH_PATHS_QUOTED_FOR_TARGET_12)",
					"$(LIBRARY_SEARCH_PATHS_QUOTED_FOR_TARGET_13)",
					"$(LIBRARY_SEARCH_PATHS_QUOTED_FOR_TARGET_16)",
					"$(LIBRARY_SEARCH_PATHS_QUOTED_FOR_TARGET_17)",
					"$(LIBRARY_SEARCH_PATHS_QUOTED_FOR_TARGET_18)",
					"$(LIBRARY_SEARCH_PATHS_QUOTED_FOR_TARGET_19)",
					"$(LIBRARY_SEARCH_PATHS_QUOTED_FOR_TARGET_20)",
					"$(LIBRARY_SEARCH_PATHS_QUOTED_FOR_TARGET_21)",
					"$(LIBRARY_SEARCH_PATHS_QUOTED_FOR_TARGET_22)",
					"$(LIBRARY_SEARCH_PATHS_QUOTED_FOR_TARGET_23)",
					"$(LIBRARY_SEARCH_PATHS_QUOTED_FOR_TARGET_24)",
					"$(LIBRARY_SEARCH_PATHS_QUOTED_FOR_TARGET_25)",
					"$(LIBRARY_SEARCH_PATHS_QUOTED_FOR_TARGET_26)",
					"$(LIBRARY_SEARCH_PATHS_QUOTED_FOR_TARGET_27)",
					"$(LIBRARY_SEARCH_PATHS_QUOTED_FOR_TARGET_28)",
					"$(LIBRARY_SEARCH_PATHS_QUOTED_FOR_TARGET_29)",
					"$(LIBRARY_SEARCH_PATHS_QUOTED_FOR_TARGET_30)",
					"$(LIBRARY_SEARCH_PATHS_QUOTED_FOR_TARGET_31)",
					"$(LIBRARY_SEARCH_PATHS_QUOTED_FOR_TARGET_32)",
					"$(LIBRARY_SEARCH_PATHS_QUOTED_FOR_TARGET_33)",
					"$(LIBRARY_SEARCH_PATHS_QUOTED_FOR_TARGET_34)",
					"$(LIBRARY_SEARCH_PATHS_QUOTED_FOR_TARGET_35)",
					"$(LIBRARY_SEARCH_PATHS_QUOTED_FOR_TARGET_36)",
					"$(LIBRARY_SEARCH_PATHS_QUOTED_FOR_TARGET_37)",
					"$(LIBRARY_SEARCH_PATHS_QUOTED_FOR_TARGET_38)",
					"$(LIBRARY_SEARCH_PATHS_QUOTED_FOR_TARGET_39)",
					"$(LIBRARY_SEARCH_PATHS_QUOTED_FOR_TARGET_40)",
					"$(LIBRARY_SEARCH_PATHS_QUOTED_FOR_TARGET_41)",
					"$(LIBRARY_SEARCH_PATHS_QUOTED_FOR_TARGET_42)",
					"$(LIBRARY_SEARCH_PATHS_QUOTED_FOR_TARGET_43)",
					"$(LIBRARY_SEARCH_PATHS_QUOTED_FOR_TARGET_44)",
					"$(LIBRARY_SEARCH_PATHS_QUOTED_FOR_TARGET_45)",
					"$(LIBRARY_SEARCH_PATHS_QUOTED_FOR_TARGET_46)",
					"$(LIBRARY_SEARCH_PATHS_QUOTED_FOR_TARGET_47)",
					"$(LIBRARY_SEARCH_PATHS_QUOTED_FOR_TARGET_48)",
					"$(LIBRARY_SEARCH_PATHS_QUOTED_FOR_TARGET_49)",
					"$(LIBRARY_SEARCH_PATHS_QUOTED_FOR_TARGET_50)",
					"$(LIBRARY_SEARCH_PATHS_QUOTED_FOR_TARGET_51)",
					"$(LIBRARY_SEARCH_PATHS_QUOTED_FOR_TARGET_52)",
					"$(LIBRARY_SEARCH_PATHS_QUOTED_FOR_TARGET_1)",
					"$(LIBRARY_SEARCH_PATHS_QUOTED_FOR_TARGET_2)",
					"$(LIBRARY_SEARCH_PATHS_QUOTED_FOR_TARGET_3)",
					"$(LIBRARY_SEARCH_PATHS_QUOTED_FOR_TARGET_4)",
					"$(LIBRARY_SEARCH_PATHS_QUOTED_FOR_TARGET_5)",
					"$(LIBRARY_SEARCH_PATHS_QUOTED_FOR_TARGET_6)",
					"$(LIBRARY_SEARCH_PATHS_QUOTED_FOR_TARGET_7)",
					"$(LIBRARY_SEARCH_PATHS_QUOTED_FOR_TARGET_8)",
				);
				LIBRARY_SEARCH_PATHS_QUOTED_FOR_TARGET_1 = "\"$(SRCROOT)/../../../addons/ofxOsc/libs/oscpack/lib/android/arm7\"";
				LIBRARY_SEARCH_PATHS_QUOTED_FOR_TARGET_2 = "\"$(SRCROOT)/../../../addons/ofxOsc/libs/oscpack/lib/android\"";
				LIBRARY_SEARCH_PATHS_QUOTED_FOR_TARGET_3 = "\"$(SRCROOT)/../../../addons/ofxOsc/libs/oscpack/lib/iphone\"";
				LIBRARY_SEARCH_PATHS_QUOTED_FOR_TARGET_4 = "\"$(SRCROOT)/../../../addons/ofxOsc/libs/oscpack/lib/linux\"";
				LIBRARY_SEARCH_PATHS_QUOTED_FOR_TARGET_5 = "\"$(SRCROOT)/../../../addons/ofxOsc/libs/oscpack/lib/linux64\"";
				LIBRARY_SEARCH_PATHS_QUOTED_FOR_TARGET_6 = "\"$(SRCROOT)/../../../addons/ofxOsc/libs/oscpack/lib/osx\"";
				LIBRARY_SEARCH_PATHS_QUOTED_FOR_TARGET_7 = "\"$(SRCROOT)/../../../addons/ofxOsc/libs/oscpack/lib/vs2010\"";
				LIBRARY_SEARCH_PATHS_QUOTED_FOR_TARGET_8 = "\"$(SRCROOT)/../../../addons/ofxOsc/libs/oscpack/lib/win_cb\"";
				PREBINDING = NO;
				PRODUCT_NAME = "$(TARGET_NAME)Debug";
				WRAPPER_EXTENSION = app;
			};
			name = Debug;
		};
		E4B69B610A3A1757003C02F2 /* Release */ = {
			isa = XCBuildConfiguration;
			buildSettings = {
				COPY_PHASE_STRIP = YES;
				FRAMEWORK_SEARCH_PATHS = (
					"$(inherited)",
					"$(FRAMEWORK_SEARCH_PATHS_QUOTED_FOR_TARGET_1)",
				);
				FRAMEWORK_SEARCH_PATHS_QUOTED_FOR_TARGET_1 = "\"$(SRCROOT)/../../../libs/glut/lib/osx\"";
				GCC_ENABLE_FIX_AND_CONTINUE = NO;
				GCC_GENERATE_DEBUGGING_SYMBOLS = NO;
				GCC_MODEL_TUNING = G4;
				GCC_PRECOMPILE_PREFIX_HEADER = YES;
				GCC_PREFIX_HEADER = "$(SYSTEM_LIBRARY_DIR)/Frameworks/Carbon.framework/Headers/Carbon.h";
				INFOPLIST_FILE = "openFrameworks-Info.plist";
				INSTALL_PATH = "$(HOME)/Applications";
				LIBRARY_SEARCH_PATHS = (
					"$(inherited)",
					"$(LIBRARY_SEARCH_PATHS_QUOTED_FOR_TARGET_1)",
					"$(LIBRARY_SEARCH_PATHS_QUOTED_FOR_TARGET_2)",
					"$(LIBRARY_SEARCH_PATHS_QUOTED_FOR_TARGET_3)",
					"$(LIBRARY_SEARCH_PATHS_QUOTED_FOR_TARGET_4)",
					"$(LIBRARY_SEARCH_PATHS_QUOTED_FOR_TARGET_5)",
					"$(LIBRARY_SEARCH_PATHS_QUOTED_FOR_TARGET_6)",
					"$(LIBRARY_SEARCH_PATHS_QUOTED_FOR_TARGET_7)",
					"$(LIBRARY_SEARCH_PATHS_QUOTED_FOR_TARGET_8)",
					"$(LIBRARY_SEARCH_PATHS_QUOTED_FOR_TARGET_9)",
					"$(LIBRARY_SEARCH_PATHS_QUOTED_FOR_TARGET_10)",
					"$(LIBRARY_SEARCH_PATHS_QUOTED_FOR_TARGET_11)",
					"$(LIBRARY_SEARCH_PATHS_QUOTED_FOR_TARGET_12)",
					"$(LIBRARY_SEARCH_PATHS_QUOTED_FOR_TARGET_13)",
					"$(LIBRARY_SEARCH_PATHS_QUOTED_FOR_TARGET_14)",
					"$(LIBRARY_SEARCH_PATHS_QUOTED_FOR_TARGET_15)",
					"$(LIBRARY_SEARCH_PATHS_QUOTED_FOR_TARGET_2)",
					"$(LIBRARY_SEARCH_PATHS_QUOTED_1)",
					"$(LIBRARY_SEARCH_PATHS_QUOTED_FOR_TARGET_3)",
					"$(LIBRARY_SEARCH_PATHS_QUOTED_FOR_TARGET_7)",
					"$(LIBRARY_SEARCH_PATHS_QUOTED_FOR_TARGET_8)",
					"$(LIBRARY_SEARCH_PATHS_QUOTED_FOR_TARGET_9)",
					"$(LIBRARY_SEARCH_PATHS_QUOTED_FOR_TARGET_10)",
					"$(LIBRARY_SEARCH_PATHS_QUOTED_FOR_TARGET_11)",
					"$(LIBRARY_SEARCH_PATHS_QUOTED_FOR_TARGET_12)",
					"$(LIBRARY_SEARCH_PATHS_QUOTED_FOR_TARGET_13)",
					"$(LIBRARY_SEARCH_PATHS_QUOTED_FOR_TARGET_16)",
					"$(LIBRARY_SEARCH_PATHS_QUOTED_FOR_TARGET_17)",
					"$(LIBRARY_SEARCH_PATHS_QUOTED_FOR_TARGET_18)",
					"$(LIBRARY_SEARCH_PATHS_QUOTED_FOR_TARGET_19)",
					"$(LIBRARY_SEARCH_PATHS_QUOTED_FOR_TARGET_20)",
					"$(LIBRARY_SEARCH_PATHS_QUOTED_FOR_TARGET_21)",
					"$(LIBRARY_SEARCH_PATHS_QUOTED_FOR_TARGET_22)",
					"$(LIBRARY_SEARCH_PATHS_QUOTED_FOR_TARGET_23)",
					"$(LIBRARY_SEARCH_PATHS_QUOTED_FOR_TARGET_24)",
					"$(LIBRARY_SEARCH_PATHS_QUOTED_FOR_TARGET_25)",
					"$(LIBRARY_SEARCH_PATHS_QUOTED_FOR_TARGET_26)",
					"$(LIBRARY_SEARCH_PATHS_QUOTED_FOR_TARGET_27)",
					"$(LIBRARY_SEARCH_PATHS_QUOTED_FOR_TARGET_28)",
					"$(LIBRARY_SEARCH_PATHS_QUOTED_FOR_TARGET_29)",
					"$(LIBRARY_SEARCH_PATHS_QUOTED_FOR_TARGET_30)",
					"$(LIBRARY_SEARCH_PATHS_QUOTED_FOR_TARGET_31)",
					"$(LIBRARY_SEARCH_PATHS_QUOTED_FOR_TARGET_32)",
					"$(LIBRARY_SEARCH_PATHS_QUOTED_FOR_TARGET_33)",
					"$(LIBRARY_SEARCH_PATHS_QUOTED_FOR_TARGET_34)",
					"$(LIBRARY_SEARCH_PATHS_QUOTED_FOR_TARGET_35)",
					"$(LIBRARY_SEARCH_PATHS_QUOTED_FOR_TARGET_36)",
					"$(LIBRARY_SEARCH_PATHS_QUOTED_FOR_TARGET_37)",
					"$(LIBRARY_SEARCH_PATHS_QUOTED_FOR_TARGET_38)",
					"$(LIBRARY_SEARCH_PATHS_QUOTED_FOR_TARGET_39)",
					"$(LIBRARY_SEARCH_PATHS_QUOTED_FOR_TARGET_40)",
					"$(LIBRARY_SEARCH_PATHS_QUOTED_FOR_TARGET_41)",
					"$(LIBRARY_SEARCH_PATHS_QUOTED_FOR_TARGET_42)",
					"$(LIBRARY_SEARCH_PATHS_QUOTED_FOR_TARGET_43)",
					"$(LIBRARY_SEARCH_PATHS_QUOTED_FOR_TARGET_44)",
					"$(LIBRARY_SEARCH_PATHS_QUOTED_FOR_TARGET_45)",
					"$(LIBRARY_SEARCH_PATHS_QUOTED_FOR_TARGET_46)",
					"$(LIBRARY_SEARCH_PATHS_QUOTED_FOR_TARGET_47)",
					"$(LIBRARY_SEARCH_PATHS_QUOTED_FOR_TARGET_48)",
					"$(LIBRARY_SEARCH_PATHS_QUOTED_FOR_TARGET_49)",
					"$(LIBRARY_SEARCH_PATHS_QUOTED_FOR_TARGET_50)",
					"$(LIBRARY_SEARCH_PATHS_QUOTED_FOR_TARGET_51)",
					"$(LIBRARY_SEARCH_PATHS_QUOTED_FOR_TARGET_1)",
					"$(LIBRARY_SEARCH_PATHS_QUOTED_FOR_TARGET_2)",
					"$(LIBRARY_SEARCH_PATHS_QUOTED_FOR_TARGET_3)",
					"$(LIBRARY_SEARCH_PATHS_QUOTED_FOR_TARGET_4)",
					"$(LIBRARY_SEARCH_PATHS_QUOTED_FOR_TARGET_5)",
					"$(LIBRARY_SEARCH_PATHS_QUOTED_FOR_TARGET_6)",
					"$(LIBRARY_SEARCH_PATHS_QUOTED_FOR_TARGET_7)",
					"$(LIBRARY_SEARCH_PATHS_QUOTED_FOR_TARGET_8)",
				);
				LIBRARY_SEARCH_PATHS_QUOTED_FOR_TARGET_1 = "\"$(SRCROOT)/../../../addons/ofxOsc/libs/oscpack/lib/android/arm7\"";
				LIBRARY_SEARCH_PATHS_QUOTED_FOR_TARGET_2 = "\"$(SRCROOT)/../../../addons/ofxOsc/libs/oscpack/lib/android\"";
				LIBRARY_SEARCH_PATHS_QUOTED_FOR_TARGET_3 = "\"$(SRCROOT)/../../../addons/ofxOsc/libs/oscpack/lib/iphone\"";
				LIBRARY_SEARCH_PATHS_QUOTED_FOR_TARGET_4 = "\"$(SRCROOT)/../../../addons/ofxOsc/libs/oscpack/lib/linux\"";
				LIBRARY_SEARCH_PATHS_QUOTED_FOR_TARGET_5 = "\"$(SRCROOT)/../../../addons/ofxOsc/libs/oscpack/lib/linux64\"";
				LIBRARY_SEARCH_PATHS_QUOTED_FOR_TARGET_6 = "\"$(SRCROOT)/../../../addons/ofxOsc/libs/oscpack/lib/osx\"";
				LIBRARY_SEARCH_PATHS_QUOTED_FOR_TARGET_7 = "\"$(SRCROOT)/../../../addons/ofxOsc/libs/oscpack/lib/vs2010\"";
				LIBRARY_SEARCH_PATHS_QUOTED_FOR_TARGET_8 = "\"$(SRCROOT)/../../../addons/ofxOsc/libs/oscpack/lib/win_cb\"";
				PREBINDING = NO;
				PRODUCT_NAME = "$(TARGET_NAME)";
				WRAPPER_EXTENSION = app;
			};
			name = Release;
		};
/* End XCBuildConfiguration section */

/* Begin XCConfigurationList section */
		E4B69B4D0A3A1720003C02F2 /* Build configuration list for PBXProject "ofxPlaymodes2012-3-av" */ = {
			isa = XCConfigurationList;
			buildConfigurations = (
				E4B69B4E0A3A1720003C02F2 /* Debug */,
				E4B69B4F0A3A1720003C02F2 /* Release */,
			);
			defaultConfigurationIsVisible = 0;
			defaultConfigurationName = Release;
		};
		E4B69B5F0A3A1757003C02F2 /* Build configuration list for PBXNativeTarget "pm2av_01" */ = {
			isa = XCConfigurationList;
			buildConfigurations = (
				E4B69B600A3A1757003C02F2 /* Debug */,
				E4B69B610A3A1757003C02F2 /* Release */,
			);
			defaultConfigurationIsVisible = 0;
			defaultConfigurationName = Release;
		};
/* End XCConfigurationList section */
	};
	rootObject = E4B69B4C0A3A1720003C02F2 /* Project object */;
}
